# This file is generated by running "yarn install" inside your project.
# Manual changes might be lost - proceed with caution!

__metadata:
  version: 4

"@babel/runtime@npm:^7.1.2":
  version: 7.9.2
  resolution: "@babel/runtime@npm:7.9.2"
  dependencies:
    regenerator-runtime: ^0.13.4
  checksum: 2/50c65b4972e62ca260ff6f3f99cf2395585d7f7bcd947ee87d082c2926cb4f0c93c815d5e9071162e689a4d2ba4143ffd5b005893be860088689c963f34e50c8
  languageName: node
  linkType: hard

"@semantic-ui-react/event-stack@npm:^3.1.0":
  version: 3.1.1
  resolution: "@semantic-ui-react/event-stack@npm:3.1.1"
  dependencies:
    exenv: ^1.2.2
    prop-types: ^15.6.2
  peerDependencies:
    react: ^16.0.0
    react-dom: ^16.0.0
  checksum: 2/bd6de9e10a0d37fef4533cbeecc84399379efec04ce9b0b2d786e03a270736b7c807376a0abca77894f06742735057d6e5ec2d19dc8a5ab862397e43067ad093
  languageName: node
  linkType: hard

"@stardust-ui/react-component-event-listener@npm:~0.38.0":
  version: 0.38.0
  resolution: "@stardust-ui/react-component-event-listener@npm:0.38.0"
  dependencies:
    "@babel/runtime": ^7.1.2
    prop-types: ^15.7.2
  peerDependencies:
    react: ^16.8.0
    react-dom: ^16.8.0
  checksum: 2/bf41619a577c28f885121c3ff90eb76702f3688943a1faefc57eaa992c2d1117bbecd2b1f9200d96cb0ddc3e6dac922a53e26c19ae192d644f8a7d0ca8d46c32
  languageName: node
  linkType: hard

"@stardust-ui/react-component-ref@npm:~0.38.0":
  version: 0.38.0
  resolution: "@stardust-ui/react-component-ref@npm:0.38.0"
  dependencies:
    "@babel/runtime": ^7.1.2
    prop-types: ^15.7.2
    react-is: ^16.6.3
  peerDependencies:
    react: ^16.8.0
    react-dom: ^16.8.0
  checksum: 2/14020937ee431a36a66bc79e018dc9a62e81e472b1f3e2378a321271729c38668547df63441202872dcf13fe807c4e1a33c21c33b08ed23c77d08906e55a60e0
  languageName: node
  linkType: hard

"FiftyOne@workspace:.":
  version: 0.0.0-use.local
  resolution: "FiftyOne@workspace:."
  dependencies:
    semantic-ui-css: ^2.4.1
    semantic-ui-react: ^0.88.2
  languageName: unknown
  linkType: soft

"classnames@npm:^2.2.6":
  version: 2.2.6
  resolution: "classnames@npm:2.2.6"
  checksum: 2/490eaeca5931846737ffd33e472a701d268d5b8bc5717dd4cf108a127b06e86e05350e06799abbbe763a0e4c945b4217f6700b7ae00ddc703505682c370e5cf2
  languageName: node
  linkType: hard

"create-react-context@npm:^0.3.0":
  version: 0.3.0
  resolution: "create-react-context@npm:0.3.0"
  dependencies:
    gud: ^1.0.0
    warning: ^4.0.3
  peerDependencies:
    prop-types: ^15.0.0
    react: ^0.14.0 || ^15.0.0 || ^16.0.0
  checksum: 2/dfb153bbcfe44fb0b5d74e097f41fef382c9ea513084f604fea1759aea6683da0eef13b02ede2f0672c4eeacdd8efce0023935ca02909fcb2ae8be28b9aa63f5
  languageName: node
  linkType: hard

"deep-equal@npm:^1.1.1":
  version: 1.1.1
  resolution: "deep-equal@npm:1.1.1"
  dependencies:
    is-arguments: ^1.0.4
    is-date-object: ^1.0.1
    is-regex: ^1.0.4
    object-is: ^1.0.1
    object-keys: ^1.1.1
    regexp.prototype.flags: ^1.2.0
  checksum: 2/cc6a0009ce73a10230758d50795211fb3ceb7eb7f2cf8baed1c4a4cb2a06dc28857ce11e641c95ca9abb5edc1f1e86a4bb6bcffaadf9fe9d310c102d346d043b
  languageName: node
  linkType: hard

"define-properties@npm:^1.1.2, define-properties@npm:^1.1.3":
  version: 1.1.3
  resolution: "define-properties@npm:1.1.3"
  dependencies:
    object-keys: ^1.0.12
  checksum: 2/b69c48c1b1dacb61f0b1cea367707c3bb214e3c47818aff18e6f20a7f88cbfa33d4cbdfd9ff79e56faba95ddca3d78ff10fbf2f02ecfad6f3e13b256e76b1212
  languageName: node
  linkType: hard

"es-abstract@npm:^1.17.0-next.1, es-abstract@npm:^1.17.5":
  version: 1.17.5
  resolution: "es-abstract@npm:1.17.5"
  dependencies:
    es-to-primitive: ^1.2.1
    function-bind: ^1.1.1
    has: ^1.0.3
    has-symbols: ^1.0.1
    is-callable: ^1.1.5
    is-regex: ^1.0.5
    object-inspect: ^1.7.0
    object-keys: ^1.1.1
    object.assign: ^4.1.0
    string.prototype.trimleft: ^2.1.1
    string.prototype.trimright: ^2.1.1
  checksum: 2/83b0ce528072f37174182548d73e18d1b02fa6bddf0d675e81de77b23f4c6f4908f4d1bd5835fcae9f5d91051533afafd841482dafa21b111eaf52160a08b837
  languageName: node
  linkType: hard

"es-to-primitive@npm:^1.2.1":
  version: 1.2.1
  resolution: "es-to-primitive@npm:1.2.1"
  dependencies:
    is-callable: ^1.1.4
    is-date-object: ^1.0.1
    is-symbol: ^1.0.2
  checksum: 2/d20b7be268b84662469972ec7265a57d4d6a65b9bf2b73f040d75e14f9f6dbe266a1a88579162e11349f9cb70eaa17640efb515c90dab19745a904b680b14be3
  languageName: node
  linkType: hard

"exenv@npm:^1.2.2":
  version: 1.2.2
  resolution: "exenv@npm:1.2.2"
  checksum: 2/09fd080c0478739f0154916b73dea07f30f97972e1b3be3368d2b96d282d889b509f05e163d830e323c9ab1e94b0a293a9947b410651325df467c404f37f32f1
  languageName: node
  linkType: hard

"function-bind@npm:^1.1.1":
  version: 1.1.1
  resolution: "function-bind@npm:1.1.1"
  checksum: 2/ffad86e7d2010ba179aaa6a3987d2cc0ed48fa92d27f1ed84bfa06d14f77deeed5bfbae7f00bdebc0c54218392cab2b18ecc080e2c72f592431927b87a27d42b
  languageName: node
  linkType: hard

"gud@npm:^1.0.0":
  version: 1.0.0
  resolution: "gud@npm:1.0.0"
  checksum: 2/08be6bf30eb713b0e115a4676418b3805b739703956fd861710f59ce355c047102954e4d79172b180912d06794e8d94f702e9367ac6843c2fae40c8c726a4907
  languageName: node
  linkType: hard

"has-symbols@npm:^1.0.0, has-symbols@npm:^1.0.1":
  version: 1.0.1
  resolution: "has-symbols@npm:1.0.1"
  checksum: 2/84e2a03ada6f530f0c1ebea64df5932556ac20a4b78998f1f2b5dd0cf736843e8082c488b0ea7f08b9aec72fb6d8b736beed2fd62fac60dcaebfdc0b8d2aa7ac
  languageName: node
  linkType: hard

"has@npm:^1.0.3":
  version: 1.0.3
  resolution: "has@npm:1.0.3"
  dependencies:
    function-bind: ^1.1.1
  checksum: 2/c686e15300d41364486c099a9259d9c418022c294244843dcd712c4c286ff839d4f23a25413baa28c4d2c1e828afc2aaab70f685400b391533980223c71fa1ca
  languageName: node
  linkType: hard

"is-arguments@npm:^1.0.4":
  version: 1.0.4
  resolution: "is-arguments@npm:1.0.4"
  checksum: 2/a04bc21254cfbb77c934ec51165ef7629c12cabd2a92c2c4333280b5117f138fcec6369dd2ab7d8fe24e3af7dbc2a4ce389c53ed0b55b0f8818788c3c09f4ad2
  languageName: node
  linkType: hard

"is-callable@npm:^1.1.4, is-callable@npm:^1.1.5":
  version: 1.1.5
  resolution: "is-callable@npm:1.1.5"
  checksum: 2/e77885498dc68297933cfcf2b93da039936216a6423698dfbad33fdabd4e79f3298f30d505424e5f52d8acebc1223a1a0a0ab98435b92dbd55d7713be012719e
  languageName: node
  linkType: hard

"is-date-object@npm:^1.0.1":
  version: 1.0.2
  resolution: "is-date-object@npm:1.0.2"
  checksum: 2/0e322699464a99da638c8a583b74dfb791732b6bc9c102bc0b7ac6303d83c86b9935f19b8d2ed4de52092241190c8826b099cb31972dea49a99b755293c0b1cf
  languageName: node
  linkType: hard

"is-regex@npm:^1.0.4, is-regex@npm:^1.0.5":
  version: 1.0.5
  resolution: "is-regex@npm:1.0.5"
  dependencies:
    has: ^1.0.3
  checksum: 2/2f3b1fdb16044c6d1cc8d3a617cf1ff8637fe6958991e2805ba8eb01bdc76be6032ccd7fde12e81c39c5e70b0d556cdc7ba2a3a92f096d4e788f764bded2eca0
  languageName: node
  linkType: hard

"is-symbol@npm:^1.0.2":
  version: 1.0.3
  resolution: "is-symbol@npm:1.0.3"
  dependencies:
    has-symbols: ^1.0.1
  checksum: 2/753aa0cf95069387521b110c6646df4e0b5cce76cf604521c26b4f5d30a997a95036ed5930c0cca9e850ac6fccb04de551cc95aab71df471ee88e04ed1a96f21
  languageName: node
  linkType: hard

"jquery@npm:x.*":
  version: 3.5.0
  resolution: "jquery@npm:3.5.0"
  checksum: 2/f293887214e527d4f8959bad75ca8058aa970554b67887c541308130fb0f5a97db065b7d4e4649de6ab4b26dd738f3ce888c0bd8382df4194e2e80cfe620f220
  languageName: node
  linkType: hard

"js-tokens@npm:^3.0.0 || ^4.0.0":
  version: 4.0.0
  resolution: "js-tokens@npm:4.0.0"
  checksum: 2/1fc4e4667ac2d972aba65148b9cbf9c17566b2394d3504238d8492bbd3e68f496c657eab06b26b40b17db5cac0a34d153a12130e2d2d2bb6dc2cdc8a4764eb1b
  languageName: node
  linkType: hard

"keyboard-key@npm:^1.0.4":
  version: 1.1.0
  resolution: "keyboard-key@npm:1.1.0"
  checksum: 2/4b9ba48b995874334086531c6d264bcc899aa5fbe5cf41109f38fdfdd27466bbb951790d42fbcddb016cc671f6081eacda9570cd1513de185bcea6ed23669c83
  languageName: node
  linkType: hard

"lodash@npm:^4.17.15":
  version: 4.17.15
  resolution: "lodash@npm:4.17.15"
  checksum: 2/aec3fbb7570aa67bda500b8299b1b1821d60646bede87f76a74dfcc7666ab3445267d734ec71424d70809d52ad67a1356fab5ab694a3faa1908d68e9d48f00f5
  languageName: node
  linkType: hard

"loose-envify@npm:^1.0.0, loose-envify@npm:^1.4.0":
  version: 1.4.0
  resolution: "loose-envify@npm:1.4.0"
  dependencies:
    js-tokens: ^3.0.0 || ^4.0.0
  bin:
    loose-envify: cli.js
  checksum: 2/5c3b47bbe5f597a3889fb001a3a98aaea2a3fafa48089c19034de1e0121bf57dbee609d184478514d74d5c5a7e9cfa3d846343455e5123b060040d46c39e91dc
  languageName: node
  linkType: hard

"object-assign@npm:^4.1.1":
  version: 4.1.1
  resolution: "object-assign@npm:4.1.1"
  checksum: 2/66cf021898fc1b13ea573ea8635fbd5a76533f50cecbc2fcd5eee1e8029af41bcebe7023788b6d0e06cbe4401ecea075d972f78ec74467cdc571a0f1a4d1a081
  languageName: node
  linkType: hard

"object-inspect@npm:^1.7.0":
  version: 1.7.0
  resolution: "object-inspect@npm:1.7.0"
  checksum: 2/9f479ca1002fedbf4e1c5dec908477d1a7a2dd4466af0b4cf5886d269db54d8310544dfb7670a17a4c5d6a7a3dd3c346be38ea6b3541330551900a3134dec662
  languageName: node
  linkType: hard

"object-is@npm:^1.0.1":
  version: 1.1.2
  resolution: "object-is@npm:1.1.2"
  dependencies:
    define-properties: ^1.1.3
    es-abstract: ^1.17.5
  checksum: 2/9ea7df4475f250c968171fa142b6584bad4c65859af8cb50e06fa8168089ae47afb460776ab60fe5f3aea8ea3c97b30dd0b37d41e23106f2abcc7d6f982bec04
  languageName: node
  linkType: hard

"object-keys@npm:^1.0.11, object-keys@npm:^1.0.12, object-keys@npm:^1.1.1":
  version: 1.1.1
  resolution: "object-keys@npm:1.1.1"
  checksum: 2/30d72d768b7f3f42144cee517b80e70c40cf39bb76f100557ffac42779613c591780135c54d8133894a78d2c0ae817e24a5891484722c6019a5cd5b58c745c66
  languageName: node
  linkType: hard

"object.assign@npm:^4.1.0":
  version: 4.1.0
  resolution: "object.assign@npm:4.1.0"
  dependencies:
    define-properties: ^1.1.2
    function-bind: ^1.1.1
    has-symbols: ^1.0.0
    object-keys: ^1.0.11
  checksum: 2/92e20891ddf04d9974f7b178ae70d198727dcd638c8a5a422f07f730f40140c4fe02451cdc9c37e9f22392e5487b9162975003a9f20b16a87b9d13fe150cf62d
  languageName: node
  linkType: hard

"popper.js@npm:^1.14.4":
  version: 1.16.1
  resolution: "popper.js@npm:1.16.1"
  checksum: 2/eb53806fb7680e31c7d1db096f95438a40a7cb869f7ee0e27100c0860f11583a0d322606c6073618e7fe8865f834ec36482901b547256d9a0cf2b22434bca75d
  languageName: node
  linkType: hard

"prop-types@npm:^15.6.1, prop-types@npm:^15.6.2, prop-types@npm:^15.7.2":
  version: 15.7.2
  resolution: "prop-types@npm:15.7.2"
  dependencies:
    loose-envify: ^1.4.0
    object-assign: ^4.1.1
    react-is: ^16.8.1
  checksum: 2/a440dd406c5cf53bf39f3e898d2c65178511d34ca3c8c789b30c177992408b9e4273969726b274719aa69ccce5ab34b2fd8caa60b90f23cd2e910cdcf682de52
  languageName: node
  linkType: hard

"react-is@npm:^16.6.3, react-is@npm:^16.8.1, react-is@npm:^16.8.6":
  version: 16.13.1
  resolution: "react-is@npm:16.13.1"
  checksum: 2/11bcf1267a314a522615f626f3ce3727a3a24cdbf61c4d452add3550a7875326669631326cfb1ba3e92b6f72244c32ffecf93ad21c0cad8455d3e169d0e3f060
  languageName: node
  linkType: hard

"react-popper@npm:^1.3.4":
  version: 1.3.7
  resolution: "react-popper@npm:1.3.7"
  dependencies:
    "@babel/runtime": ^7.1.2
    create-react-context: ^0.3.0
    deep-equal: ^1.1.1
    popper.js: ^1.14.4
    prop-types: ^15.6.1
    typed-styles: ^0.0.7
    warning: ^4.0.2
  peerDependencies:
    react: 0.14.x || ^15.0.0 || ^16.0.0
  checksum: 2/09ef58054bd9d449283939af861cbb205aee771289884fa62e30a6927163fab53e865593c0e014364d807a8e219d9642be6d34ae58b1e4f2f0530ffc9b289e5a
  languageName: node
  linkType: hard

"regenerator-runtime@npm:^0.13.4":
  version: 0.13.5
  resolution: "regenerator-runtime@npm:0.13.5"
  checksum: 2/8d8ee0eca26e0491085033caf2b1b95379c4db21e38d79cde52bbd4014a3865eee26ec0f4f958682e8600f185f2f5dbcd8c6685b9b9261639767929c19b5bcd2
  languageName: node
  linkType: hard

"regexp.prototype.flags@npm:^1.2.0":
  version: 1.3.0
  resolution: "regexp.prototype.flags@npm:1.3.0"
  dependencies:
    define-properties: ^1.1.3
    es-abstract: ^1.17.0-next.1
  checksum: 2/468e19b3aed632653333741346cab170787b9bc79eecdfdd3d7ba5be26574c135edc2ce286d9d4154b635158c3c44f9614fca51cbf6d4d3f529ef89cf7e03908
  languageName: node
  linkType: hard

"semantic-ui-css@npm:^2.4.1":
  version: 2.4.1
  resolution: "semantic-ui-css@npm:2.4.1"
  dependencies:
    jquery: x.*
  checksum: 2/51eb2d50e7241d4ec8fb14a16ba3e19a9636b544d9698be5ad2f4dbbc7c9e64e67fd20b1f8b8ac1973e5b6921ddc373bced535984b1a5fc6402309dfddc57d00
  languageName: node
  linkType: hard

"semantic-ui-react@npm:^0.88.2":
  version: 0.88.2
  resolution: "semantic-ui-react@npm:0.88.2"
  dependencies:
    "@babel/runtime": ^7.1.2
    "@semantic-ui-react/event-stack": ^3.1.0
    "@stardust-ui/react-component-event-listener": ~0.38.0
    "@stardust-ui/react-component-ref": ~0.38.0
    classnames: ^2.2.6
    keyboard-key: ^1.0.4
    lodash: ^4.17.15
    prop-types: ^15.7.2
    react-is: ^16.8.6
    react-popper: ^1.3.4
    shallowequal: ^1.1.0
  peerDependencies:
    react: ^16.8.0
    react-dom: ^16.8.0
  checksum: 2/bbce7a9f63c3153023fb93f0a96c5db743abdcc4c7187aa50332ba560cbb3a793cb26588c2d5aa848b3964f71a65b8e0eabc3f19bd3c197af09ce0faadbb56cd
  languageName: node
  linkType: hard

"shallowequal@npm:^1.1.0":
  version: 1.1.0
  resolution: "shallowequal@npm:1.1.0"
  checksum: 2/15820dd544ce15521565c366940a46dcbe0f093c1336f6259c7b3e2490ca10135645ee262778f555d3ccc38283207f2f0a41e9a0f26888b5d5159f2904c4ac68
  languageName: node
  linkType: hard

"string.prototype.trimend@npm:^1.0.0":
  version: 1.0.1
  resolution: "string.prototype.trimend@npm:1.0.1"
  dependencies:
    define-properties: ^1.1.3
    es-abstract: ^1.17.5
  checksum: 2/93046463de6a3b4ae27d0622ae8795239c8d372b1be1a60122fce591bf7578b719becf00bf04326642a868bc6185f35901119b61a246509dd0dc0666b2a803ed
  languageName: node
  linkType: hard

"string.prototype.trimleft@npm:^2.1.1":
  version: 2.1.2
  resolution: "string.prototype.trimleft@npm:2.1.2"
  dependencies:
    define-properties: ^1.1.3
    es-abstract: ^1.17.5
    string.prototype.trimstart: ^1.0.0
  checksum: 2/c0b749c23b0f8621b1901e6aed83c1338af8fb5293a367e4b1065667e00ab07aa5248f19a6f5b9cb85f01c686987e0378153c066cd6901c3ea9a71d1133daaba
  languageName: node
  linkType: hard

"string.prototype.trimright@npm:^2.1.1":
  version: 2.1.2
  resolution: "string.prototype.trimright@npm:2.1.2"
  dependencies:
    define-properties: ^1.1.3
    es-abstract: ^1.17.5
    string.prototype.trimend: ^1.0.0
  checksum: 2/2c7b83c4cf487646d56ec7cd5d24dab112a0c34409b79d2fec4db111fb492ebeac507d993e228451eb56589e24b4c4cdfdcf335ff38bad85e0c34a94a74b7f6b
  languageName: node
  linkType: hard

"string.prototype.trimstart@npm:^1.0.0":
  version: 1.0.1
  resolution: "string.prototype.trimstart@npm:1.0.1"
  dependencies:
    define-properties: ^1.1.3
    es-abstract: ^1.17.5
  checksum: 2/20c4a940f1ba65b0aa5abf0c319dceba4fbf04d24553583b0b82eba2711815d1e40663ce36175ed06475701dbe797cac81be1ec1dc4bb4416b2077e8b0409036
  languageName: node
  linkType: hard

"typed-styles@npm:^0.0.7":
  version: 0.0.7
  resolution: "typed-styles@npm:0.0.7"
  checksum: 2/4988d78dafc45bc0ad73393f767c7958aabe121a9310d5c864ad6e064fd8bc049ac9a16ca2b411640e94cc95f8af3a67c78771f5eab5c211fcb60ecb71fdd2b9
  languageName: node
  linkType: hard

"warning@npm:^4.0.2, warning@npm:^4.0.3":
  version: 4.0.3
  resolution: "warning@npm:4.0.3"
  dependencies:
    loose-envify: ^1.0.0
  checksum: 2/20ef5d29ff9c20af3060e504914a00d5a90ce346e75e6691efbedb540481cdc82070c966d75195f812de64bb0bd7f1b02315fcb52469db151c0f15e29002781c
  languageName: node
  linkType: hard
