# This file is generated by running "yarn install" inside your project.
# Manual changes might be lost - proceed with caution!

__metadata:
  version: 4

"@babel/runtime@npm:^7.1.2":
  version: 7.9.2
  resolution: "@babel/runtime@npm:7.9.2"
  dependencies:
    regenerator-runtime: ^0.13.4
  checksum: 2/50c65b4972e62ca260ff6f3f99cf2395585d7f7bcd947ee87d082c2926cb4f0c93c815d5e9071162e689a4d2ba4143ffd5b005893be860088689c963f34e50c8
  languageName: node
  linkType: hard

"@electron/get@npm:^1.0.1":
  version: 1.10.0
  resolution: "@electron/get@npm:1.10.0"
  dependencies:
    debug: ^4.1.1
    env-paths: ^2.2.0
    fs-extra: ^8.1.0
    global-agent: ^2.0.2
    global-tunnel-ng: ^2.7.1
    got: ^9.6.0
    progress: ^2.0.3
    sanitize-filename: ^1.6.2
    sumchecker: ^3.0.1
  dependenciesMeta:
    global-agent:
      optional: true
    global-tunnel-ng:
      optional: true
  checksum: 2/7a268679580fdccf6abf4c796c5933ac152bc5ac2b999dcafb4e947809e3598923dfc92b0124d3f2e1f752dcbd5769b5624b06f1d7b3eb8b7367f0ed21aed4d1
  languageName: node
  linkType: hard

"@semantic-ui-react/event-stack@npm:^3.1.0":
  version: 3.1.1
  resolution: "@semantic-ui-react/event-stack@npm:3.1.1"
  dependencies:
    exenv: ^1.2.2
    prop-types: ^15.6.2
  peerDependencies:
    react: ^16.0.0
    react-dom: ^16.0.0
  checksum: 2/bd6de9e10a0d37fef4533cbeecc84399379efec04ce9b0b2d786e03a270736b7c807376a0abca77894f06742735057d6e5ec2d19dc8a5ab862397e43067ad093
  languageName: node
  linkType: hard

"@sindresorhus/is@npm:^0.14.0":
  version: 0.14.0
  resolution: "@sindresorhus/is@npm:0.14.0"
  checksum: 2/da26389d6e23f64726224ffda6f6a04bab88e15b9c4eb8f9e5fdafc3baaaa071c85c47816723b7e61e14bf2f4dcff25d6bc1629032c2916ffb8b3fe759ad7b1f
  languageName: node
  linkType: hard

"@stardust-ui/react-component-event-listener@npm:~0.38.0":
  version: 0.38.0
  resolution: "@stardust-ui/react-component-event-listener@npm:0.38.0"
  dependencies:
    "@babel/runtime": ^7.1.2
    prop-types: ^15.7.2
  peerDependencies:
    react: ^16.8.0
    react-dom: ^16.8.0
  checksum: 2/bf41619a577c28f885121c3ff90eb76702f3688943a1faefc57eaa992c2d1117bbecd2b1f9200d96cb0ddc3e6dac922a53e26c19ae192d644f8a7d0ca8d46c32
  languageName: node
  linkType: hard

"@stardust-ui/react-component-ref@npm:~0.38.0":
  version: 0.38.0
  resolution: "@stardust-ui/react-component-ref@npm:0.38.0"
  dependencies:
    "@babel/runtime": ^7.1.2
    prop-types: ^15.7.2
    react-is: ^16.6.3
  peerDependencies:
    react: ^16.8.0
    react-dom: ^16.8.0
  checksum: 2/14020937ee431a36a66bc79e018dc9a62e81e472b1f3e2378a321271729c38668547df63441202872dcf13fe807c4e1a33c21c33b08ed23c77d08906e55a60e0
  languageName: node
  linkType: hard

"@szmarczak/http-timer@npm:^1.1.2":
  version: 1.1.2
  resolution: "@szmarczak/http-timer@npm:1.1.2"
  dependencies:
    defer-to-connect: ^1.0.1
  checksum: 2/a46ec854231194dd1ab924a5ea0d8f0afa2b7133754a3def099cc5749e34802d8668a7d7ee3583327048354b9dc621113843d8546387e06ff57e6763cbb558d9
  languageName: node
  linkType: hard

"@types/keyv@npm:^3.1.1":
  version: 3.1.1
  resolution: "@types/keyv@npm:3.1.1"
  dependencies:
    "@types/node": "*"
  checksum: 2/3aaf557d5b82e733d5a17b7f55af5d6be953363c3a594f006d64265790fe87c301c6e1400c0b6b1cf72add50a0ceddc25afb8231ab8302a2e5b6ebfbfac30e5d
  languageName: node
  linkType: hard

"@types/node@npm:*, @types/node@npm:^12.0.12":
  version: 12.12.37
  resolution: "@types/node@npm:12.12.37"
  checksum: 2/897a3b4f0194551f15f35f2f198d9e5fa0ecec0164c2e49203af997528354040270bdd4fd1a233405471b09f287af0eb853f027e9daeb82962ce8c4189773d14
  languageName: node
  linkType: hard

"@types/responselike@npm:^1.0.0":
  version: 1.0.0
  resolution: "@types/responselike@npm:1.0.0"
  dependencies:
    "@types/node": "*"
  checksum: 2/e6e6613c800aeda63e2331e753e8d21df1a2c9aa7a4bc71ed792a848e4811fc96e609759089355314a2318c76eff1f161499cd242044838ab1e6f56e463ebb9c
  languageName: node
  linkType: hard

"FiftyOne@workspace:.":
  version: 0.0.0-use.local
  resolution: "FiftyOne@workspace:."
  dependencies:
    electron: ^8.2.3
    prettier: 2.0.5
    semantic-ui-css: ^2.4.1
    semantic-ui-react: ^0.88.2
  languageName: unknown
  linkType: soft

"boolean@npm:^3.0.0":
  version: 3.0.1
  resolution: "boolean@npm:3.0.1"
  checksum: 2/043da0e51f9c6681144a14a78887317370de2097e41739fd5792a0bc23a2835dd3b43112720fb0d6af6f428bdedc19e72e6980da408cb4b4d1c11ed4ec1a80d2
  languageName: node
  linkType: hard

"buffer-crc32@npm:~0.2.3":
  version: 0.2.13
  resolution: "buffer-crc32@npm:0.2.13"
  checksum: 2/0340e848d6fd87e49ef6f1067f31b2a8d2e71b433e9bb62ff3d9bc2499146f0be586b5b80b0d099c7110a226161b21cb6cd80162dd5a51d9ebdb03da58b99637
  languageName: node
  linkType: hard

"buffer-from@npm:^1.0.0":
  version: 1.1.1
  resolution: "buffer-from@npm:1.1.1"
  checksum: 2/540ceb79c4f5bfcadaabbc18324fa84c50dc52905084be7c03596a339cf5a88513bee6831ce9b36ddd046fab09257a7c80686e129d0559a0cfd141da196ad956
  languageName: node
  linkType: hard

"cacheable-request@npm:^6.0.0":
  version: 6.1.0
  resolution: "cacheable-request@npm:6.1.0"
  dependencies:
    clone-response: ^1.0.2
    get-stream: ^5.1.0
    http-cache-semantics: ^4.0.0
    keyv: ^3.0.0
    lowercase-keys: ^2.0.0
    normalize-url: ^4.1.0
    responselike: ^1.0.2
  checksum: 2/8b43f661371084ee67309c6bac93313360f55d5dfb1b622d32750c95a5f9c470a83d5798a042a67badcc0674ce0ca586a72f41e450275e78d87da1b705b91efb
  languageName: node
  linkType: hard

"classnames@npm:^2.2.6":
  version: 2.2.6
  resolution: "classnames@npm:2.2.6"
  checksum: 2/490eaeca5931846737ffd33e472a701d268d5b8bc5717dd4cf108a127b06e86e05350e06799abbbe763a0e4c945b4217f6700b7ae00ddc703505682c370e5cf2
  languageName: node
  linkType: hard

"clone-response@npm:^1.0.2":
  version: 1.0.2
  resolution: "clone-response@npm:1.0.2"
  dependencies:
    mimic-response: ^1.0.0
  checksum: 2/71832f9219f2682b0915bdbc0dd187ba8e63d16b0af5342b44f97b34afe9400a1f528a253dd2f70a8dd8b23bfa4c4e106928fcc520fa5899d769af95e4cce53c
  languageName: node
  linkType: hard

"concat-stream@npm:^1.6.2":
  version: 1.6.2
  resolution: "concat-stream@npm:1.6.2"
  dependencies:
    buffer-from: ^1.0.0
    inherits: ^2.0.3
    readable-stream: ^2.2.2
    typedarray: ^0.0.6
  checksum: 2/7a97b7a7d0938e36800bdb6f5caf938bac8c523a6ec15df1f2ac41d3785541be30a6671c9f4c0d1ac9609e6ab29dcab8f54d1c84035e3e3b7b24f9336da68ab0
  languageName: node
  linkType: hard

"config-chain@npm:^1.1.11":
  version: 1.1.12
  resolution: "config-chain@npm:1.1.12"
  dependencies:
    ini: ^1.3.4
    proto-list: ~1.2.1
  checksum: 2/caf4b96491c2ea6fc5e6e23cebc526040cf21779ffc544c705a21b788f7dc3d34bc439878dcdfae8c15830052be55d62b26acada13da1236142d3efc5b4329be
  languageName: node
  linkType: hard

"core-js@npm:^3.6.4":
  version: 3.6.5
  resolution: "core-js@npm:3.6.5"
  checksum: 2/9283348dd5be2f1d07feaf90e2336b3f00a2316e3d3c6d4f789c9a67bdd4d7b08ce1c88dca4e591340130056c6b412b0b74fae039f8e259206f1073f542e4e85
  languageName: node
  linkType: hard

"core-util-is@npm:~1.0.0":
  version: 1.0.2
  resolution: "core-util-is@npm:1.0.2"
  checksum: 2/089015ee3c462dfceba70faa1df83b42a7bb35db26dae6af283247b06fe3216c65fccd9f00eebcaf98300dc31e981d56aae9f90b624f8f6ff1153e235ff88b65
  languageName: node
  linkType: hard

"create-react-context@npm:^0.3.0":
  version: 0.3.0
  resolution: "create-react-context@npm:0.3.0"
  dependencies:
    gud: ^1.0.0
    warning: ^4.0.3
  peerDependencies:
    prop-types: ^15.0.0
    react: ^0.14.0 || ^15.0.0 || ^16.0.0
  checksum: 2/dfb153bbcfe44fb0b5d74e097f41fef382c9ea513084f604fea1759aea6683da0eef13b02ede2f0672c4eeacdd8efce0023935ca02909fcb2ae8be28b9aa63f5
  languageName: node
  linkType: hard

"debug@npm:^2.6.9":
  version: 2.6.9
  resolution: "debug@npm:2.6.9"
  dependencies:
    ms: 2.0.0
  checksum: 2/559f44f98cf25e2ee489022aec173afbff746564cb108c4493becb95bc3c017a67bdaa25a0ff64801fd32c35051d00af0e56cc7f762ae2c3bc089496e5a1c31b
  languageName: node
  linkType: hard

"debug@npm:^4.1.0, debug@npm:^4.1.1":
  version: 4.1.1
  resolution: "debug@npm:4.1.1"
  dependencies:
    ms: ^2.1.1
  checksum: 2/3601a6ce96e4698ed3edf0ee6e67ef0317adfcdae2f66a43b23d1b14e8888b422337429b16dbbcba6801e7bfa6cbb8de3128fbacfb8ae1cd9bd7615ea6baf970
  languageName: node
  linkType: hard

"decompress-response@npm:^3.3.0":
  version: 3.3.0
  resolution: "decompress-response@npm:3.3.0"
  dependencies:
    mimic-response: ^1.0.0
  checksum: 2/93b0dcc8f0c32f1d5eb656e7db54fa5554227b8bfefd242c9d28f7b9c3908052c2ab8297b4af6256759da496679ee3a806d559f22d29b7e71a25879a2c25b99b
  languageName: node
  linkType: hard

"deep-equal@npm:^1.1.1":
  version: 1.1.1
  resolution: "deep-equal@npm:1.1.1"
  dependencies:
    is-arguments: ^1.0.4
    is-date-object: ^1.0.1
    is-regex: ^1.0.4
    object-is: ^1.0.1
    object-keys: ^1.1.1
    regexp.prototype.flags: ^1.2.0
  checksum: 2/cc6a0009ce73a10230758d50795211fb3ceb7eb7f2cf8baed1c4a4cb2a06dc28857ce11e641c95ca9abb5edc1f1e86a4bb6bcffaadf9fe9d310c102d346d043b
  languageName: node
  linkType: hard

"defer-to-connect@npm:^1.0.1":
  version: 1.1.3
  resolution: "defer-to-connect@npm:1.1.3"
  checksum: 2/d8632cafae79a077b894c17f92d668784ad83825150d31c107df4fafc39f351ecd5112e0c75e0c2886c29ea359faf299bbb73246af71607b1e5b0d1ecc496ebf
  languageName: node
  linkType: hard

"define-properties@npm:^1.1.2, define-properties@npm:^1.1.3":
  version: 1.1.3
  resolution: "define-properties@npm:1.1.3"
  dependencies:
    object-keys: ^1.0.12
  checksum: 2/b69c48c1b1dacb61f0b1cea367707c3bb214e3c47818aff18e6f20a7f88cbfa33d4cbdfd9ff79e56faba95ddca3d78ff10fbf2f02ecfad6f3e13b256e76b1212
  languageName: node
  linkType: hard

"detect-node@npm:^2.0.4":
  version: 2.0.4
  resolution: "detect-node@npm:2.0.4"
  checksum: 2/e7648a5a91dd5e91838d14f0e9631f2adf0117cc271ea86d8ce394a8fbe8fc7545755c8261faaf4b1e196795a10da99e5d5f1013163ba0f6260a57b0ba29cc60
  languageName: node
  linkType: hard

"duplexer3@npm:^0.1.4":
  version: 0.1.4
  resolution: "duplexer3@npm:0.1.4"
  checksum: 2/2a4ae463aafdb6e3541e556785d971e83e8d2b534b4cfcb114b01ebc6af6dde5a07454835c7207c8eeb5472927db1bac1b507044413164e991906c5da807938b
  languageName: node
  linkType: hard

"electron@npm:^8.2.3":
  version: 8.2.3
  resolution: "electron@npm:8.2.3"
  dependencies:
    "@electron/get": ^1.0.1
    "@types/node": ^12.0.12
    extract-zip: ^1.0.3
  bin:
    electron: cli.js
  checksum: 2/d40993cf2f74307d5dd33f071b685f633ef7283305f86ca0580ebaf421ff20ccbfcf0711df41be4f0d37cfbddd482bfdf5debbfcc08a51f9ada20802826d9ce2
  languageName: node
  linkType: hard

"encodeurl@npm:^1.0.2":
  version: 1.0.2
  resolution: "encodeurl@npm:1.0.2"
  checksum: 2/6ee5fcbcd245d2a2b6bd6fe36b80f91e31ab46e29192c50af00e8f860c0c2310ebbdaae40257878fdce90b42abcb3526895c7c3a2e229461ed1f0d0b5a020fc8
  languageName: node
  linkType: hard

"end-of-stream@npm:^1.1.0":
  version: 1.4.4
  resolution: "end-of-stream@npm:1.4.4"
  dependencies:
    once: ^1.4.0
  checksum: 2/7da60e458bdb5e16c006a45e85ef3bc1e3791db5ba275b0913258ccddc8899acb9252c4ddbcce87bd1b46e2a3f97315aafb9f0c0330e8aac44defb504a9d3ccd
  languageName: node
  linkType: hard

"env-paths@npm:^2.2.0":
  version: 2.2.0
  resolution: "env-paths@npm:2.2.0"
  checksum: 2/09de4fd1c068d5965aa8aede852a764b7fb6fa8f1299ba7789bc29c22840ab1985e0c9c55bc6bf40b4276834b8adfa1baf82ec9bc58445d9e75800dc32d78a4f
  languageName: node
  linkType: hard

"es-abstract@npm:^1.17.0-next.1, es-abstract@npm:^1.17.5":
  version: 1.17.5
  resolution: "es-abstract@npm:1.17.5"
  dependencies:
    es-to-primitive: ^1.2.1
    function-bind: ^1.1.1
    has: ^1.0.3
    has-symbols: ^1.0.1
    is-callable: ^1.1.5
    is-regex: ^1.0.5
    object-inspect: ^1.7.0
    object-keys: ^1.1.1
    object.assign: ^4.1.0
    string.prototype.trimleft: ^2.1.1
    string.prototype.trimright: ^2.1.1
  checksum: 2/83b0ce528072f37174182548d73e18d1b02fa6bddf0d675e81de77b23f4c6f4908f4d1bd5835fcae9f5d91051533afafd841482dafa21b111eaf52160a08b837
  languageName: node
  linkType: hard

"es-to-primitive@npm:^1.2.1":
  version: 1.2.1
  resolution: "es-to-primitive@npm:1.2.1"
  dependencies:
    is-callable: ^1.1.4
    is-date-object: ^1.0.1
    is-symbol: ^1.0.2
  checksum: 2/d20b7be268b84662469972ec7265a57d4d6a65b9bf2b73f040d75e14f9f6dbe266a1a88579162e11349f9cb70eaa17640efb515c90dab19745a904b680b14be3
  languageName: node
  linkType: hard

"es6-error@npm:^4.1.1":
  version: 4.1.1
  resolution: "es6-error@npm:4.1.1"
  checksum: 2/d7343d3f47834d71912278b5a7476028b7ef3db4ee5c8b7184d7204d2c3a48dd4ce68d197a14116f0d16c85f85d3d8ed1d8c137cf5bc9f33f672646755289688
  languageName: node
  linkType: hard

"escape-string-regexp@npm:^2.0.0":
  version: 2.0.0
  resolution: "escape-string-regexp@npm:2.0.0"
  checksum: 2/f3500f264e864aef0c336a2efb3adb1cee9ba1abbe15d69f0d9dab423607cac91aa009b23011b4e6cfd6d6b79888873e21dad1882047aa2e1555dd307428c51d
  languageName: node
  linkType: hard

"exenv@npm:^1.2.2":
  version: 1.2.2
  resolution: "exenv@npm:1.2.2"
  checksum: 2/09fd080c0478739f0154916b73dea07f30f97972e1b3be3368d2b96d282d889b509f05e163d830e323c9ab1e94b0a293a9947b410651325df467c404f37f32f1
  languageName: node
  linkType: hard

"extract-zip@npm:^1.0.3":
  version: 1.7.0
  resolution: "extract-zip@npm:1.7.0"
  dependencies:
    concat-stream: ^1.6.2
    debug: ^2.6.9
    mkdirp: ^0.5.4
    yauzl: ^2.10.0
  bin:
    extract-zip: cli.js
  checksum: 2/e90196dc3d874cb5f0684a5465c6a062363632ff1fbea91ad3983c05c79950b32f95c4b74653ae9efc11acff80c0a1cfe4852985804a57aa24ff6a1ca26fa0cb
  languageName: node
  linkType: hard

"fd-slicer@npm:~1.1.0":
  version: 1.1.0
  resolution: "fd-slicer@npm:1.1.0"
  dependencies:
    pend: ~1.2.0
  checksum: 2/ec759b16aea613f79540b450ffc278dcb927dccf55c89a364b68547441bec776d637f0a53aee9c9c70683406e4fc4b3aff29b1732bb388f9fa6ba200e8a79caa
  languageName: node
  linkType: hard

"fs-extra@npm:^8.1.0":
  version: 8.1.0
  resolution: "fs-extra@npm:8.1.0"
  dependencies:
    graceful-fs: ^4.2.0
    jsonfile: ^4.0.0
    universalify: ^0.1.0
  checksum: 2/056a96d4f55ab8728b021e251175a4a6440d1edb5845e6c2e8e010019bde3e63de188a0eb99386c21c71804ca1a571cd6e08f507971f10a2bc4f4f7667720fa4
  languageName: node
  linkType: hard

"function-bind@npm:^1.1.1":
  version: 1.1.1
  resolution: "function-bind@npm:1.1.1"
  checksum: 2/ffad86e7d2010ba179aaa6a3987d2cc0ed48fa92d27f1ed84bfa06d14f77deeed5bfbae7f00bdebc0c54218392cab2b18ecc080e2c72f592431927b87a27d42b
  languageName: node
  linkType: hard

"get-stream@npm:^4.1.0":
  version: 4.1.0
  resolution: "get-stream@npm:4.1.0"
  dependencies:
    pump: ^3.0.0
  checksum: 2/f41bb3c74de09d1dbe1e9d0b6d12520875d99b7ecd32c71ee21eea26d32ca74110e2406922ca64ed8cd6f10076c5f59e4fd128f10cc292eae3b669379e5f18ed
  languageName: node
  linkType: hard

"get-stream@npm:^5.1.0":
  version: 5.1.0
  resolution: "get-stream@npm:5.1.0"
  dependencies:
    pump: ^3.0.0
  checksum: 2/599dad0b6b9e41602c5a383d218e929209774e66bd3345d5ba6b87e305a16e5d4263936cab974804a30cfeebb1d9e6082f0dba4a463fcce0ba75b922b7c9d861
  languageName: node
  linkType: hard

"global-agent@npm:^2.0.2":
  version: 2.1.8
  resolution: "global-agent@npm:2.1.8"
  dependencies:
    boolean: ^3.0.0
    core-js: ^3.6.4
    es6-error: ^4.1.1
    matcher: ^2.1.0
    roarr: ^2.15.2
    semver: ^7.1.2
    serialize-error: ^5.0.0
  checksum: 2/14a75fcb0ebc1050970e715e427181f9680014167b1d903d7fc9ac0dc8429005bb247f43c61a788dc968d457546f0e669a67397fdc442b73c6519d0cefafce8e
  languageName: node
  linkType: hard

"global-tunnel-ng@npm:^2.7.1":
  version: 2.7.1
  resolution: "global-tunnel-ng@npm:2.7.1"
  dependencies:
    encodeurl: ^1.0.2
    lodash: ^4.17.10
    npm-conf: ^1.1.3
    tunnel: ^0.0.6
  checksum: 2/9aa6702b55020c848e712bf30b878d5b2fd0bb6d916b1cdac573be058e08f920149c804ed750fce9e8b7c46fb446eecd2878129512b08929208771534f8008e3
  languageName: node
  linkType: hard

"globalthis@npm:^1.0.1":
  version: 1.0.1
  resolution: "globalthis@npm:1.0.1"
  dependencies:
    define-properties: ^1.1.3
  checksum: 2/031f9e8873211f2c16e985120d6705bb5f73a724be06abee27be658e8d2e3de4ff1e9c2febd975465a88969061a2ba148b1feb12f18502979d5aac1bf2ce5074
  languageName: node
  linkType: hard

"got@npm:^9.6.0":
  version: 9.6.0
  resolution: "got@npm:9.6.0"
  dependencies:
    "@sindresorhus/is": ^0.14.0
    "@szmarczak/http-timer": ^1.1.2
    cacheable-request: ^6.0.0
    decompress-response: ^3.3.0
    duplexer3: ^0.1.4
    get-stream: ^4.1.0
    lowercase-keys: ^1.0.1
    mimic-response: ^1.0.1
    p-cancelable: ^1.0.0
    to-readable-stream: ^1.0.0
    url-parse-lax: ^3.0.0
  checksum: 2/4cfb862eb7e2d023f486efbd9ad5ab199ea44f957dc72be9518bf54d832ad4281ef3b63eac4d861b189690c3b7674eef3e1cb4f41285a83fa43293431ab879bd
  languageName: node
  linkType: hard

"graceful-fs@npm:^4.1.6, graceful-fs@npm:^4.2.0":
  version: 4.2.3
  resolution: "graceful-fs@npm:4.2.3"
  checksum: 2/67b7e3f6a687c91287f17a2adfcce462406e2aa16ea4440618e1daaecd579ae6362c0b13303f86c77c165ed8074fa8b0868bb0a73173fa3407c2b747e89353f9
  languageName: node
  linkType: hard

"gud@npm:^1.0.0":
  version: 1.0.0
  resolution: "gud@npm:1.0.0"
  checksum: 2/08be6bf30eb713b0e115a4676418b3805b739703956fd861710f59ce355c047102954e4d79172b180912d06794e8d94f702e9367ac6843c2fae40c8c726a4907
  languageName: node
  linkType: hard

"has-symbols@npm:^1.0.0, has-symbols@npm:^1.0.1":
  version: 1.0.1
  resolution: "has-symbols@npm:1.0.1"
  checksum: 2/84e2a03ada6f530f0c1ebea64df5932556ac20a4b78998f1f2b5dd0cf736843e8082c488b0ea7f08b9aec72fb6d8b736beed2fd62fac60dcaebfdc0b8d2aa7ac
  languageName: node
  linkType: hard

"has@npm:^1.0.3":
  version: 1.0.3
  resolution: "has@npm:1.0.3"
  dependencies:
    function-bind: ^1.1.1
  checksum: 2/c686e15300d41364486c099a9259d9c418022c294244843dcd712c4c286ff839d4f23a25413baa28c4d2c1e828afc2aaab70f685400b391533980223c71fa1ca
  languageName: node
  linkType: hard

"http-cache-semantics@npm:^4.0.0":
  version: 4.1.0
  resolution: "http-cache-semantics@npm:4.1.0"
  checksum: 2/451df9784af2acbe0cc1fd70291285c08ca4a8966ab5ee4d3975e003d1ad4d74c81473086d628f31296b31221966fda8bc5ea1e29dd8f1f33f9fc2b0fdca65ca
  languageName: node
  linkType: hard

"inherits@npm:^2.0.3, inherits@npm:~2.0.3":
  version: 2.0.4
  resolution: "inherits@npm:2.0.4"
  checksum: 2/98426da247ddfc3dcd7d7daedd90c3ca32d5b08deca08949726f12d49232aef94772a07b36cf4ff833e105ae2ef931777f6de4a6dd8245a216b9299ad4a50bea
  languageName: node
  linkType: hard

"ini@npm:^1.3.4":
  version: 1.3.5
  resolution: "ini@npm:1.3.5"
  checksum: 2/304a78d1e0ec49c6dc316b6a21bee5340ba85159c6581235b26a4cf27e2bac5f66f2c8f0e074ceaf3c48085f89fb974691cbf812df2128d2d74c5ef726d1b19a
  languageName: node
  linkType: hard

"is-arguments@npm:^1.0.4":
  version: 1.0.4
  resolution: "is-arguments@npm:1.0.4"
  checksum: 2/a04bc21254cfbb77c934ec51165ef7629c12cabd2a92c2c4333280b5117f138fcec6369dd2ab7d8fe24e3af7dbc2a4ce389c53ed0b55b0f8818788c3c09f4ad2
  languageName: node
  linkType: hard

"is-callable@npm:^1.1.4, is-callable@npm:^1.1.5":
  version: 1.1.5
  resolution: "is-callable@npm:1.1.5"
  checksum: 2/e77885498dc68297933cfcf2b93da039936216a6423698dfbad33fdabd4e79f3298f30d505424e5f52d8acebc1223a1a0a0ab98435b92dbd55d7713be012719e
  languageName: node
  linkType: hard

"is-date-object@npm:^1.0.1":
  version: 1.0.2
  resolution: "is-date-object@npm:1.0.2"
  checksum: 2/0e322699464a99da638c8a583b74dfb791732b6bc9c102bc0b7ac6303d83c86b9935f19b8d2ed4de52092241190c8826b099cb31972dea49a99b755293c0b1cf
  languageName: node
  linkType: hard

"is-regex@npm:^1.0.4, is-regex@npm:^1.0.5":
  version: 1.0.5
  resolution: "is-regex@npm:1.0.5"
  dependencies:
    has: ^1.0.3
  checksum: 2/2f3b1fdb16044c6d1cc8d3a617cf1ff8637fe6958991e2805ba8eb01bdc76be6032ccd7fde12e81c39c5e70b0d556cdc7ba2a3a92f096d4e788f764bded2eca0
  languageName: node
  linkType: hard

"is-symbol@npm:^1.0.2":
  version: 1.0.3
  resolution: "is-symbol@npm:1.0.3"
  dependencies:
    has-symbols: ^1.0.1
  checksum: 2/753aa0cf95069387521b110c6646df4e0b5cce76cf604521c26b4f5d30a997a95036ed5930c0cca9e850ac6fccb04de551cc95aab71df471ee88e04ed1a96f21
  languageName: node
  linkType: hard

"isarray@npm:~1.0.0":
  version: 1.0.0
  resolution: "isarray@npm:1.0.0"
  checksum: 2/b0ff31a290e783f7b3fb73f2951ee7fc2946dc197b05f73577dc77f87dc3be2e0f66007bedf069123d4e5c4b691e7c89a241f6ca06f0c0f4765cdac5aa4b4047
  languageName: node
  linkType: hard

"jquery@npm:x.*":
  version: 3.5.0
  resolution: "jquery@npm:3.5.0"
  checksum: 2/f293887214e527d4f8959bad75ca8058aa970554b67887c541308130fb0f5a97db065b7d4e4649de6ab4b26dd738f3ce888c0bd8382df4194e2e80cfe620f220
  languageName: node
  linkType: hard

"js-tokens@npm:^3.0.0 || ^4.0.0":
  version: 4.0.0
  resolution: "js-tokens@npm:4.0.0"
  checksum: 2/1fc4e4667ac2d972aba65148b9cbf9c17566b2394d3504238d8492bbd3e68f496c657eab06b26b40b17db5cac0a34d153a12130e2d2d2bb6dc2cdc8a4764eb1b
  languageName: node
  linkType: hard

"json-buffer@npm:3.0.0":
  version: 3.0.0
  resolution: "json-buffer@npm:3.0.0"
  checksum: 2/09b53ecc8ffbb1252d9ef07f37ad616eb0769325d749c87555df786dc70e9855d4ad208255bbf232c86069504756277a7efb6725a31f6e6c4ef39a7b072e75f2
  languageName: node
  linkType: hard

"json-stringify-safe@npm:^5.0.1":
  version: 5.0.1
  resolution: "json-stringify-safe@npm:5.0.1"
  checksum: 2/261dfb8eb3e72c8b0dda11fd7c20c151ffc1d1b03e529245d51708c8dd8d8c6a225880464adf41a570dff6e5c805fd9d1f47fed948cfb526e4fbe5a67ce4e5f4
  languageName: node
  linkType: hard

"jsonfile@npm:^4.0.0":
  version: 4.0.0
  resolution: "jsonfile@npm:4.0.0"
  dependencies:
    graceful-fs: ^4.1.6
  dependenciesMeta:
    graceful-fs:
      optional: true
  checksum: 2/a40b7b64da41c84b0dc7ad753737ba240bb0dc50a94be20ec0b73459707dede69a6f89eb44b4d29e6994ed93ddf8c9b6e57f6b1f09dd707567959880ad6cee7f
  languageName: node
  linkType: hard

"keyboard-key@npm:^1.0.4":
  version: 1.1.0
  resolution: "keyboard-key@npm:1.1.0"
  checksum: 2/4b9ba48b995874334086531c6d264bcc899aa5fbe5cf41109f38fdfdd27466bbb951790d42fbcddb016cc671f6081eacda9570cd1513de185bcea6ed23669c83
  languageName: node
  linkType: hard

"keyv@npm:^3.0.0":
  version: 3.1.0
  resolution: "keyv@npm:3.1.0"
  dependencies:
    json-buffer: 3.0.0
  checksum: 2/6bf032ee504f27e00ae3a366c7e0ca5d93b8f947672871568f2a1456bf56d1bc4e55555158a45188d14483c4c38d0fa1dc7f0585b0d6c640f8e79abc9b4d3162
  languageName: node
  linkType: hard

"lodash@npm:^4.17.10, lodash@npm:^4.17.15":
  version: 4.17.15
  resolution: "lodash@npm:4.17.15"
  checksum: 2/aec3fbb7570aa67bda500b8299b1b1821d60646bede87f76a74dfcc7666ab3445267d734ec71424d70809d52ad67a1356fab5ab694a3faa1908d68e9d48f00f5
  languageName: node
  linkType: hard

"loose-envify@npm:^1.0.0, loose-envify@npm:^1.4.0":
  version: 1.4.0
  resolution: "loose-envify@npm:1.4.0"
  dependencies:
    js-tokens: ^3.0.0 || ^4.0.0
  bin:
    loose-envify: cli.js
  checksum: 2/5c3b47bbe5f597a3889fb001a3a98aaea2a3fafa48089c19034de1e0121bf57dbee609d184478514d74d5c5a7e9cfa3d846343455e5123b060040d46c39e91dc
  languageName: node
  linkType: hard

"lowercase-keys@npm:^1.0.0, lowercase-keys@npm:^1.0.1":
  version: 1.0.1
  resolution: "lowercase-keys@npm:1.0.1"
  checksum: 2/ac9d79c47dd9f831cebb2cbe930e72f7c03b27ab07c5bb9072ee0b4a853ce26d6648403b9eb371b3d400af3790da9ce65cf7207af887f8c134d53dce81559107
  languageName: node
  linkType: hard

"lowercase-keys@npm:^2.0.0":
  version: 2.0.0
  resolution: "lowercase-keys@npm:2.0.0"
  checksum: 2/4da67f41865a25360bb05749a66a83c60987c7efa0b8ec443941a19978c21ba916ae9fedca25b96fc652026c4264a437d3fec099d1949716b5483eec42395ec9
  languageName: node
  linkType: hard

"matcher@npm:^2.1.0":
  version: 2.1.0
  resolution: "matcher@npm:2.1.0"
  dependencies:
    escape-string-regexp: ^2.0.0
  checksum: 2/dc05a170efb4507a276c8b656c71fa86019a9fcdbedd6f17da81304729124f4121f98d113342ef5814e8d67a55da4872658eadf7d13a98192f36e9b5935e9750
  languageName: node
  linkType: hard

"mimic-response@npm:^1.0.0, mimic-response@npm:^1.0.1":
  version: 1.0.1
  resolution: "mimic-response@npm:1.0.1"
  checksum: 2/64b43c717ed8710bc920576e96d38d0e504e9eec3114af8e00c9e3d7ae53cd459ee38febb0badc83e3a4e6d21cd571db43e9011f8cf014809989c87a1a9f0ea4
  languageName: node
  linkType: hard

"minimist@npm:^1.2.5":
  version: 1.2.5
  resolution: "minimist@npm:1.2.5"
  checksum: 2/b77b8590147a4e217ff34266236bc39de23b52e6e33054076991ff674c7397a1380a7bde11111916f16f003a94aaa7e4f3d92595a32189644ff607fabc65a5b6
  languageName: node
  linkType: hard

"mkdirp@npm:^0.5.4":
  version: 0.5.5
  resolution: "mkdirp@npm:0.5.5"
  dependencies:
    minimist: ^1.2.5
  bin:
    mkdirp: bin/cmd.js
  checksum: 2/9dd9792e891927b14ca02226dbe1daeb717b9517a001620d5e2658bbc72c5e4f06887b6cbcbb60595fa5a56e701073cf250f1ed69c1988a6b89faf9fd6a4d049
  languageName: node
  linkType: hard

"ms@npm:2.0.0":
  version: 2.0.0
  resolution: "ms@npm:2.0.0"
  checksum: 2/1a230340cc7f322fbe916783d8c8d60455407c6b7fb7f901d6ee34eb272402302c5c7f070a97b8531245cbb4ca6a0a623f6a128d7e5a5440cefa2c669c0b35bb
  languageName: node
  linkType: hard

"ms@npm:^2.1.1":
  version: 2.1.2
  resolution: "ms@npm:2.1.2"
  checksum: 2/9b65fb709bc30c0c07289dcbdb61ca032acbb9ea5698b55fa62e2cebb04c5953f1876a1f3f7f4bc2e91d4bf4d86003f3e207c3bc6ee2f716f99827e62389cd0e
  languageName: node
  linkType: hard

"normalize-url@npm:^4.1.0":
  version: 4.5.0
  resolution: "normalize-url@npm:4.5.0"
  checksum: 2/09794941dbe5c7b91caf6f3cd1ae167c27f6d09793e4a03601a68b62de7e8ee9e5de21a246130cdbab98b01481de292f9556d492444a527648f9cf1220e4b0df
  languageName: node
  linkType: hard

"npm-conf@npm:^1.1.3":
  version: 1.1.3
  resolution: "npm-conf@npm:1.1.3"
  dependencies:
    config-chain: ^1.1.11
    pify: ^3.0.0
  checksum: 2/e9e092ed13930bfbe77e67ed18aa39a0795e9bf49dae13f02b5de6272dbe83692ae3ee407362ad4a54a8f82dc2b9e27cd84255f984173dc071906a8903b6c21c
  languageName: node
  linkType: hard

"object-assign@npm:^4.1.1":
  version: 4.1.1
  resolution: "object-assign@npm:4.1.1"
  checksum: 2/66cf021898fc1b13ea573ea8635fbd5a76533f50cecbc2fcd5eee1e8029af41bcebe7023788b6d0e06cbe4401ecea075d972f78ec74467cdc571a0f1a4d1a081
  languageName: node
  linkType: hard

"object-inspect@npm:^1.7.0":
  version: 1.7.0
  resolution: "object-inspect@npm:1.7.0"
  checksum: 2/9f479ca1002fedbf4e1c5dec908477d1a7a2dd4466af0b4cf5886d269db54d8310544dfb7670a17a4c5d6a7a3dd3c346be38ea6b3541330551900a3134dec662
  languageName: node
  linkType: hard

"object-is@npm:^1.0.1":
  version: 1.1.2
  resolution: "object-is@npm:1.1.2"
  dependencies:
    define-properties: ^1.1.3
    es-abstract: ^1.17.5
  checksum: 2/9ea7df4475f250c968171fa142b6584bad4c65859af8cb50e06fa8168089ae47afb460776ab60fe5f3aea8ea3c97b30dd0b37d41e23106f2abcc7d6f982bec04
  languageName: node
  linkType: hard

"object-keys@npm:^1.0.11, object-keys@npm:^1.0.12, object-keys@npm:^1.1.1":
  version: 1.1.1
  resolution: "object-keys@npm:1.1.1"
  checksum: 2/30d72d768b7f3f42144cee517b80e70c40cf39bb76f100557ffac42779613c591780135c54d8133894a78d2c0ae817e24a5891484722c6019a5cd5b58c745c66
  languageName: node
  linkType: hard

"object.assign@npm:^4.1.0":
  version: 4.1.0
  resolution: "object.assign@npm:4.1.0"
  dependencies:
    define-properties: ^1.1.2
    function-bind: ^1.1.1
    has-symbols: ^1.0.0
    object-keys: ^1.0.11
  checksum: 2/92e20891ddf04d9974f7b178ae70d198727dcd638c8a5a422f07f730f40140c4fe02451cdc9c37e9f22392e5487b9162975003a9f20b16a87b9d13fe150cf62d
  languageName: node
  linkType: hard

"once@npm:^1.3.1, once@npm:^1.4.0":
  version: 1.4.0
  resolution: "once@npm:1.4.0"
  dependencies:
    wrappy: 1
  checksum: 2/57afc246536cf6494437f982b26475f22bee860f8b77ce8eb1543f42a8bffe04b2c66ddfea9a16cb25ccb80943f8ee4fc639367ef97b7a6a4f2672eb573963f5
  languageName: node
  linkType: hard

"p-cancelable@npm:^1.0.0":
  version: 1.1.0
  resolution: "p-cancelable@npm:1.1.0"
  checksum: 2/01fdd9ac319f0e69e22c18d5b9e5f4dca62a0827d72349c73b0c88b07c760849de49201dcbe4fbbcbe61b4bdce8f4f3596cfbbfed664cf411ff1ab9a80664574
  languageName: node
  linkType: hard

"pend@npm:~1.2.0":
  version: 1.2.0
  resolution: "pend@npm:1.2.0"
  checksum: 2/35da01b2aa52458fbda2dceaeb5305c0d6c7262beca67d9f4c97bd70e4a8f4457f5fa01ffea3b3f786fb310b9b3b98515c52de3d7ae0b50dfb50b2a2d38d042b
  languageName: node
  linkType: hard

"pify@npm:^3.0.0":
  version: 3.0.0
  resolution: "pify@npm:3.0.0"
  checksum: 2/18af2b29148c4d6fd4c7741dbd953ff76beea17d1b4a6d5792d7ff1d7202f43671c3f29313aa5ec01a66d050dbdbb0cf23f17de69531da8dc8bda42d327cf960
  languageName: node
  linkType: hard

"popper.js@npm:^1.14.4":
  version: 1.16.1
  resolution: "popper.js@npm:1.16.1"
  checksum: 2/eb53806fb7680e31c7d1db096f95438a40a7cb869f7ee0e27100c0860f11583a0d322606c6073618e7fe8865f834ec36482901b547256d9a0cf2b22434bca75d
  languageName: node
  linkType: hard

"prepend-http@npm:^2.0.0":
  version: 2.0.0
  resolution: "prepend-http@npm:2.0.0"
  checksum: 2/d39325775adce38e18213fd19656af4abd7672ef6b1e330437079bb237de011d49a70bfb56b35037603d30ef279cceddb33794f70168582d50845c2ade29968e
  languageName: node
  linkType: hard

"prettier@npm:2.0.5":
  version: 2.0.5
  resolution: "prettier@npm:2.0.5"
  bin:
    prettier: bin-prettier.js
  checksum: 2/d249d89361870a29b20e8b268cb09e908490b8c9e21f70393d12a213701f29ba7e95b7f9ce0ad63929c16ce475176742481911737ae3da4a498873e4a3b90990
  languageName: node
  linkType: hard

"process-nextick-args@npm:~2.0.0":
  version: 2.0.1
  resolution: "process-nextick-args@npm:2.0.1"
  checksum: 2/ddeb0f07d0d5efa649c2c5e39d1afd0e3668df2b392d036c8a508b0034f7beffbc474b3c2f7fd3fed2dc4113cef8f1f7e00d05690df3c611b36f6c7efd7852d1
  languageName: node
  linkType: hard

"progress@npm:^2.0.3":
  version: 2.0.3
  resolution: "progress@npm:2.0.3"
  checksum: 2/c46ef5a1de4d527dfd32fe56a7df0c1c8b420a4c02617196813bf7f10ac7c2a929afc265d44fdd68f5c439a7e7cb3d70d569716c82d6b4148ec72089860a1312
  languageName: node
  linkType: hard

"prop-types@npm:^15.6.1, prop-types@npm:^15.6.2, prop-types@npm:^15.7.2":
  version: 15.7.2
  resolution: "prop-types@npm:15.7.2"
  dependencies:
    loose-envify: ^1.4.0
    object-assign: ^4.1.1
    react-is: ^16.8.1
  checksum: 2/a440dd406c5cf53bf39f3e898d2c65178511d34ca3c8c789b30c177992408b9e4273969726b274719aa69ccce5ab34b2fd8caa60b90f23cd2e910cdcf682de52
  languageName: node
  linkType: hard

"proto-list@npm:~1.2.1":
  version: 1.2.4
  resolution: "proto-list@npm:1.2.4"
  checksum: 2/e722a11c66837cab0d5b81dd3f18717b73ea068fad0ceaf71d856e82167699c632201d0a1793ea48c997f1ac8544e9af89debc5cbd389b639370bc1adfb3abb4
  languageName: node
  linkType: hard

"pump@npm:^3.0.0":
  version: 3.0.0
  resolution: "pump@npm:3.0.0"
  dependencies:
    end-of-stream: ^1.1.0
    once: ^1.3.1
  checksum: 2/5464d5cf6c6f083cc60cb45b074fb9a4a92ba4d3e0d89e9b2fa1906d8151fd3766784a426725ccf1af50d1c29963ac20b13829933549830e08a6704e3f95e08c
  languageName: node
  linkType: hard

"react-is@npm:^16.6.3, react-is@npm:^16.8.1, react-is@npm:^16.8.6":
  version: 16.13.1
  resolution: "react-is@npm:16.13.1"
  checksum: 2/11bcf1267a314a522615f626f3ce3727a3a24cdbf61c4d452add3550a7875326669631326cfb1ba3e92b6f72244c32ffecf93ad21c0cad8455d3e169d0e3f060
  languageName: node
  linkType: hard

"react-popper@npm:^1.3.4":
  version: 1.3.7
  resolution: "react-popper@npm:1.3.7"
  dependencies:
    "@babel/runtime": ^7.1.2
    create-react-context: ^0.3.0
    deep-equal: ^1.1.1
    popper.js: ^1.14.4
    prop-types: ^15.6.1
    typed-styles: ^0.0.7
    warning: ^4.0.2
  peerDependencies:
    react: 0.14.x || ^15.0.0 || ^16.0.0
  checksum: 2/09ef58054bd9d449283939af861cbb205aee771289884fa62e30a6927163fab53e865593c0e014364d807a8e219d9642be6d34ae58b1e4f2f0530ffc9b289e5a
  languageName: node
  linkType: hard

"readable-stream@npm:^2.2.2":
  version: 2.3.7
  resolution: "readable-stream@npm:2.3.7"
  dependencies:
    core-util-is: ~1.0.0
    inherits: ~2.0.3
    isarray: ~1.0.0
    process-nextick-args: ~2.0.0
    safe-buffer: ~5.1.1
    string_decoder: ~1.1.1
    util-deprecate: ~1.0.1
  checksum: 2/6e3826560627a751feb3a8aec073ef94c6e47b8c8e06eb5d136323b5f09db9d2077c23a42a8d54ed0123695af54b36c1e4271a8ec55112b15f4b89020d8dec72
  languageName: node
  linkType: hard

"regenerator-runtime@npm:^0.13.4":
  version: 0.13.5
  resolution: "regenerator-runtime@npm:0.13.5"
  checksum: 2/8d8ee0eca26e0491085033caf2b1b95379c4db21e38d79cde52bbd4014a3865eee26ec0f4f958682e8600f185f2f5dbcd8c6685b9b9261639767929c19b5bcd2
  languageName: node
  linkType: hard

"regexp.prototype.flags@npm:^1.2.0":
  version: 1.3.0
  resolution: "regexp.prototype.flags@npm:1.3.0"
  dependencies:
    define-properties: ^1.1.3
    es-abstract: ^1.17.0-next.1
  checksum: 2/468e19b3aed632653333741346cab170787b9bc79eecdfdd3d7ba5be26574c135edc2ce286d9d4154b635158c3c44f9614fca51cbf6d4d3f529ef89cf7e03908
  languageName: node
  linkType: hard

"responselike@npm:^1.0.2":
  version: 1.0.2
  resolution: "responselike@npm:1.0.2"
  dependencies:
    lowercase-keys: ^1.0.0
  checksum: 2/c904f1499418d0729e9592079ea653c8fd35d50a7cca1a17d58ef3137382f915cbd344daaa7fe2e2b064a6d9fab4bcdd8b2ab963c523829427b440b775fba8fd
  languageName: node
  linkType: hard

"roarr@npm:^2.15.2":
  version: 2.15.3
  resolution: "roarr@npm:2.15.3"
  dependencies:
    boolean: ^3.0.0
    detect-node: ^2.0.4
    globalthis: ^1.0.1
    json-stringify-safe: ^5.0.1
    semver-compare: ^1.0.0
    sprintf-js: ^1.1.2
  checksum: 2/e311976be79ea5f77975acd22e9d13003bc6571cbca93c350cfd8816eab285ef76fe98ea6c6579c546a1f53053e5a470ad92e75e32ba1e9a49c6139e015f263f
  languageName: node
  linkType: hard

"safe-buffer@npm:~5.1.0, safe-buffer@npm:~5.1.1":
  version: 5.1.2
  resolution: "safe-buffer@npm:5.1.2"
  checksum: 2/2708587c1b5e70a5e420714ceb59f30f5791c6e831d39812125a008eca63a4ac18578abd020a0776ea497ff03b4543f2b2a223a7b9073bf2d6c7af9ec6829218
  languageName: node
  linkType: hard

"sanitize-filename@npm:^1.6.2":
  version: 1.6.3
  resolution: "sanitize-filename@npm:1.6.3"
  dependencies:
    truncate-utf8-bytes: ^1.0.0
  checksum: 2/3e15159360c46fe1846eaeff92a6139c1b0873337cd12c7df0aa8a8978dce0524f37510cc1814c2e82fd7663ec7a15147321b2e5dc0ed426dfa31f1ea93e3691
  languageName: node
  linkType: hard

"semantic-ui-css@npm:^2.4.1":
  version: 2.4.1
  resolution: "semantic-ui-css@npm:2.4.1"
  dependencies:
    jquery: x.*
  checksum: 2/51eb2d50e7241d4ec8fb14a16ba3e19a9636b544d9698be5ad2f4dbbc7c9e64e67fd20b1f8b8ac1973e5b6921ddc373bced535984b1a5fc6402309dfddc57d00
  languageName: node
  linkType: hard

"semantic-ui-react@npm:^0.88.2":
  version: 0.88.2
  resolution: "semantic-ui-react@npm:0.88.2"
  dependencies:
    "@babel/runtime": ^7.1.2
    "@semantic-ui-react/event-stack": ^3.1.0
    "@stardust-ui/react-component-event-listener": ~0.38.0
    "@stardust-ui/react-component-ref": ~0.38.0
    classnames: ^2.2.6
    keyboard-key: ^1.0.4
    lodash: ^4.17.15
    prop-types: ^15.7.2
    react-is: ^16.8.6
    react-popper: ^1.3.4
    shallowequal: ^1.1.0
  peerDependencies:
    react: ^16.8.0
    react-dom: ^16.8.0
  checksum: 2/bbce7a9f63c3153023fb93f0a96c5db743abdcc4c7187aa50332ba560cbb3a793cb26588c2d5aa848b3964f71a65b8e0eabc3f19bd3c197af09ce0faadbb56cd
  languageName: node
  linkType: hard

"semver-compare@npm:^1.0.0":
  version: 1.0.0
  resolution: "semver-compare@npm:1.0.0"
  checksum: 2/9f3a74ca5f829c6b643668281228e2af310d9cb918a9d722e0c9426c4244c32346d29e955bbe796c46341f644fc741d888ca02e573f7aa230542809b03b0d8ec
  languageName: node
  linkType: hard

"semver@npm:^7.1.2":
  version: 7.3.2
  resolution: "semver@npm:7.3.2"
  bin:
    semver: bin/semver.js
  checksum: 2/bceb46d396d039afb5be2b2860bce1b0a43ecbadc72dde7ebe9c56dd9035ca50d9b8e086208ff9bbe53773ebde0bcfc6fc0842d7358398bca7054bb9ced801e3
  languageName: node
  linkType: hard

"serialize-error@npm:^5.0.0":
  version: 5.0.0
  resolution: "serialize-error@npm:5.0.0"
  dependencies:
    type-fest: ^0.8.0
  checksum: 2/23f2d081c0e47d9d33c783a0342ff100702fd9acfefcf1dc005dbf8737fea005dd371e403df831116dfba0e858aeb92f550fc6ee587a86fca98096dfdd19c8bc
  languageName: node
  linkType: hard

"shallowequal@npm:^1.1.0":
  version: 1.1.0
  resolution: "shallowequal@npm:1.1.0"
  checksum: 2/15820dd544ce15521565c366940a46dcbe0f093c1336f6259c7b3e2490ca10135645ee262778f555d3ccc38283207f2f0a41e9a0f26888b5d5159f2904c4ac68
  languageName: node
  linkType: hard

"sprintf-js@npm:^1.1.2":
  version: 1.1.2
  resolution: "sprintf-js@npm:1.1.2"
  checksum: 2/50d2008328a3cafac658a40de7fb7d3d899b8e12906b3784113a97199618531bc4237ef2779cc5a9cd6df06b58036fedf4578648a5bbfd01825ecb56546e3982
  languageName: node
  linkType: hard

"string.prototype.trimend@npm:^1.0.0":
  version: 1.0.1
  resolution: "string.prototype.trimend@npm:1.0.1"
  dependencies:
    define-properties: ^1.1.3
    es-abstract: ^1.17.5
  checksum: 2/93046463de6a3b4ae27d0622ae8795239c8d372b1be1a60122fce591bf7578b719becf00bf04326642a868bc6185f35901119b61a246509dd0dc0666b2a803ed
  languageName: node
  linkType: hard

"string.prototype.trimleft@npm:^2.1.1":
  version: 2.1.2
  resolution: "string.prototype.trimleft@npm:2.1.2"
  dependencies:
    define-properties: ^1.1.3
    es-abstract: ^1.17.5
    string.prototype.trimstart: ^1.0.0
  checksum: 2/c0b749c23b0f8621b1901e6aed83c1338af8fb5293a367e4b1065667e00ab07aa5248f19a6f5b9cb85f01c686987e0378153c066cd6901c3ea9a71d1133daaba
  languageName: node
  linkType: hard

"string.prototype.trimright@npm:^2.1.1":
  version: 2.1.2
  resolution: "string.prototype.trimright@npm:2.1.2"
  dependencies:
    define-properties: ^1.1.3
    es-abstract: ^1.17.5
    string.prototype.trimend: ^1.0.0
  checksum: 2/2c7b83c4cf487646d56ec7cd5d24dab112a0c34409b79d2fec4db111fb492ebeac507d993e228451eb56589e24b4c4cdfdcf335ff38bad85e0c34a94a74b7f6b
  languageName: node
  linkType: hard

"string.prototype.trimstart@npm:^1.0.0":
  version: 1.0.1
  resolution: "string.prototype.trimstart@npm:1.0.1"
  dependencies:
    define-properties: ^1.1.3
    es-abstract: ^1.17.5
  checksum: 2/20c4a940f1ba65b0aa5abf0c319dceba4fbf04d24553583b0b82eba2711815d1e40663ce36175ed06475701dbe797cac81be1ec1dc4bb4416b2077e8b0409036
  languageName: node
  linkType: hard

"string_decoder@npm:~1.1.1":
  version: 1.1.1
  resolution: "string_decoder@npm:1.1.1"
  dependencies:
    safe-buffer: ~5.1.0
  checksum: 2/bc2dc169d83df1b9e94defe7716bcad8a19ffe8211b029581cb0c6f9e83a6a7ba9ec3be38d179708a8643c692868a2b8b004ab159555dc26089ad3fa7b2158f5
  languageName: node
  linkType: hard

"sumchecker@npm:^3.0.1":
  version: 3.0.1
  resolution: "sumchecker@npm:3.0.1"
  dependencies:
    debug: ^4.1.0
  checksum: 2/7f4f9276f77124e688cc469bf77e57bba79e33246c9b053e97be2ef6c1d1ac4fd84ffddbc85bfbaab2c40b3fccadf85d0895b6761eb5a68121916d325d9d9921
  languageName: node
  linkType: hard

"to-readable-stream@npm:^1.0.0":
  version: 1.0.0
  resolution: "to-readable-stream@npm:1.0.0"
  checksum: 2/aa4b65d3e7a60d7b51204585187bdfd2159788a22ec241451c782552699e8dec39dcb8a9cd4957e03f32191ca18d3ea80abd9bb40005a8f1631df8fbba22b413
  languageName: node
  linkType: hard

"truncate-utf8-bytes@npm:^1.0.0":
  version: 1.0.2
  resolution: "truncate-utf8-bytes@npm:1.0.2"
  dependencies:
    utf8-byte-length: ^1.0.1
  checksum: 2/208b1197a1067e43483d036ca98ea6c9b48a60324b08979b4a569f35fbec1f62617218d0d7d4f34657c37616b99a0eed7be681a656fea01331cf33a0f8158e1d
  languageName: node
  linkType: hard

"tunnel@npm:^0.0.6":
  version: 0.0.6
  resolution: "tunnel@npm:0.0.6"
  checksum: 2/78fbb1a55a44fc8de6a497923bf7bf6e7b14b396e0ddaf11fe624ab7f646a0d2ada03f6dcb4a80940faed9649e30d229114f218e8906badd12ded2323a6f666b
  languageName: node
  linkType: hard

"type-fest@npm:^0.8.0":
  version: 0.8.1
  resolution: "type-fest@npm:0.8.1"
  checksum: 2/f8c4b4249f52e8bea7a4fc55b3653c96c2d547240e4c772e001d02b7cc38b8c3eb493ab9fbe985a76a203cd1aa7044776b728a71ba12bf36e7131f989597885b
  languageName: node
  linkType: hard

"typed-styles@npm:^0.0.7":
  version: 0.0.7
  resolution: "typed-styles@npm:0.0.7"
  checksum: 2/4988d78dafc45bc0ad73393f767c7958aabe121a9310d5c864ad6e064fd8bc049ac9a16ca2b411640e94cc95f8af3a67c78771f5eab5c211fcb60ecb71fdd2b9
  languageName: node
  linkType: hard

"typedarray@npm:^0.0.6":
  version: 0.0.6
  resolution: "typedarray@npm:0.0.6"
  checksum: 2/c9ef0176aaf32593514c31e5c6edc1db970847aff6e1f0a0570a6ac0cc996335792f394c2fcec59cc76691d22a01888ea073a2f3c6930cfcf7c519addf4e2ad7
  languageName: node
  linkType: hard

"universalify@npm:^0.1.0":
  version: 0.1.2
  resolution: "universalify@npm:0.1.2"
  checksum: 2/420fc6547357782c700d53e9a92506a8e95345b13e97684c8f9ab75237912ec2ebb6af8ac10d4f7406b7b6bd21c58f6c5c0811414fb0b4091b78b4743fa6806e
  languageName: node
  linkType: hard

"url-parse-lax@npm:^3.0.0":
  version: 3.0.0
  resolution: "url-parse-lax@npm:3.0.0"
  dependencies:
    prepend-http: ^2.0.0
  checksum: 2/334817036b300c35023798b8ceac23ea61b51f231a867112e3a85778d65191a3ccb67e7b69b608d45433d55da392cf0d72cd3c85f2542f6ec34733e455c229d5
  languageName: node
  linkType: hard

"utf8-byte-length@npm:^1.0.1":
  version: 1.0.4
  resolution: "utf8-byte-length@npm:1.0.4"
  checksum: 2/df2466d1c91c58f172258e98e5ccf08707ca8e719a5715342e69bd2ebd349d209a05d173f2c069586442f7f7de44bdb37a5a263c75f69768852842b09cc50a04
  languageName: node
  linkType: hard

"util-deprecate@npm:~1.0.1":
  version: 1.0.2
  resolution: "util-deprecate@npm:1.0.2"
  checksum: 2/73c2b1cf0210ccac300645384d8443cabbd93194117b2dc1b3bae8d8279ad39aedac857e020c4ea505e96a1045059c7359db3df6a9df0be6b8584166c9d61dc9
  languageName: node
  linkType: hard

"warning@npm:^4.0.2, warning@npm:^4.0.3":
  version: 4.0.3
  resolution: "warning@npm:4.0.3"
  dependencies:
    loose-envify: ^1.0.0
  checksum: 2/20ef5d29ff9c20af3060e504914a00d5a90ce346e75e6691efbedb540481cdc82070c966d75195f812de64bb0bd7f1b02315fcb52469db151c0f15e29002781c
  languageName: node
  linkType: hard

"wrappy@npm:1":
  version: 1.0.2
  resolution: "wrappy@npm:1.0.2"
  checksum: 2/519fcda0fcdf0c16327be2de9d98646742307bc830277e8868529fcf7566f2b330a6453c233e0cdcb767d5838dd61a90984a02ecc983bcddebea5ad0833bbf98
  languageName: node
  linkType: hard

"yauzl@npm:^2.10.0":
  version: 2.10.0
  resolution: "yauzl@npm:2.10.0"
  dependencies:
    buffer-crc32: ~0.2.3
    fd-slicer: ~1.1.0
  checksum: 2/6d0c4e72706ec2df6ea842d09c792e7b34badc5db3d8a893e0c70d0e464c9bf82bac4b1690f3515b5e1d96b72fceb6cc4dd96465426077ba6dddc54e7dd4d517
  languageName: node
  linkType: hard
