# THIS IS AN AUTOGENERATED FILE. DO NOT EDIT THIS FILE DIRECTLY.
# yarn lockfile v1


"@esbuild/android-arm64@0.17.19":
  version "0.17.19"
  resolved "https://registry.yarnpkg.com/@esbuild/android-arm64/-/android-arm64-0.17.19.tgz#bafb75234a5d3d1b690e7c2956a599345e84a2fd"
  integrity sha512-KBMWvEZooR7+kzY0BtbTQn0OAYY7CsiydT63pVEaPtVYF0hXbUaOyZog37DKxK7NF3XacBJOpYT4adIJh+avxA==

"@esbuild/android-arm@0.17.19":
  version "0.17.19"
  resolved "https://registry.yarnpkg.com/@esbuild/android-arm/-/android-arm-0.17.19.tgz#5898f7832c2298bc7d0ab53701c57beb74d78b4d"
  integrity sha512-rIKddzqhmav7MSmoFCmDIb6e2W57geRsM94gV2l38fzhXMwq7hZoClug9USI2pFRGL06f4IOPHHpFNOkWieR8A==

"@esbuild/android-x64@0.17.19":
  version "0.17.19"
  resolved "https://registry.yarnpkg.com/@esbuild/android-x64/-/android-x64-0.17.19.tgz#658368ef92067866d95fb268719f98f363d13ae1"
  integrity sha512-uUTTc4xGNDT7YSArp/zbtmbhO0uEEK9/ETW29Wk1thYUJBz3IVnvgEiEwEa9IeLyvnpKrWK64Utw2bgUmDveww==

"@esbuild/darwin-arm64@0.17.19":
  version "0.17.19"
  resolved "https://registry.yarnpkg.com/@esbuild/darwin-arm64/-/darwin-arm64-0.17.19.tgz#584c34c5991b95d4d48d333300b1a4e2ff7be276"
  integrity sha512-80wEoCfF/hFKM6WE1FyBHc9SfUblloAWx6FJkFWTWiCoht9Mc0ARGEM47e67W9rI09YoUxJL68WHfDRYEAvOhg==

"@esbuild/darwin-x64@0.17.19":
  version "0.17.19"
  resolved "https://registry.yarnpkg.com/@esbuild/darwin-x64/-/darwin-x64-0.17.19.tgz#7751d236dfe6ce136cce343dce69f52d76b7f6cb"
  integrity sha512-IJM4JJsLhRYr9xdtLytPLSH9k/oxR3boaUIYiHkAawtwNOXKE8KoU8tMvryogdcT8AU+Bflmh81Xn6Q0vTZbQw==

"@esbuild/freebsd-arm64@0.17.19":
  version "0.17.19"
  resolved "https://registry.yarnpkg.com/@esbuild/freebsd-arm64/-/freebsd-arm64-0.17.19.tgz#cacd171665dd1d500f45c167d50c6b7e539d5fd2"
  integrity sha512-pBwbc7DufluUeGdjSU5Si+P3SoMF5DQ/F/UmTSb8HXO80ZEAJmrykPyzo1IfNbAoaqw48YRpv8shwd1NoI0jcQ==

"@esbuild/freebsd-x64@0.17.19":
  version "0.17.19"
  resolved "https://registry.yarnpkg.com/@esbuild/freebsd-x64/-/freebsd-x64-0.17.19.tgz#0769456eee2a08b8d925d7c00b79e861cb3162e4"
  integrity sha512-4lu+n8Wk0XlajEhbEffdy2xy53dpR06SlzvhGByyg36qJw6Kpfk7cp45DR/62aPH9mtJRmIyrXAS5UWBrJT6TQ==

"@esbuild/linux-arm64@0.17.19":
  version "0.17.19"
  resolved "https://registry.yarnpkg.com/@esbuild/linux-arm64/-/linux-arm64-0.17.19.tgz#38e162ecb723862c6be1c27d6389f48960b68edb"
  integrity sha512-ct1Tg3WGwd3P+oZYqic+YZF4snNl2bsnMKRkb3ozHmnM0dGWuxcPTTntAF6bOP0Sp4x0PjSF+4uHQ1xvxfRKqg==

"@esbuild/linux-arm@0.17.19":
  version "0.17.19"
  resolved "https://registry.yarnpkg.com/@esbuild/linux-arm/-/linux-arm-0.17.19.tgz#1a2cd399c50040184a805174a6d89097d9d1559a"
  integrity sha512-cdmT3KxjlOQ/gZ2cjfrQOtmhG4HJs6hhvm3mWSRDPtZ/lP5oe8FWceS10JaSJC13GBd4eH/haHnqf7hhGNLerA==

"@esbuild/linux-ia32@0.17.19":
  version "0.17.19"
  resolved "https://registry.yarnpkg.com/@esbuild/linux-ia32/-/linux-ia32-0.17.19.tgz#e28c25266b036ce1cabca3c30155222841dc035a"
  integrity sha512-w4IRhSy1VbsNxHRQpeGCHEmibqdTUx61Vc38APcsRbuVgK0OPEnQ0YD39Brymn96mOx48Y2laBQGqgZ0j9w6SQ==

"@esbuild/linux-loong64@0.17.19":
  version "0.17.19"
  resolved "https://registry.yarnpkg.com/@esbuild/linux-loong64/-/linux-loong64-0.17.19.tgz#0f887b8bb3f90658d1a0117283e55dbd4c9dcf72"
  integrity sha512-2iAngUbBPMq439a+z//gE+9WBldoMp1s5GWsUSgqHLzLJ9WoZLZhpwWuym0u0u/4XmZ3gpHmzV84PonE+9IIdQ==

"@esbuild/linux-mips64el@0.17.19":
  version "0.17.19"
  resolved "https://registry.yarnpkg.com/@esbuild/linux-mips64el/-/linux-mips64el-0.17.19.tgz#f5d2a0b8047ea9a5d9f592a178ea054053a70289"
  integrity sha512-LKJltc4LVdMKHsrFe4MGNPp0hqDFA1Wpt3jE1gEyM3nKUvOiO//9PheZZHfYRfYl6AwdTH4aTcXSqBerX0ml4A==

"@esbuild/linux-ppc64@0.17.19":
  version "0.17.19"
  resolved "https://registry.yarnpkg.com/@esbuild/linux-ppc64/-/linux-ppc64-0.17.19.tgz#876590e3acbd9fa7f57a2c7d86f83717dbbac8c7"
  integrity sha512-/c/DGybs95WXNS8y3Ti/ytqETiW7EU44MEKuCAcpPto3YjQbyK3IQVKfF6nbghD7EcLUGl0NbiL5Rt5DMhn5tg==

"@esbuild/linux-riscv64@0.17.19":
  version "0.17.19"
  resolved "https://registry.yarnpkg.com/@esbuild/linux-riscv64/-/linux-riscv64-0.17.19.tgz#7f49373df463cd9f41dc34f9b2262d771688bf09"
  integrity sha512-FC3nUAWhvFoutlhAkgHf8f5HwFWUL6bYdvLc/TTuxKlvLi3+pPzdZiFKSWz/PF30TB1K19SuCxDTI5KcqASJqA==

"@esbuild/linux-s390x@0.17.19":
  version "0.17.19"
  resolved "https://registry.yarnpkg.com/@esbuild/linux-s390x/-/linux-s390x-0.17.19.tgz#e2afd1afcaf63afe2c7d9ceacd28ec57c77f8829"
  integrity sha512-IbFsFbxMWLuKEbH+7sTkKzL6NJmG2vRyy6K7JJo55w+8xDk7RElYn6xvXtDW8HCfoKBFK69f3pgBJSUSQPr+4Q==

"@esbuild/linux-x64@0.17.19":
  version "0.17.19"
  resolved "https://registry.yarnpkg.com/@esbuild/linux-x64/-/linux-x64-0.17.19.tgz#8a0e9738b1635f0c53389e515ae83826dec22aa4"
  integrity sha512-68ngA9lg2H6zkZcyp22tsVt38mlhWde8l3eJLWkyLrp4HwMUr3c1s/M2t7+kHIhvMjglIBrFpncX1SzMckomGw==

"@esbuild/netbsd-x64@0.17.19":
  version "0.17.19"
  resolved "https://registry.yarnpkg.com/@esbuild/netbsd-x64/-/netbsd-x64-0.17.19.tgz#c29fb2453c6b7ddef9a35e2c18b37bda1ae5c462"
  integrity sha512-CwFq42rXCR8TYIjIfpXCbRX0rp1jo6cPIUPSaWwzbVI4aOfX96OXY8M6KNmtPcg7QjYeDmN+DD0Wp3LaBOLf4Q==

"@esbuild/openbsd-x64@0.17.19":
  version "0.17.19"
  resolved "https://registry.yarnpkg.com/@esbuild/openbsd-x64/-/openbsd-x64-0.17.19.tgz#95e75a391403cb10297280d524d66ce04c920691"
  integrity sha512-cnq5brJYrSZ2CF6c35eCmviIN3k3RczmHz8eYaVlNasVqsNY+JKohZU5MKmaOI+KkllCdzOKKdPs762VCPC20g==

"@esbuild/sunos-x64@0.17.19":
  version "0.17.19"
  resolved "https://registry.yarnpkg.com/@esbuild/sunos-x64/-/sunos-x64-0.17.19.tgz#722eaf057b83c2575937d3ffe5aeb16540da7273"
  integrity sha512-vCRT7yP3zX+bKWFeP/zdS6SqdWB8OIpaRq/mbXQxTGHnIxspRtigpkUcDMlSCOejlHowLqII7K2JKevwyRP2rg==

"@esbuild/win32-arm64@0.17.19":
  version "0.17.19"
  resolved "https://registry.yarnpkg.com/@esbuild/win32-arm64/-/win32-arm64-0.17.19.tgz#9aa9dc074399288bdcdd283443e9aeb6b9552b6f"
  integrity sha512-yYx+8jwowUstVdorcMdNlzklLYhPxjniHWFKgRqH7IFlUEa0Umu3KuYplf1HUZZ422e3NU9F4LGb+4O0Kdcaag==

"@esbuild/win32-ia32@0.17.19":
  version "0.17.19"
  resolved "https://registry.yarnpkg.com/@esbuild/win32-ia32/-/win32-ia32-0.17.19.tgz#95ad43c62ad62485e210f6299c7b2571e48d2b03"
  integrity sha512-eggDKanJszUtCdlVs0RB+h35wNlb5v4TWEkq4vZcmVt5u/HiDZrTXe2bWFQUez3RgNHwx/x4sk5++4NSSicKkw==

"@esbuild/win32-x64@0.17.19":
  version "0.17.19"
  resolved "https://registry.yarnpkg.com/@esbuild/win32-x64/-/win32-x64-0.17.19.tgz#8cfaf2ff603e9aabb910e9c0558c26cf32744061"
  integrity sha512-lAhycmKnVOuRYNtRtatQR1LPQf2oYCkRGkSFnseDAKPl8lu5SOsK/e1sXe5a0Pc5kHIHe6P2I/ilntNv2xf3cA==

"@hapi/hoek@^9.0.0":
  version "9.3.0"
  resolved "https://registry.yarnpkg.com/@hapi/hoek/-/hoek-9.3.0.tgz#8368869dcb735be2e7f5cb7647de78e167a251fb"
  integrity sha512-/c6rf4UJlmHlC9b5BaNvzAcFv7HZ2QHaV0D4/HNlBdvFnvQq8RI4kYdhyPCl7Xj+oWvTWQ8ujhqS53LIgAe6KQ==

"@hapi/topo@^5.0.0":
  version "5.1.0"
  resolved "https://registry.yarnpkg.com/@hapi/topo/-/topo-5.1.0.tgz#dc448e332c6c6e37a4dc02fd84ba8d44b9afb012"
  integrity sha512-foQZKJig7Ob0BMAYBfcJk8d77QtOe7Wo4ox7ff1lQYoNNAb6jwcY1ncdoy2e9wQZzvNy7ODZCYJkK8kzmcAnAg==
  dependencies:
    "@hapi/hoek" "^9.0.0"

"@jridgewell/sourcemap-codec@^1.4.13":
  version "1.4.15"
  resolved "https://registry.yarnpkg.com/@jridgewell/sourcemap-codec/-/sourcemap-codec-1.4.15.tgz#d7c6e6755c78567a951e04ab52ef0fd26de59f32"
  integrity sha512-eF2rxCRulEKXHTRiDrDy6erMYWqNw4LPdQ8UQA4huuxaQsVeRPFl2oM8oDGxMFhJUWZf9McpLtJasDDZb/Bpeg==

"@playwright/test@^1.35.1":
  version "1.35.1"
  resolved "https://registry.yarnpkg.com/@playwright/test/-/test-1.35.1.tgz#a596b61e15b980716696f149cc7a2002f003580c"
  integrity sha512-b5YoFe6J9exsMYg0pQAobNDR85T1nLumUYgUTtKm4d21iX2L7WqKq9dW8NGJ+2vX0etZd+Y7UeuqsxDXm9+5ZA==
  dependencies:
    "@types/node" "*"
    playwright-core "1.35.1"
  optionalDependencies:
    fsevents "2.3.2"

"@sideway/address@^4.1.3":
  version "4.1.4"
  resolved "https://registry.yarnpkg.com/@sideway/address/-/address-4.1.4.tgz#03dccebc6ea47fdc226f7d3d1ad512955d4783f0"
  integrity sha512-7vwq+rOHVWjyXxVlR76Agnvhy8I9rpzjosTESvmhNeXOXdZZB15Fl+TI9x1SiHZH5Jv2wTGduSxFDIaq0m3DUw==
  dependencies:
    "@hapi/hoek" "^9.0.0"

"@sideway/formula@^3.0.1":
  version "3.0.1"
  resolved "https://registry.yarnpkg.com/@sideway/formula/-/formula-3.0.1.tgz#80fcbcbaf7ce031e0ef2dd29b1bfc7c3f583611f"
  integrity sha512-/poHZJJVjx3L+zVD6g9KgHfYnb443oi7wLu/XKojDviHy6HOEOA6z1Trk5aR1dGcmPenJEgb2sK2I80LeS3MIg==

"@sideway/pinpoint@^2.0.0":
  version "2.0.0"
  resolved "https://registry.yarnpkg.com/@sideway/pinpoint/-/pinpoint-2.0.0.tgz#cff8ffadc372ad29fd3f78277aeb29e632cc70df"
  integrity sha512-RNiOoTPkptFtSVzQevY/yWtZwf/RxyVnPy/OcA9HBM3MlGDnBEYL5B41H0MTn0Uec8Hi+2qUtTfG2WWZBmMejQ==

"@types/chai-subset@^1.3.3":
  version "1.3.3"
  resolved "https://registry.yarnpkg.com/@types/chai-subset/-/chai-subset-1.3.3.tgz#97893814e92abd2c534de422cb377e0e0bdaac94"
  integrity sha512-frBecisrNGz+F4T6bcc+NLeolfiojh5FxW2klu669+8BARtyQv2C/GkNW6FUodVe4BroGMP/wER/YDGc7rEllw==
  dependencies:
    "@types/chai" "*"

"@types/chai@*", "@types/chai@^4.3.5":
  version "4.3.5"
  resolved "https://registry.yarnpkg.com/@types/chai/-/chai-4.3.5.tgz#ae69bcbb1bebb68c4ac0b11e9d8ed04526b3562b"
  integrity sha512-mEo1sAde+UCE6b2hxn332f1g1E8WfYRu6p5SvTKr2ZKC1f7gFJXk4h5PyGP9Dt6gCaG8y8XhwnXWC6Iy2cmBng==

"@types/node@*":
  version "20.3.1"
  resolved "https://registry.yarnpkg.com/@types/node/-/node-20.3.1.tgz#e8a83f1aa8b649377bb1fb5d7bac5cb90e784dfe"
  integrity sha512-EhcH/wvidPy1WeML3TtYFGR83UzjxeWRen9V402T8aUGYsCHOmfoisV3ZSg03gAFIbLq8TnWOJ0f4cALtnSEUg==

"@vitest/expect@0.32.2":
  version "0.32.2"
  resolved "https://registry.yarnpkg.com/@vitest/expect/-/expect-0.32.2.tgz#8111f6ab1ff3b203efbe3a25e8bb2d160ce4b720"
  integrity sha512-6q5yzweLnyEv5Zz1fqK5u5E83LU+gOMVBDuxBl2d2Jfx1BAp5M+rZgc5mlyqdnxquyoiOXpXmFNkcGcfFnFH3Q==
  dependencies:
    "@vitest/spy" "0.32.2"
    "@vitest/utils" "0.32.2"
    chai "^4.3.7"

"@vitest/runner@0.32.2":
  version "0.32.2"
  resolved "https://registry.yarnpkg.com/@vitest/runner/-/runner-0.32.2.tgz#18dd979ce4e8766bcc90948d11b4c8ae6ed90b89"
  integrity sha512-06vEL0C1pomOEktGoLjzZw+1Fb+7RBRhmw/06WkDrd1akkT9i12su0ku+R/0QM69dfkIL/rAIDTG+CSuQVDcKw==
  dependencies:
    "@vitest/utils" "0.32.2"
    concordance "^5.0.4"
    p-limit "^4.0.0"
    pathe "^1.1.0"

"@vitest/snapshot@0.32.2":
  version "0.32.2"
  resolved "https://registry.yarnpkg.com/@vitest/snapshot/-/snapshot-0.32.2.tgz#500b6453e88e4c50a0aded39839352c16b519b9e"
  integrity sha512-JwhpeH/PPc7GJX38vEfCy9LtRzf9F4er7i4OsAJyV7sjPwjj+AIR8cUgpMTWK4S3TiamzopcTyLsZDMuldoi5A==
  dependencies:
    magic-string "^0.30.0"
    pathe "^1.1.0"
    pretty-format "^27.5.1"

"@vitest/spy@0.32.2":
  version "0.32.2"
  resolved "https://registry.yarnpkg.com/@vitest/spy/-/spy-0.32.2.tgz#f3ef7afe0d34e863b90df7c959fa5af540a6aaf9"
  integrity sha512-Q/ZNILJ4ca/VzQbRM8ur3Si5Sardsh1HofatG9wsJY1RfEaw0XKP8IVax2lI1qnrk9YPuG9LA2LkZ0EI/3d4ug==
  dependencies:
    tinyspy "^2.1.0"

"@vitest/utils@0.32.2":
  version "0.32.2"
  resolved "https://registry.yarnpkg.com/@vitest/utils/-/utils-0.32.2.tgz#809c720cafbf4b35ce651deb8570d57785e77819"
  integrity sha512-lnJ0T5i03j0IJaeW73hxe2AuVnZ/y1BhhCOuIcl9LIzXnbpXJT9Lrt6brwKHXLOiA7MZ6N5hSJjt0xE1dGNCzQ==
  dependencies:
    diff-sequences "^29.4.3"
    loupe "^2.3.6"
    pretty-format "^27.5.1"

acorn-walk@^8.2.0:
  version "8.2.0"
  resolved "https://registry.yarnpkg.com/acorn-walk/-/acorn-walk-8.2.0.tgz#741210f2e2426454508853a2f44d0ab83b7f69c1"
  integrity sha512-k+iyHEuPgSw6SbuDpGQM+06HQUa04DZ3o+F6CSzXMvvI5KMvnaEqXe+YVe555R9nn6GPt404fos4wcgpw12SDA==

acorn@^8.8.2, acorn@^8.9.0:
  version "8.9.0"
  resolved "https://registry.yarnpkg.com/acorn/-/acorn-8.9.0.tgz#78a16e3b2bcc198c10822786fa6679e245db5b59"
  integrity sha512-jaVNAFBHNLXspO543WnNNPZFRtavh3skAkITqD0/2aeMkKZTN+254PyhwxFYrk3vQ1xfY+2wbesJMs/JC8/PwQ==

ansi-regex@^5.0.1:
  version "5.0.1"
  resolved "https://registry.yarnpkg.com/ansi-regex/-/ansi-regex-5.0.1.tgz#082cb2c89c9fe8659a311a53bd6a4dc5301db304"
  integrity sha512-quJQXlTSUGL2LH9SUXo8VwsY4soanhgo6LNSm84E1LBcE8s3O0wpdiRzyR9z/ZZJMlMWv37qOOb9pdJlMUEKFQ==

ansi-styles@^5.0.0:
  version "5.2.0"
  resolved "https://registry.yarnpkg.com/ansi-styles/-/ansi-styles-5.2.0.tgz#07449690ad45777d1924ac2abb2fc8895dba836b"
  integrity sha512-Cxwpt2SfTzTtXcfOlzGEee8O+c+MmUgGrNiBcXnuWxuFJHe6a5Hz7qwhwe5OgaSYI0IJvkLqWX1ASG+cJOkEiA==

assertion-error@^1.1.0:
  version "1.1.0"
  resolved "https://registry.yarnpkg.com/assertion-error/-/assertion-error-1.1.0.tgz#e60b6b0e8f301bd97e5375215bda406c85118c0b"
  integrity sha512-jgsaNduz+ndvGyFt3uSuWqvy4lCnIJiovtouQN5JZHOKCS2QuhEdbcQHFhVksz2N2U9hXJo8odG7ETyWlEeuDw==

asynckit@^0.4.0:
  version "0.4.0"
  resolved "https://registry.yarnpkg.com/asynckit/-/asynckit-0.4.0.tgz#c79ed97f7f34cb8f2ba1bc9790bcc366474b4b79"
  integrity sha512-Oei9OH4tRh0YqU3GxhX79dM/mwVgvbZJaSNaRk+bshkj0S5cfHcgYakreBjrHwatXKbz+IoIdYLxrKim2MjW0Q==

axios@^0.27.2:
  version "0.27.2"
  resolved "https://registry.yarnpkg.com/axios/-/axios-0.27.2.tgz#207658cc8621606e586c85db4b41a750e756d972"
  integrity sha512-t+yRIyySRTp/wua5xEr+z1q60QmLq8ABsS5O9Me1AsE5dfKqgnCFzwiCZZ/cGNd1lq4/7akDWMxdhVlucjmnOQ==
  dependencies:
    follow-redirects "^1.14.9"
    form-data "^4.0.0"

blueimp-md5@^2.10.0:
  version "2.19.0"
  resolved "https://registry.yarnpkg.com/blueimp-md5/-/blueimp-md5-2.19.0.tgz#b53feea5498dcb53dc6ec4b823adb84b729c4af0"
  integrity sha512-DRQrD6gJyy8FbiE4s+bDoXS9hiW3Vbx5uCdwvcCf3zLHL+Iv7LtGHLpr+GZV8rHG8tK766FGYBwRbu8pELTt+w==

cac@^6.7.14:
  version "6.7.14"
  resolved "https://registry.yarnpkg.com/cac/-/cac-6.7.14.tgz#804e1e6f506ee363cb0e3ccbb09cad5dd9870959"
  integrity sha512-b6Ilus+c3RrdDk+JhLKUAQfzzgLEPy6wcXqS7f/xe1EETvsDP6GORG7SFuOs6cID5YkqchW/LXZbX5bc8j7ZcQ==

chai@^4.3.7:
  version "4.3.7"
  resolved "https://registry.yarnpkg.com/chai/-/chai-4.3.7.tgz#ec63f6df01829088e8bf55fca839bcd464a8ec51"
  integrity sha512-HLnAzZ2iupm25PlN0xFreAlBA5zaBSv3og0DdeGA4Ar6h6rJ3A0rolRUKJhSF2V10GZKDgWF/VmAEsNWjCRB+A==
  dependencies:
    assertion-error "^1.1.0"
    check-error "^1.0.2"
    deep-eql "^4.1.2"
    get-func-name "^2.0.0"
    loupe "^2.3.1"
    pathval "^1.1.1"
    type-detect "^4.0.5"

check-error@^1.0.2:
  version "1.0.2"
  resolved "https://registry.yarnpkg.com/check-error/-/check-error-1.0.2.tgz#574d312edd88bb5dd8912e9286dd6c0aed4aac82"
  integrity sha512-BrgHpW9NURQgzoNyjfq0Wu6VFO6D7IZEmJNdtgNqpzGG8RuNFHt2jQxWlAs4HMe119chBnv+34syEZtc6IhLtA==

combined-stream@^1.0.8:
  version "1.0.8"
  resolved "https://registry.yarnpkg.com/combined-stream/-/combined-stream-1.0.8.tgz#c3d45a8b34fd730631a110a8a2520682b31d5a7f"
  integrity sha512-FQN4MRfuJeHf7cBbBMJFXhKSDq+2kAArBlmRBvcvFE5BB1HZKXtSFASDhdlz9zOYwxh8lDdnvmMOe/+5cdoEdg==
  dependencies:
    delayed-stream "~1.0.0"

concordance@^5.0.4:
  version "5.0.4"
  resolved "https://registry.yarnpkg.com/concordance/-/concordance-5.0.4.tgz#9896073261adced72f88d60e4d56f8efc4bbbbd2"
  integrity sha512-OAcsnTEYu1ARJqWVGwf4zh4JDfHZEaSNlNccFmt8YjB2l/n19/PF2viLINHc57vO4FKIAFl2FWASIGZZWZ2Kxw==
  dependencies:
    date-time "^3.1.0"
    esutils "^2.0.3"
    fast-diff "^1.2.0"
    js-string-escape "^1.0.1"
    lodash "^4.17.15"
    md5-hex "^3.0.1"
    semver "^7.3.2"
    well-known-symbols "^2.0.0"

date-time@^3.1.0:
  version "3.1.0"
  resolved "https://registry.yarnpkg.com/date-time/-/date-time-3.1.0.tgz#0d1e934d170579f481ed8df1e2b8ff70ee845e1e"
  integrity sha512-uqCUKXE5q1PNBXjPqvwhwJf9SwMoAHBgWJ6DcrnS5o+W2JOiIILl0JEdVD8SGujrNS02GGxgwAg2PN2zONgtjg==
  dependencies:
    time-zone "^1.0.0"

debug@^4.3.4:
  version "4.3.4"
  resolved "https://registry.yarnpkg.com/debug/-/debug-4.3.4.tgz#1319f6579357f2338d3337d2cdd4914bb5dcc865"
  integrity sha512-PRWFHuSU3eDtQJPvnNY7Jcket1j0t5OuOsFzPPzsekD52Zl8qUfFIPEiswXqIvHWGVHOgX+7G/vCNNhehwxfkQ==
  dependencies:
    ms "2.1.2"

deep-eql@^4.1.2:
  version "4.1.3"
  resolved "https://registry.yarnpkg.com/deep-eql/-/deep-eql-4.1.3.tgz#7c7775513092f7df98d8df9996dd085eb668cc6d"
  integrity sha512-WaEtAOpRA1MQ0eohqZjpGD8zdI0Ovsm8mmFhaDN8dvDZzyoUMcYDnf5Y6iu7HTXxf8JDS23qWa4a+hKCDyOPzw==
  dependencies:
    type-detect "^4.0.0"

delayed-stream@~1.0.0:
  version "1.0.0"
  resolved "https://registry.yarnpkg.com/delayed-stream/-/delayed-stream-1.0.0.tgz#df3ae199acadfb7d440aaae0b29e2272b24ec619"
  integrity sha512-ZySD7Nf91aLB0RxL4KGrKHBXl7Eds1DAmEdcoVawXnLD7SDhpNgtuII2aAkg7a7QS41jxPSZ17p4VdGnMHk3MQ==

diff-sequences@^29.4.3:
  version "29.4.3"
  resolved "https://registry.yarnpkg.com/diff-sequences/-/diff-sequences-29.4.3.tgz#9314bc1fabe09267ffeca9cbafc457d8499a13f2"
  integrity sha512-ofrBgwpPhCD85kMKtE9RYFFq6OC1A89oW2vvgWZNCwxrUpRUILopY7lsYyMDSjc8g6U6aiO0Qubg6r4Wgt5ZnA==

dotenv@^16.3.1:
  version "16.3.1"
  resolved "https://registry.yarnpkg.com/dotenv/-/dotenv-16.3.1.tgz#369034de7d7e5b120972693352a3bf112172cc3e"
  integrity sha512-IPzF4w4/Rd94bA9imS68tZBaYyBWSCE47V1RGuMrB94iyTOIEwRmVL2x/4An+6mETpLrKJ5hQkB8W4kFAadeIQ==

esbuild@^0.17.5:
  version "0.17.19"
  resolved "https://registry.yarnpkg.com/esbuild/-/esbuild-0.17.19.tgz#087a727e98299f0462a3d0bcdd9cd7ff100bd955"
  integrity sha512-XQ0jAPFkK/u3LcVRcvVHQcTIqD6E2H1fvZMA5dQPSOWb3suUbWbfbRf94pjc0bNzRYLfIrDRQXr7X+LHIm5oHw==
  optionalDependencies:
    "@esbuild/android-arm" "0.17.19"
    "@esbuild/android-arm64" "0.17.19"
    "@esbuild/android-x64" "0.17.19"
    "@esbuild/darwin-arm64" "0.17.19"
    "@esbuild/darwin-x64" "0.17.19"
    "@esbuild/freebsd-arm64" "0.17.19"
    "@esbuild/freebsd-x64" "0.17.19"
    "@esbuild/linux-arm" "0.17.19"
    "@esbuild/linux-arm64" "0.17.19"
    "@esbuild/linux-ia32" "0.17.19"
    "@esbuild/linux-loong64" "0.17.19"
    "@esbuild/linux-mips64el" "0.17.19"
    "@esbuild/linux-ppc64" "0.17.19"
    "@esbuild/linux-riscv64" "0.17.19"
    "@esbuild/linux-s390x" "0.17.19"
    "@esbuild/linux-x64" "0.17.19"
    "@esbuild/netbsd-x64" "0.17.19"
    "@esbuild/openbsd-x64" "0.17.19"
    "@esbuild/sunos-x64" "0.17.19"
    "@esbuild/win32-arm64" "0.17.19"
    "@esbuild/win32-ia32" "0.17.19"
    "@esbuild/win32-x64" "0.17.19"

esutils@^2.0.3:
  version "2.0.3"
  resolved "https://registry.yarnpkg.com/esutils/-/esutils-2.0.3.tgz#74d2eb4de0b8da1293711910d50775b9b710ef64"
  integrity sha512-kVscqXk4OCp68SZ0dkgEKVi6/8ij300KBWTJq32P/dYeWTSwK41WyTxalN1eRmA5Z9UU/LX9D7FWSmV9SAYx6g==

fast-diff@^1.2.0:
  version "1.3.0"
  resolved "https://registry.yarnpkg.com/fast-diff/-/fast-diff-1.3.0.tgz#ece407fa550a64d638536cd727e129c61616e0f0"
  integrity sha512-VxPP4NqbUjj6MaAOafWeUn2cXWLcCtljklUtZf0Ind4XQ+QPtmA0b18zZy0jIQx+ExRVCR/ZQpBmik5lXshNsw==

follow-redirects@^1.14.9:
  version "1.15.2"
  resolved "https://registry.yarnpkg.com/follow-redirects/-/follow-redirects-1.15.2.tgz#b460864144ba63f2681096f274c4e57026da2c13"
  integrity sha512-VQLG33o04KaQ8uYi2tVNbdrWp1QWxNNea+nmIB4EVM28v0hmP17z7aG1+wAkNzVq4KeXTq3221ye5qTJP91JwA==

form-data@^4.0.0:
  version "4.0.0"
  resolved "https://registry.yarnpkg.com/form-data/-/form-data-4.0.0.tgz#93919daeaf361ee529584b9b31664dc12c9fa452"
  integrity sha512-ETEklSGi5t0QMZuiXoA/Q6vcnxcLQP5vdugSpuAyi6SVGi2clPPp+xgEhuMaHC+zGgn31Kd235W35f7Hykkaww==
  dependencies:
    asynckit "^0.4.0"
    combined-stream "^1.0.8"
    mime-types "^2.1.12"

fsevents@2.3.2, fsevents@~2.3.2:
  version "2.3.2"
  resolved "https://registry.yarnpkg.com/fsevents/-/fsevents-2.3.2.tgz#8a526f78b8fdf4623b709e0b975c52c24c02fd1a"
  integrity sha512-xiqMQR4xAeHTuB9uWm+fFRcIOgKBMiOBP+eXiyT7jsgVCq1bkVygt00oASowB7EdtpOHaaPgKt812P9ab+DDKA==

get-func-name@^2.0.0:
  version "2.0.0"
  resolved "https://registry.yarnpkg.com/get-func-name/-/get-func-name-2.0.0.tgz#ead774abee72e20409433a066366023dd6887a41"
  integrity sha512-Hm0ixYtaSZ/V7C8FJrtZIuBBI+iSgL+1Aq82zSu8VQNB4S3Gk8e7Qs3VwBDJAhmRZcFqkl3tQu36g/Foh5I5ig==

joi@^17.7.0:
  version "17.9.2"
  resolved "https://registry.yarnpkg.com/joi/-/joi-17.9.2.tgz#8b2e4724188369f55451aebd1d0b1d9482470690"
  integrity sha512-Itk/r+V4Dx0V3c7RLFdRh12IOjySm2/WGPMubBT92cQvRfYZhPM2W0hZlctjj72iES8jsRCwp7S/cRmWBnJ4nw==
  dependencies:
    "@hapi/hoek" "^9.0.0"
    "@hapi/topo" "^5.0.0"
    "@sideway/address" "^4.1.3"
    "@sideway/formula" "^3.0.1"
    "@sideway/pinpoint" "^2.0.0"

js-string-escape@^1.0.1:
  version "1.0.1"
  resolved "https://registry.yarnpkg.com/js-string-escape/-/js-string-escape-1.0.1.tgz#e2625badbc0d67c7533e9edc1068c587ae4137ef"
  integrity sha512-Smw4xcfIQ5LVjAOuJCvN/zIodzA/BBSsluuoSykP+lUvScIi4U6RJLfwHet5cxFnCswUjISV8oAXaqaJDY3chg==

jsonc-parser@^3.2.0:
  version "3.2.0"
  resolved "https://registry.yarnpkg.com/jsonc-parser/-/jsonc-parser-3.2.0.tgz#31ff3f4c2b9793f89c67212627c51c6394f88e76"
  integrity sha512-gfFQZrcTc8CnKXp6Y4/CBT3fTc0OVuDofpre4aEeEpSBPV5X5v4+Vmx+8snU7RLPrNHPKSgLxGo9YuQzz20o+w==

local-pkg@^0.4.3:
  version "0.4.3"
  resolved "https://registry.yarnpkg.com/local-pkg/-/local-pkg-0.4.3.tgz#0ff361ab3ae7f1c19113d9bb97b98b905dbc4963"
  integrity sha512-SFppqq5p42fe2qcZQqqEOiVRXl+WCP1MdT6k7BDEW1j++sp5fIY+/fdRQitvKgB5BrBcmrs5m/L0v2FrU5MY1g==

lodash@^4.17.15, lodash@^4.17.21:
  version "4.17.21"
  resolved "https://registry.yarnpkg.com/lodash/-/lodash-4.17.21.tgz#679591c564c3bffaae8454cf0b3df370c3d6911c"
  integrity sha512-v2kDEe57lecTulaDIuNTPy3Ry4gLGJ6Z1O3vE1krgXZNrsQ+LFTGHVxVjcXPs17LhbZVGedAJv8XZ1tvj5FvSg==

loupe@^2.3.1, loupe@^2.3.6:
  version "2.3.6"
  resolved "https://registry.yarnpkg.com/loupe/-/loupe-2.3.6.tgz#76e4af498103c532d1ecc9be102036a21f787b53"
  integrity sha512-RaPMZKiMy8/JruncMU5Bt6na1eftNoo++R4Y+N2FrxkDVTrGvcyzFTsaGif4QTeKESheMGegbhw6iUAq+5A8zA==
  dependencies:
    get-func-name "^2.0.0"

lru-cache@^6.0.0:
  version "6.0.0"
  resolved "https://registry.yarnpkg.com/lru-cache/-/lru-cache-6.0.0.tgz#6d6fe6570ebd96aaf90fcad1dafa3b2566db3a94"
  integrity sha512-Jo6dJ04CmSjuznwJSS3pUeWmd/H0ffTlkXXgwZi+eq1UCmqQwCh+eLsYOYCwY991i2Fah4h1BEMCx4qThGbsiA==
  dependencies:
    yallist "^4.0.0"

magic-string@^0.30.0:
  version "0.30.0"
  resolved "https://registry.yarnpkg.com/magic-string/-/magic-string-0.30.0.tgz#fd58a4748c5c4547338a424e90fa5dd17f4de529"
  integrity sha512-LA+31JYDJLs82r2ScLrlz1GjSgu66ZV518eyWT+S8VhyQn/JL0u9MeBOvQMGYiPk1DBiSN9DDMOcXvigJZaViQ==
  dependencies:
    "@jridgewell/sourcemap-codec" "^1.4.13"

md5-hex@^3.0.1:
  version "3.0.1"
  resolved "https://registry.yarnpkg.com/md5-hex/-/md5-hex-3.0.1.tgz#be3741b510591434b2784d79e556eefc2c9a8e5c"
  integrity sha512-BUiRtTtV39LIJwinWBjqVsU9xhdnz7/i889V859IBFpuqGAj6LuOvHv5XLbgZ2R7ptJoJaEcxkv88/h25T7Ciw==
  dependencies:
    blueimp-md5 "^2.10.0"

mime-db@1.52.0:
  version "1.52.0"
  resolved "https://registry.yarnpkg.com/mime-db/-/mime-db-1.52.0.tgz#bbabcdc02859f4987301c856e3387ce5ec43bf70"
  integrity sha512-sPU4uV7dYlvtWJxwwxHD0PuihVNiE7TyAbQ5SWxDCB9mUYvOgroQOwYQQOKPJ8CIbE+1ETVlOoK1UC2nU3gYvg==

mime-types@^2.1.12:
  version "2.1.35"
  resolved "https://registry.yarnpkg.com/mime-types/-/mime-types-2.1.35.tgz#381a871b62a734450660ae3deee44813f70d959a"
  integrity sha512-ZDY+bPm5zTTF+YpCrAU9nK0UgICYPT0QtT1NZWFv4s++TNkcgVaT0g6+4R2uI4MjQjzysHB1zxuWL50hzaeXiw==
  dependencies:
    mime-db "1.52.0"

minimist@^1.2.7:
  version "1.2.8"
  resolved "https://registry.yarnpkg.com/minimist/-/minimist-1.2.8.tgz#c1a464e7693302e082a075cee0c057741ac4772c"
  integrity sha512-2yyAR8qBkN3YuheJanUpWC5U3bb5osDywNB8RzDVlDwDHbocAJveqqj1u8+SVD7jkWT4yvsHCpWqqWqAxb0zCA==

mlly@^1.2.0:
  version "1.4.0"
  resolved "https://registry.yarnpkg.com/mlly/-/mlly-1.4.0.tgz#830c10d63f1f97bd8785377b24dc2a15d972832b"
  integrity sha512-ua8PAThnTwpprIaU47EPeZ/bPUVp2QYBbWMphUQpVdBI3Lgqzm5KZQ45Agm3YJedHXaIHl6pBGabaLSUPPSptg==
  dependencies:
    acorn "^8.9.0"
    pathe "^1.1.1"
    pkg-types "^1.0.3"
    ufo "^1.1.2"

ms@2.1.2:
  version "2.1.2"
  resolved "https://registry.yarnpkg.com/ms/-/ms-2.1.2.tgz#d09d1f357b443f493382a8eb3ccd183872ae6009"
  integrity sha512-sGkPx+VjMtmA6MX27oA4FBFELFCZZ4S4XqeGOXCv68tT+jb3vk/RyaKWP0PTKyWtmLSM0b+adUTEvbs1PEaH2w==

nanoid@^3.3.6:
  version "3.3.6"
  resolved "https://registry.yarnpkg.com/nanoid/-/nanoid-3.3.6.tgz#443380c856d6e9f9824267d960b4236ad583ea4c"
  integrity sha512-BGcqMMJuToF7i1rt+2PWSNVnWIkGCU78jBG3RxO/bZlnZPK2Cmi2QaffxGO/2RvWi9sL+FAiRiXMgsyxQ1DIDA==

p-limit@^4.0.0:
  version "4.0.0"
  resolved "https://registry.yarnpkg.com/p-limit/-/p-limit-4.0.0.tgz#914af6544ed32bfa54670b061cafcbd04984b644"
  integrity sha512-5b0R4txpzjPWVw/cXXUResoD4hb6U/x9BH08L7nw+GN1sezDzPdxeRvpc9c433fZhBan/wusjbCsqwqm4EIBIQ==
  dependencies:
    yocto-queue "^1.0.0"

pathe@^1.1.0, pathe@^1.1.1:
  version "1.1.1"
  resolved "https://registry.yarnpkg.com/pathe/-/pathe-1.1.1.tgz#1dd31d382b974ba69809adc9a7a347e65d84829a"
  integrity sha512-d+RQGp0MAYTIaDBIMmOfMwz3E+LOZnxx1HZd5R18mmCZY0QBlK0LDZfPc8FW8Ed2DlvsuE6PRjroDY+wg4+j/Q==

pathval@^1.1.1:
  version "1.1.1"
  resolved "https://registry.yarnpkg.com/pathval/-/pathval-1.1.1.tgz#8534e77a77ce7ac5a2512ea21e0fdb8fcf6c3d8d"
  integrity sha512-Dp6zGqpTdETdR63lehJYPeIOqpiNBNtc7BpWSLrOje7UaIsE5aY92r/AunQA7rsXvet3lrJ3JnZX29UPTKXyKQ==

picocolors@^1.0.0:
  version "1.0.0"
  resolved "https://registry.yarnpkg.com/picocolors/-/picocolors-1.0.0.tgz#cb5bdc74ff3f51892236eaf79d68bc44564ab81c"
  integrity sha512-1fygroTLlHu66zi26VoTDv8yRgm0Fccecssto+MhsZ0D/DGW2sm8E8AjW7NU5VVTRt5GxbeZ5qBuJr+HyLYkjQ==

pkg-types@^1.0.3:
  version "1.0.3"
  resolved "https://registry.yarnpkg.com/pkg-types/-/pkg-types-1.0.3.tgz#988b42ab19254c01614d13f4f65a2cfc7880f868"
  integrity sha512-nN7pYi0AQqJnoLPC9eHFQ8AcyaixBUOwvqc5TDnIKCMEE6I0y8P7OKA7fPexsXGCGxQDl/cmrLAp26LhcwxZ4A==
  dependencies:
    jsonc-parser "^3.2.0"
    mlly "^1.2.0"
    pathe "^1.1.0"

playwright-core@1.35.1:
  version "1.35.1"
  resolved "https://registry.yarnpkg.com/playwright-core/-/playwright-core-1.35.1.tgz#52c1e6ffaa6a8c29de1a5bdf8cce0ce290ffb81d"
  integrity sha512-pNXb6CQ7OqmGDRspEjlxE49w+4YtR6a3X6mT1hZXeJHWmsEz7SunmvZeiG/+y1yyMZdHnnn73WKYdtV1er0Xyg==

postcss@^8.4.23:
  version "8.4.24"
  resolved "https://registry.yarnpkg.com/postcss/-/postcss-8.4.24.tgz#f714dba9b2284be3cc07dbd2fc57ee4dc972d2df"
  integrity sha512-M0RzbcI0sO/XJNucsGjvWU9ERWxb/ytp1w6dKtxTKgixdtQDq4rmx/g8W1hnaheq9jgwL/oyEdH5Bc4WwJKMqg==
  dependencies:
    nanoid "^3.3.6"
    picocolors "^1.0.0"
    source-map-js "^1.0.2"

pretty-format@^27.5.1:
  version "27.5.1"
  resolved "https://registry.yarnpkg.com/pretty-format/-/pretty-format-27.5.1.tgz#2181879fdea51a7a5851fb39d920faa63f01d88e"
  integrity sha512-Qb1gy5OrP5+zDf2Bvnzdl3jsTf1qXVMazbvCoKhtKqVs4/YK4ozX4gKQJJVyNe+cajNPn0KoC0MC3FUmaHWEmQ==
  dependencies:
    ansi-regex "^5.0.1"
    ansi-styles "^5.0.0"
    react-is "^17.0.1"

react-is@^17.0.1:
  version "17.0.2"
  resolved "https://registry.yarnpkg.com/react-is/-/react-is-17.0.2.tgz#e691d4a8e9c789365655539ab372762b0efb54f0"
  integrity sha512-w2GsyukL62IJnlaff/nRegPQR94C/XXamvMWmSHRJ4y7Ts/4ocGRmTHvOs8PSE6pB3dWOrD/nueuU5sduBsQ4w==

rollup@^3.21.0:
  version "3.25.3"
  resolved "https://registry.yarnpkg.com/rollup/-/rollup-3.25.3.tgz#f9a8986f0f244bcfde2208da91ba46b8fd252551"
  integrity sha512-ZT279hx8gszBj9uy5FfhoG4bZx8c+0A1sbqtr7Q3KNWIizpTdDEPZbV2xcbvHsnFp4MavCQYZyzApJ+virB8Yw==
  optionalDependencies:
    fsevents "~2.3.2"

rxjs@^7.8.0:
  version "7.8.1"
  resolved "https://registry.yarnpkg.com/rxjs/-/rxjs-7.8.1.tgz#6f6f3d99ea8044291efd92e7c7fcf562c4057543"
  integrity sha512-AA3TVj+0A2iuIoQkWEK/tqFjBq2j+6PO6Y0zJcvzLAFhEFIO3HL0vls9hWLncZbAAbK0mar7oZ4V079I/qPMxg==
  dependencies:
    tslib "^2.1.0"

semver@^7.3.2:
  version "7.5.3"
  resolved "https://registry.yarnpkg.com/semver/-/semver-7.5.3.tgz#161ce8c2c6b4b3bdca6caadc9fa3317a4c4fe88e"
  integrity sha512-QBlUtyVk/5EeHbi7X0fw6liDZc7BBmEaSYn01fMU1OUYbf6GPsbTtd8WmnqbI20SeycoHSeiybkE/q1Q+qlThQ==
  dependencies:
    lru-cache "^6.0.0"

siginfo@^2.0.0:
  version "2.0.0"
  resolved "https://registry.yarnpkg.com/siginfo/-/siginfo-2.0.0.tgz#32e76c70b79724e3bb567cb9d543eb858ccfaf30"
  integrity sha512-ybx0WO1/8bSBLEWXZvEd7gMW3Sn3JFlW3TvX1nREbDLRNQNaeNN8WK0meBwPdAaOI7TtRRRJn/Es1zhrrCHu7g==

source-map-js@^1.0.2:
  version "1.0.2"
  resolved "https://registry.yarnpkg.com/source-map-js/-/source-map-js-1.0.2.tgz#adbc361d9c62df380125e7f161f71c826f1e490c"
  integrity sha512-R0XvVJ9WusLiqTCEiGCmICCMplcCkIwwR11mOSD9CR5u+IXYdiseeEuXCVAjS54zqwkLcPNnmU4OeJ6tUrWhDw==

stackback@0.0.2:
  version "0.0.2"
  resolved "https://registry.yarnpkg.com/stackback/-/stackback-0.0.2.tgz#1ac8a0d9483848d1695e418b6d031a3c3ce68e3b"
  integrity sha512-1XMJE5fQo1jGH6Y/7ebnwPOBEkIEnT4QF32d5R1+VXdXveM0IBMJt8zfaxX1P3QhVwrYe+576+jkANtSS2mBbw==

std-env@^3.3.2:
  version "3.3.3"
  resolved "https://registry.yarnpkg.com/std-env/-/std-env-3.3.3.tgz#a54f06eb245fdcfef53d56f3c0251f1d5c3d01fe"
  integrity sha512-Rz6yejtVyWnVjC1RFvNmYL10kgjC49EOghxWn0RFqlCHGFpQx+Xe7yW3I4ceK1SGrWIGMjD5Kbue8W/udkbMJg==

strip-literal@^1.0.1:
  version "1.0.1"
  resolved "https://registry.yarnpkg.com/strip-literal/-/strip-literal-1.0.1.tgz#0115a332710c849b4e46497891fb8d585e404bd2"
  integrity sha512-QZTsipNpa2Ppr6v1AmJHESqJ3Uz247MUS0OjrnnZjFAvEoWqxuyFuXn2xLgMtRnijJShAa1HL0gtJyUs7u7n3Q==
  dependencies:
    acorn "^8.8.2"

time-zone@^1.0.0:
  version "1.0.0"
  resolved "https://registry.yarnpkg.com/time-zone/-/time-zone-1.0.0.tgz#99c5bf55958966af6d06d83bdf3800dc82faec5d"
  integrity sha512-TIsDdtKo6+XrPtiTm1ssmMngN1sAhyKnTO2kunQWqNPWIVvCm15Wmw4SWInwTVgJ5u/Tr04+8Ei9TNcw4x4ONA==

tinybench@^2.5.0:
  version "2.5.0"
  resolved "https://registry.yarnpkg.com/tinybench/-/tinybench-2.5.0.tgz#4711c99bbf6f3e986f67eb722fed9cddb3a68ba5"
  integrity sha512-kRwSG8Zx4tjF9ZiyH4bhaebu+EDz1BOx9hOigYHlUW4xxI/wKIUQUqo018UlU4ar6ATPBsaMrdbKZ+tmPdohFA==

tinypool@^0.5.0:
  version "0.5.0"
  resolved "https://registry.yarnpkg.com/tinypool/-/tinypool-0.5.0.tgz#3861c3069bf71e4f1f5aa2d2e6b3aaacc278961e"
  integrity sha512-paHQtnrlS1QZYKF/GnLoOM/DN9fqaGOFbCbxzAhwniySnzl9Ebk8w73/dd34DAhe/obUbPAOldTyYXQZxnPBPQ==

tinyspy@^2.1.0:
  version "2.1.1"
  resolved "https://registry.yarnpkg.com/tinyspy/-/tinyspy-2.1.1.tgz#9e6371b00c259e5c5b301917ca18c01d40ae558c"
  integrity sha512-XPJL2uSzcOyBMky6OFrusqWlzfFrXtE0hPuMgW8A2HmaqrPo4ZQHRN/V0QXN3FSjKxpsbRrFc5LI7KOwBsT1/w==

ts-dedent@^2.2.0:
  version "2.2.0"
  resolved "https://registry.yarnpkg.com/ts-dedent/-/ts-dedent-2.2.0.tgz#39e4bd297cd036292ae2394eb3412be63f563bb5"
  integrity sha512-q5W7tVM71e2xjHZTlgfTDoPF/SmqKG5hddq9SzR49CH2hayqRKJtQ4mtRlSxKaJlR/+9rEM+mnBHf7I2/BQcpQ==

tslib@^2.1.0:
  version "2.6.0"
  resolved "https://registry.yarnpkg.com/tslib/-/tslib-2.6.0.tgz#b295854684dbda164e181d259a22cd779dcd7bc3"
  integrity sha512-7At1WUettjcSRHXCyYtTselblcHl9PJFFVKiCAy/bY97+BPZXSQ2wbq0P9s8tK2G7dFQfNnlJnPAiArVBVBsfA==

type-detect@^4.0.0, type-detect@^4.0.5:
  version "4.0.8"
  resolved "https://registry.yarnpkg.com/type-detect/-/type-detect-4.0.8.tgz#7646fb5f18871cfbb7749e69bd39a6388eb7450c"
  integrity sha512-0fr/mIH1dlO+x7TlcMy+bIDqKPsw/70tVyeHW787goQjhmqaZe10uwLujubK9q9Lg6Fiho1KUKDYz0Z7k7g5/g==

ufo@^1.1.2:
  version "1.1.2"
  resolved "https://registry.yarnpkg.com/ufo/-/ufo-1.1.2.tgz#d0d9e0fa09dece0c31ffd57bd363f030a35cfe76"
  integrity sha512-TrY6DsjTQQgyS3E3dBaOXf0TpPD8u9FVrVYmKVegJuFw51n/YB9XPt+U6ydzFG5ZIN7+DIjPbNmXoBj9esYhgQ==

vite-node@0.32.2:
  version "0.32.2"
  resolved "https://registry.yarnpkg.com/vite-node/-/vite-node-0.32.2.tgz#bfccdfeb708b2309ea9e5fe424951c75bb9c0096"
  integrity sha512-dTQ1DCLwl2aEseov7cfQ+kDMNJpM1ebpyMMMwWzBvLbis8Nla/6c9WQcqpPssTwS6Rp/+U6KwlIj8Eapw4bLdA==
  dependencies:
    cac "^6.7.14"
    debug "^4.3.4"
    mlly "^1.2.0"
    pathe "^1.1.0"
    picocolors "^1.0.0"
    vite "^3.0.0 || ^4.0.0"

"vite@^3.0.0 || ^4.0.0":
  version "4.3.9"
  resolved "https://registry.yarnpkg.com/vite/-/vite-4.3.9.tgz#db896200c0b1aa13b37cdc35c9e99ee2fdd5f96d"
  integrity sha512-qsTNZjO9NoJNW7KnOrgYwczm0WctJ8m/yqYAMAK9Lxt4SoySUfS5S8ia9K7JHpa3KEeMfyF8LoJ3c5NeBJy6pg==
  dependencies:
    esbuild "^0.17.5"
    postcss "^8.4.23"
    rollup "^3.21.0"
  optionalDependencies:
    fsevents "~2.3.2"

vitest@^0.32.2:
  version "0.32.2"
  resolved "https://registry.yarnpkg.com/vitest/-/vitest-0.32.2.tgz#758ce2220f609e240ac054eca7ad11a5140679ab"
  integrity sha512-hU8GNNuQfwuQmqTLfiKcqEhZY72Zxb7nnN07koCUNmntNxbKQnVbeIS6sqUgR3eXSlbOpit8+/gr1KpqoMgWCQ==
  dependencies:
    "@types/chai" "^4.3.5"
    "@types/chai-subset" "^1.3.3"
    "@types/node" "*"
    "@vitest/expect" "0.32.2"
    "@vitest/runner" "0.32.2"
    "@vitest/snapshot" "0.32.2"
    "@vitest/spy" "0.32.2"
    "@vitest/utils" "0.32.2"
    acorn "^8.8.2"
    acorn-walk "^8.2.0"
    cac "^6.7.14"
    chai "^4.3.7"
    concordance "^5.0.4"
    debug "^4.3.4"
    local-pkg "^0.4.3"
    magic-string "^0.30.0"
    pathe "^1.1.0"
    picocolors "^1.0.0"
    std-env "^3.3.2"
    strip-literal "^1.0.1"
    tinybench "^2.5.0"
    tinypool "^0.5.0"
    vite "^3.0.0 || ^4.0.0"
    vite-node "0.32.2"
    why-is-node-running "^2.2.2"

wait-on@^7.0.1:
  version "7.0.1"
  resolved "https://registry.yarnpkg.com/wait-on/-/wait-on-7.0.1.tgz#5cff9f8427e94f4deacbc2762e6b0a489b19eae9"
  integrity sha512-9AnJE9qTjRQOlTZIldAaf/da2eW0eSRSgcqq85mXQja/DW3MriHxkpODDSUEg+Gri/rKEcXUZHe+cevvYItaog==
  dependencies:
    axios "^0.27.2"
    joi "^17.7.0"
    lodash "^4.17.21"
    minimist "^1.2.7"
    rxjs "^7.8.0"

well-known-symbols@^2.0.0:
  version "2.0.0"
  resolved "https://registry.yarnpkg.com/well-known-symbols/-/well-known-symbols-2.0.0.tgz#e9c7c07dbd132b7b84212c8174391ec1f9871ba5"
  integrity sha512-ZMjC3ho+KXo0BfJb7JgtQ5IBuvnShdlACNkKkdsqBmYw3bPAaJfPeYUo6tLUaT5tG/Gkh7xkpBhKRQ9e7pyg9Q==

why-is-node-running@^2.2.2:
  version "2.2.2"
  resolved "https://registry.yarnpkg.com/why-is-node-running/-/why-is-node-running-2.2.2.tgz#4185b2b4699117819e7154594271e7e344c9973e"
  integrity sha512-6tSwToZxTOcotxHeA+qGCq1mVzKR3CwcJGmVcY+QE8SHy6TnpFnh8PAvPNHYr7EcuVeG0QSMxtYCuO1ta/G/oA==
  dependencies:
    siginfo "^2.0.0"
    stackback "0.0.2"

yallist@^4.0.0:
  version "4.0.0"
  resolved "https://registry.yarnpkg.com/yallist/-/yallist-4.0.0.tgz#9bb92790d9c0effec63be73519e11a35019a3a72"
  integrity sha512-3wdGidZyq5PB084XLES5TpOSRA3wjXAlIWMhum2kRcv/41Sn2emQ0dycQW4uZXLejwKvg6EsvbdlVL+FYEct7A==

yocto-queue@^1.0.0:
  version "1.0.0"
  resolved "https://registry.yarnpkg.com/yocto-queue/-/yocto-queue-1.0.0.tgz#7f816433fb2cbc511ec8bf7d263c3b58a1a3c251"
  integrity sha512-9bnSc/HEW2uRy67wc+T8UwauLuPJVn28jb+GtJY16iiKWyvmYJRXVT4UamsAEGQfPohgr2q4Tq0sQbQlxTfi1g==
