# This file is generated by running "yarn install" inside your project.
# Manual changes might be lost - proceed with caution!

__metadata:
  version: 8
  cacheKey: 10

"@esbuild/aix-ppc64@npm:0.28.1":
  version: 0.28.1
  resolution: "@esbuild/aix-ppc64@npm:0.28.1"
  conditions: os=aix & cpu=ppc64
  languageName: node
  linkType: hard

"@esbuild/android-arm64@npm:0.28.1":
  version: 0.28.1
  resolution: "@esbuild/android-arm64@npm:0.28.1"
  conditions: os=android & cpu=arm64
  languageName: node
  linkType: hard

"@esbuild/android-arm@npm:0.28.1":
  version: 0.28.1
  resolution: "@esbuild/android-arm@npm:0.28.1"
  conditions: os=android & cpu=arm
  languageName: node
  linkType: hard

"@esbuild/android-x64@npm:0.28.1":
  version: 0.28.1
  resolution: "@esbuild/android-x64@npm:0.28.1"
  conditions: os=android & cpu=x64
  languageName: node
  linkType: hard

"@esbuild/darwin-arm64@npm:0.28.1":
  version: 0.28.1
  resolution: "@esbuild/darwin-arm64@npm:0.28.1"
  conditions: os=darwin & cpu=arm64
  languageName: node
  linkType: hard

"@esbuild/darwin-x64@npm:0.28.1":
  version: 0.28.1
  resolution: "@esbuild/darwin-x64@npm:0.28.1"
  conditions: os=darwin & cpu=x64
  languageName: node
  linkType: hard

"@esbuild/freebsd-arm64@npm:0.28.1":
  version: 0.28.1
  resolution: "@esbuild/freebsd-arm64@npm:0.28.1"
  conditions: os=freebsd & cpu=arm64
  languageName: node
  linkType: hard

"@esbuild/freebsd-x64@npm:0.28.1":
  version: 0.28.1
  resolution: "@esbuild/freebsd-x64@npm:0.28.1"
  conditions: os=freebsd & cpu=x64
  languageName: node
  linkType: hard

"@esbuild/linux-arm64@npm:0.28.1":
  version: 0.28.1
  resolution: "@esbuild/linux-arm64@npm:0.28.1"
  conditions: os=linux & cpu=arm64
  languageName: node
  linkType: hard

"@esbuild/linux-arm@npm:0.28.1":
  version: 0.28.1
  resolution: "@esbuild/linux-arm@npm:0.28.1"
  conditions: os=linux & cpu=arm
  languageName: node
  linkType: hard

"@esbuild/linux-ia32@npm:0.28.1":
  version: 0.28.1
  resolution: "@esbuild/linux-ia32@npm:0.28.1"
  conditions: os=linux & cpu=ia32
  languageName: node
  linkType: hard

"@esbuild/linux-loong64@npm:0.28.1":
  version: 0.28.1
  resolution: "@esbuild/linux-loong64@npm:0.28.1"
  conditions: os=linux & cpu=loong64
  languageName: node
  linkType: hard

"@esbuild/linux-mips64el@npm:0.28.1":
  version: 0.28.1
  resolution: "@esbuild/linux-mips64el@npm:0.28.1"
  conditions: os=linux & cpu=mips64el
  languageName: node
  linkType: hard

"@esbuild/linux-ppc64@npm:0.28.1":
  version: 0.28.1
  resolution: "@esbuild/linux-ppc64@npm:0.28.1"
  conditions: os=linux & cpu=ppc64
  languageName: node
  linkType: hard

"@esbuild/linux-riscv64@npm:0.28.1":
  version: 0.28.1
  resolution: "@esbuild/linux-riscv64@npm:0.28.1"
  conditions: os=linux & cpu=riscv64
  languageName: node
  linkType: hard

"@esbuild/linux-s390x@npm:0.28.1":
  version: 0.28.1
  resolution: "@esbuild/linux-s390x@npm:0.28.1"
  conditions: os=linux & cpu=s390x
  languageName: node
  linkType: hard

"@esbuild/linux-x64@npm:0.28.1":
  version: 0.28.1
  resolution: "@esbuild/linux-x64@npm:0.28.1"
  conditions: os=linux & cpu=x64
  languageName: node
  linkType: hard

"@esbuild/netbsd-arm64@npm:0.28.1":
  version: 0.28.1
  resolution: "@esbuild/netbsd-arm64@npm:0.28.1"
  conditions: os=netbsd & cpu=arm64
  languageName: node
  linkType: hard

"@esbuild/netbsd-x64@npm:0.28.1":
  version: 0.28.1
  resolution: "@esbuild/netbsd-x64@npm:0.28.1"
  conditions: os=netbsd & cpu=x64
  languageName: node
  linkType: hard

"@esbuild/openbsd-arm64@npm:0.28.1":
  version: 0.28.1
  resolution: "@esbuild/openbsd-arm64@npm:0.28.1"
  conditions: os=openbsd & cpu=arm64
  languageName: node
  linkType: hard

"@esbuild/openbsd-x64@npm:0.28.1":
  version: 0.28.1
  resolution: "@esbuild/openbsd-x64@npm:0.28.1"
  conditions: os=openbsd & cpu=x64
  languageName: node
  linkType: hard

"@esbuild/openharmony-arm64@npm:0.28.1":
  version: 0.28.1
  resolution: "@esbuild/openharmony-arm64@npm:0.28.1"
  conditions: os=openharmony & cpu=arm64
  languageName: node
  linkType: hard

"@esbuild/sunos-x64@npm:0.28.1":
  version: 0.28.1
  resolution: "@esbuild/sunos-x64@npm:0.28.1"
  conditions: os=sunos & cpu=x64
  languageName: node
  linkType: hard

"@esbuild/win32-arm64@npm:0.28.1":
  version: 0.28.1
  resolution: "@esbuild/win32-arm64@npm:0.28.1"
  conditions: os=win32 & cpu=arm64
  languageName: node
  linkType: hard

"@esbuild/win32-ia32@npm:0.28.1":
  version: 0.28.1
  resolution: "@esbuild/win32-ia32@npm:0.28.1"
  conditions: os=win32 & cpu=ia32
  languageName: node
  linkType: hard

"@esbuild/win32-x64@npm:0.28.1":
  version: 0.28.1
  resolution: "@esbuild/win32-x64@npm:0.28.1"
  conditions: os=win32 & cpu=x64
  languageName: node
  linkType: hard

"@isaacs/fs-minipass@npm:^4.0.0":
  version: 4.0.1
  resolution: "@isaacs/fs-minipass@npm:4.0.1"
  dependencies:
    minipass: "npm:^7.0.4"
  checksum: 10/4412e9e6713c89c1e66d80bb0bb5a2a93192f10477623a27d08f228ba0316bb880affabc5bfe7f838f58a34d26c2c190da726e576cdfc18c49a72e89adabdcf5
  languageName: node
  linkType: hard

"@jridgewell/sourcemap-codec@npm:^1.5.5":
  version: 1.5.5
  resolution: "@jridgewell/sourcemap-codec@npm:1.5.5"
  checksum: 10/5d9d207b462c11e322d71911e55e21a4e2772f71ffe8d6f1221b8eb5ae6774458c1d242f897fb0814e8714ca9a6b498abfa74dfe4f434493342902b1a48b33a5
  languageName: node
  linkType: hard

"@rollup/rollup-android-arm-eabi@npm:4.62.2":
  version: 4.62.2
  resolution: "@rollup/rollup-android-arm-eabi@npm:4.62.2"
  conditions: os=android & cpu=arm
  languageName: node
  linkType: hard

"@rollup/rollup-android-arm64@npm:4.62.2":
  version: 4.62.2
  resolution: "@rollup/rollup-android-arm64@npm:4.62.2"
  conditions: os=android & cpu=arm64
  languageName: node
  linkType: hard

"@rollup/rollup-darwin-arm64@npm:4.62.2":
  version: 4.62.2
  resolution: "@rollup/rollup-darwin-arm64@npm:4.62.2"
  conditions: os=darwin & cpu=arm64
  languageName: node
  linkType: hard

"@rollup/rollup-darwin-x64@npm:4.62.2":
  version: 4.62.2
  resolution: "@rollup/rollup-darwin-x64@npm:4.62.2"
  conditions: os=darwin & cpu=x64
  languageName: node
  linkType: hard

"@rollup/rollup-freebsd-arm64@npm:4.62.2":
  version: 4.62.2
  resolution: "@rollup/rollup-freebsd-arm64@npm:4.62.2"
  conditions: os=freebsd & cpu=arm64
  languageName: node
  linkType: hard

"@rollup/rollup-freebsd-x64@npm:4.62.2":
  version: 4.62.2
  resolution: "@rollup/rollup-freebsd-x64@npm:4.62.2"
  conditions: os=freebsd & cpu=x64
  languageName: node
  linkType: hard

"@rollup/rollup-linux-arm-gnueabihf@npm:4.62.2":
  version: 4.62.2
  resolution: "@rollup/rollup-linux-arm-gnueabihf@npm:4.62.2"
  conditions: os=linux & cpu=arm & libc=glibc
  languageName: node
  linkType: hard

"@rollup/rollup-linux-arm-musleabihf@npm:4.62.2":
  version: 4.62.2
  resolution: "@rollup/rollup-linux-arm-musleabihf@npm:4.62.2"
  conditions: os=linux & cpu=arm & libc=musl
  languageName: node
  linkType: hard

"@rollup/rollup-linux-arm64-gnu@npm:4.62.2":
  version: 4.62.2
  resolution: "@rollup/rollup-linux-arm64-gnu@npm:4.62.2"
  conditions: os=linux & cpu=arm64 & libc=glibc
  languageName: node
  linkType: hard

"@rollup/rollup-linux-arm64-musl@npm:4.62.2":
  version: 4.62.2
  resolution: "@rollup/rollup-linux-arm64-musl@npm:4.62.2"
  conditions: os=linux & cpu=arm64 & libc=musl
  languageName: node
  linkType: hard

"@rollup/rollup-linux-loong64-gnu@npm:4.62.2":
  version: 4.62.2
  resolution: "@rollup/rollup-linux-loong64-gnu@npm:4.62.2"
  conditions: os=linux & cpu=loong64 & libc=glibc
  languageName: node
  linkType: hard

"@rollup/rollup-linux-loong64-musl@npm:4.62.2":
  version: 4.62.2
  resolution: "@rollup/rollup-linux-loong64-musl@npm:4.62.2"
  conditions: os=linux & cpu=loong64 & libc=musl
  languageName: node
  linkType: hard

"@rollup/rollup-linux-ppc64-gnu@npm:4.62.2":
  version: 4.62.2
  resolution: "@rollup/rollup-linux-ppc64-gnu@npm:4.62.2"
  conditions: os=linux & cpu=ppc64 & libc=glibc
  languageName: node
  linkType: hard

"@rollup/rollup-linux-ppc64-musl@npm:4.62.2":
  version: 4.62.2
  resolution: "@rollup/rollup-linux-ppc64-musl@npm:4.62.2"
  conditions: os=linux & cpu=ppc64 & libc=musl
  languageName: node
  linkType: hard

"@rollup/rollup-linux-riscv64-gnu@npm:4.62.2":
  version: 4.62.2
  resolution: "@rollup/rollup-linux-riscv64-gnu@npm:4.62.2"
  conditions: os=linux & cpu=riscv64 & libc=glibc
  languageName: node
  linkType: hard

"@rollup/rollup-linux-riscv64-musl@npm:4.62.2":
  version: 4.62.2
  resolution: "@rollup/rollup-linux-riscv64-musl@npm:4.62.2"
  conditions: os=linux & cpu=riscv64 & libc=musl
  languageName: node
  linkType: hard

"@rollup/rollup-linux-s390x-gnu@npm:4.62.2":
  version: 4.62.2
  resolution: "@rollup/rollup-linux-s390x-gnu@npm:4.62.2"
  conditions: os=linux & cpu=s390x & libc=glibc
  languageName: node
  linkType: hard

"@rollup/rollup-linux-x64-gnu@npm:4.62.2":
  version: 4.62.2
  resolution: "@rollup/rollup-linux-x64-gnu@npm:4.62.2"
  conditions: os=linux & cpu=x64 & libc=glibc
  languageName: node
  linkType: hard

"@rollup/rollup-linux-x64-musl@npm:4.62.2":
  version: 4.62.2
  resolution: "@rollup/rollup-linux-x64-musl@npm:4.62.2"
  conditions: os=linux & cpu=x64 & libc=musl
  languageName: node
  linkType: hard

"@rollup/rollup-openbsd-x64@npm:4.62.2":
  version: 4.62.2
  resolution: "@rollup/rollup-openbsd-x64@npm:4.62.2"
  conditions: os=openbsd & cpu=x64
  languageName: node
  linkType: hard

"@rollup/rollup-openharmony-arm64@npm:4.62.2":
  version: 4.62.2
  resolution: "@rollup/rollup-openharmony-arm64@npm:4.62.2"
  conditions: os=openharmony & cpu=arm64
  languageName: node
  linkType: hard

"@rollup/rollup-win32-arm64-msvc@npm:4.62.2":
  version: 4.62.2
  resolution: "@rollup/rollup-win32-arm64-msvc@npm:4.62.2"
  conditions: os=win32 & cpu=arm64
  languageName: node
  linkType: hard

"@rollup/rollup-win32-ia32-msvc@npm:4.62.2":
  version: 4.62.2
  resolution: "@rollup/rollup-win32-ia32-msvc@npm:4.62.2"
  conditions: os=win32 & cpu=ia32
  languageName: node
  linkType: hard

"@rollup/rollup-win32-x64-gnu@npm:4.62.2":
  version: 4.62.2
  resolution: "@rollup/rollup-win32-x64-gnu@npm:4.62.2"
  conditions: os=win32 & cpu=x64
  languageName: node
  linkType: hard

"@rollup/rollup-win32-x64-msvc@npm:4.62.2":
  version: 4.62.2
  resolution: "@rollup/rollup-win32-x64-msvc@npm:4.62.2"
  conditions: os=win32 & cpu=x64
  languageName: node
  linkType: hard

"@types/chai@npm:^5.2.2":
  version: 5.2.3
  resolution: "@types/chai@npm:5.2.3"
  dependencies:
    "@types/deep-eql": "npm:*"
    assertion-error: "npm:^2.0.1"
  checksum: 10/e79947307dc235953622e65f83d2683835212357ca261389116ab90bed369ac862ba28b146b4fed08b503ae1e1a12cb93ce783f24bb8d562950469f4320e1c7c
  languageName: node
  linkType: hard

"@types/deep-eql@npm:*":
  version: 4.0.2
  resolution: "@types/deep-eql@npm:4.0.2"
  checksum: 10/249a27b0bb22f6aa28461db56afa21ec044fa0e303221a62dff81831b20c8530502175f1a49060f7099e7be06181078548ac47c668de79ff9880241968d43d0c
  languageName: node
  linkType: hard

"@types/estree@npm:1.0.9, @types/estree@npm:^1.0.0":
  version: 1.0.9
  resolution: "@types/estree@npm:1.0.9"
  checksum: 10/16aabfa703b5bdac83f719b07ce92a11b2d3c9b8628eacc92889d8af46cab2d78fc45c7b5378de383d0500585cea5c2f79125eeddfe5fbc6bd6a27eb0c8ccee5
  languageName: node
  linkType: hard

"@vitest/expect@npm:3.2.7":
  version: 3.2.7
  resolution: "@vitest/expect@npm:3.2.7"
  dependencies:
    "@types/chai": "npm:^5.2.2"
    "@vitest/spy": "npm:3.2.7"
    "@vitest/utils": "npm:3.2.7"
    chai: "npm:^5.2.0"
    tinyrainbow: "npm:^2.0.0"
  checksum: 10/2621cf1e90880b6c35de0aebc4a429380036b51b66f8ba7cab8643a7476f6fc2b23bb25a7db0e05ad2fb2fb196e2070ba35b671e3bc9adb967b7549b055a6514
  languageName: node
  linkType: hard

"@vitest/mocker@npm:3.2.7":
  version: 3.2.7
  resolution: "@vitest/mocker@npm:3.2.7"
  dependencies:
    "@vitest/spy": "npm:3.2.7"
    estree-walker: "npm:^3.0.3"
    magic-string: "npm:^0.30.17"
  peerDependencies:
    msw: ^2.4.9
    vite: ^5.0.0 || ^6.0.0 || ^7.0.0-0
  peerDependenciesMeta:
    msw:
      optional: true
    vite:
      optional: true
  checksum: 10/fccb77857ad4ba424e9298eac0c61e95592cf594244291c20fde68a40bca970aa5ba7193cc339aea5e0378ccd01f73feb56d34742c087a220202feb53fdc31f7
  languageName: node
  linkType: hard

"@vitest/pretty-format@npm:3.2.7, @vitest/pretty-format@npm:^3.2.7":
  version: 3.2.7
  resolution: "@vitest/pretty-format@npm:3.2.7"
  dependencies:
    tinyrainbow: "npm:^2.0.0"
  checksum: 10/81286f667f799a11d8c6e2d16344b96baa502fb3fa9a54ef8c2e40d13d4db24277a717d5a30892614b5f9d1d4c7de4b8b1e7557d0dcd0ed5fff753fda139fa43
  languageName: node
  linkType: hard

"@vitest/runner@npm:3.2.7":
  version: 3.2.7
  resolution: "@vitest/runner@npm:3.2.7"
  dependencies:
    "@vitest/utils": "npm:3.2.7"
    pathe: "npm:^2.0.3"
    strip-literal: "npm:^3.0.0"
  checksum: 10/ff7c14726c3e3c3d88a8952f54cf56c82f3de96d1421d1ba21291a4fbe37f1bb94ed091a032a26b2b4acf9b0ce7fa6e4993191a6ada82775dfe32fa5527f88a4
  languageName: node
  linkType: hard

"@vitest/snapshot@npm:3.2.7":
  version: 3.2.7
  resolution: "@vitest/snapshot@npm:3.2.7"
  dependencies:
    "@vitest/pretty-format": "npm:3.2.7"
    magic-string: "npm:^0.30.17"
    pathe: "npm:^2.0.3"
  checksum: 10/8d1bc49c1d517a1112d03d244dbb9b8e81e47ef0f6b99267624fc936fcb699c920f3ba56236f69895d34b036014efea4277fce3bc46492452c7ed0df4944aeeb
  languageName: node
  linkType: hard

"@vitest/spy@npm:3.2.7":
  version: 3.2.7
  resolution: "@vitest/spy@npm:3.2.7"
  dependencies:
    tinyspy: "npm:^4.0.3"
  checksum: 10/a125bff0eca23b4e4bf73fde0742879d1e68010e0c0bcb5865f20675cba4aa8b929b437e47c280e0e59d18d289f986b087f937d3374221ccaf5a3d82e278cb8c
  languageName: node
  linkType: hard

"@vitest/utils@npm:3.2.7":
  version: 3.2.7
  resolution: "@vitest/utils@npm:3.2.7"
  dependencies:
    "@vitest/pretty-format": "npm:3.2.7"
    loupe: "npm:^3.1.4"
    tinyrainbow: "npm:^2.0.0"
  checksum: 10/d17fda64b608d06026627eaa062893215a96f61ad2b6fda6441e367d6fb41993600fa6199295ac9b171b90e53e4634efcbe0899230aa87fadcf7846b0e2cfe74
  languageName: node
  linkType: hard

"abbrev@npm:^5.0.0":
  version: 5.0.0
  resolution: "abbrev@npm:5.0.0"
  checksum: 10/a32641fb7a8ba0ad6f65efda80a632c965a2567f52c988897bffc47f473c4e9c3f0166de19d939866b1ed58ec50ce36f697d54a476589ca2706f8b5605ed41f0
  languageName: node
  linkType: hard

"assertion-error@npm:^2.0.1":
  version: 2.0.1
  resolution: "assertion-error@npm:2.0.1"
  checksum: 10/a0789dd882211b87116e81e2648ccb7f60340b34f19877dd020b39ebb4714e475eb943e14ba3e22201c221ef6645b7bfe10297e76b6ac95b48a9898c1211ce66
  languageName: node
  linkType: hard

"cac@npm:^6.7.14":
  version: 6.7.14
  resolution: "cac@npm:6.7.14"
  checksum: 10/002769a0fbfc51c062acd2a59df465a2a947916b02ac50b56c69ec6c018ee99ac3e7f4dd7366334ea847f1ecacf4defaa61bcd2ac283db50156ce1f1d8c8ad42
  languageName: node
  linkType: hard

"chai@npm:^5.2.0":
  version: 5.3.3
  resolution: "chai@npm:5.3.3"
  dependencies:
    assertion-error: "npm:^2.0.1"
    check-error: "npm:^2.1.1"
    deep-eql: "npm:^5.0.1"
    loupe: "npm:^3.1.0"
    pathval: "npm:^2.0.0"
  checksum: 10/0d0ef63106083b05c7ba510697cd9991a02b8df5984a7d010ab4af10205c7a1f27d1c06bfa4679540894295ac4dcc22aa2a281e2e4cfe5133c1db379626689a2
  languageName: node
  linkType: hard

"check-error@npm:^2.1.1":
  version: 2.1.3
  resolution: "check-error@npm:2.1.3"
  checksum: 10/f1868d3db60f5a7da92e140ccf33e9152bf6124161fa9b7a4ae8eafdb05e66e1f13570401e56f314f037b0f1b71eaf38ad0c7256310d82c6105e9d85ded0f202
  languageName: node
  linkType: hard

"chownr@npm:^3.0.0":
  version: 3.0.0
  resolution: "chownr@npm:3.0.0"
  checksum: 10/b63cb1f73d171d140a2ed8154ee6566c8ab775d3196b0e03a2a94b5f6a0ce7777ee5685ca56849403c8d17bd457a6540672f9a60696a6137c7a409097495b82c
  languageName: node
  linkType: hard

"ci-scripts@workspace:.":
  version: 0.0.0-use.local
  resolution: "ci-scripts@workspace:."
  dependencies:
    vitest: "npm:^3.2.6"
  languageName: unknown
  linkType: soft

"debug@npm:^4.4.1":
  version: 4.4.3
  resolution: "debug@npm:4.4.3"
  dependencies:
    ms: "npm:^2.1.3"
  peerDependenciesMeta:
    supports-color:
      optional: true
  checksum: 10/9ada3434ea2993800bd9a1e320bd4aa7af69659fb51cca685d390949434bc0a8873c21ed7c9b852af6f2455a55c6d050aa3937d52b3c69f796dab666f762acad
  languageName: node
  linkType: hard

"deep-eql@npm:^5.0.1":
  version: 5.0.2
  resolution: "deep-eql@npm:5.0.2"
  checksum: 10/a529b81e2ef8821621d20a36959a0328873a3e49d393ad11f8efe8559f31239494c2eb889b80342808674c475802ba95b9d6c4c27641b9a029405104c1b59fcf
  languageName: node
  linkType: hard

"env-paths@npm:^2.2.0":
  version: 2.2.1
  resolution: "env-paths@npm:2.2.1"
  checksum: 10/65b5df55a8bab92229ab2b40dad3b387fad24613263d103a97f91c9fe43ceb21965cd3392b1ccb5d77088021e525c4e0481adb309625d0cb94ade1d1fb8dc17e
  languageName: node
  linkType: hard

"es-module-lexer@npm:^1.7.0":
  version: 1.7.0
  resolution: "es-module-lexer@npm:1.7.0"
  checksum: 10/b6f3e576a3fed4d82b0d0ad4bbf6b3a5ad694d2e7ce8c4a069560da3db6399381eaba703616a182b16dde50ce998af64e07dcf49f2ae48153b9e07be3f107087
  languageName: node
  linkType: hard

"esbuild@npm:^0.27.0 || ^0.28.0":
  version: 0.28.1
  resolution: "esbuild@npm:0.28.1"
  dependencies:
    "@esbuild/aix-ppc64": "npm:0.28.1"
    "@esbuild/android-arm": "npm:0.28.1"
    "@esbuild/android-arm64": "npm:0.28.1"
    "@esbuild/android-x64": "npm:0.28.1"
    "@esbuild/darwin-arm64": "npm:0.28.1"
    "@esbuild/darwin-x64": "npm:0.28.1"
    "@esbuild/freebsd-arm64": "npm:0.28.1"
    "@esbuild/freebsd-x64": "npm:0.28.1"
    "@esbuild/linux-arm": "npm:0.28.1"
    "@esbuild/linux-arm64": "npm:0.28.1"
    "@esbuild/linux-ia32": "npm:0.28.1"
    "@esbuild/linux-loong64": "npm:0.28.1"
    "@esbuild/linux-mips64el": "npm:0.28.1"
    "@esbuild/linux-ppc64": "npm:0.28.1"
    "@esbuild/linux-riscv64": "npm:0.28.1"
    "@esbuild/linux-s390x": "npm:0.28.1"
    "@esbuild/linux-x64": "npm:0.28.1"
    "@esbuild/netbsd-arm64": "npm:0.28.1"
    "@esbuild/netbsd-x64": "npm:0.28.1"
    "@esbuild/openbsd-arm64": "npm:0.28.1"
    "@esbuild/openbsd-x64": "npm:0.28.1"
    "@esbuild/openharmony-arm64": "npm:0.28.1"
    "@esbuild/sunos-x64": "npm:0.28.1"
    "@esbuild/win32-arm64": "npm:0.28.1"
    "@esbuild/win32-ia32": "npm:0.28.1"
    "@esbuild/win32-x64": "npm:0.28.1"
  dependenciesMeta:
    "@esbuild/aix-ppc64":
      optional: true
    "@esbuild/android-arm":
      optional: true
    "@esbuild/android-arm64":
      optional: true
    "@esbuild/android-x64":
      optional: true
    "@esbuild/darwin-arm64":
      optional: true
    "@esbuild/darwin-x64":
      optional: true
    "@esbuild/freebsd-arm64":
      optional: true
    "@esbuild/freebsd-x64":
      optional: true
    "@esbuild/linux-arm":
      optional: true
    "@esbuild/linux-arm64":
      optional: true
    "@esbuild/linux-ia32":
      optional: true
    "@esbuild/linux-loong64":
      optional: true
    "@esbuild/linux-mips64el":
      optional: true
    "@esbuild/linux-ppc64":
      optional: true
    "@esbuild/linux-riscv64":
      optional: true
    "@esbuild/linux-s390x":
      optional: true
    "@esbuild/linux-x64":
      optional: true
    "@esbuild/netbsd-arm64":
      optional: true
    "@esbuild/netbsd-x64":
      optional: true
    "@esbuild/openbsd-arm64":
      optional: true
    "@esbuild/openbsd-x64":
      optional: true
    "@esbuild/openharmony-arm64":
      optional: true
    "@esbuild/sunos-x64":
      optional: true
    "@esbuild/win32-arm64":
      optional: true
    "@esbuild/win32-ia32":
      optional: true
    "@esbuild/win32-x64":
      optional: true
  bin:
    esbuild: bin/esbuild
  checksum: 10/aaa4a922644afffac45e735c99caf343f881e2d36abcc6b6fb53c230bd69940504a5bb6b0041bdd1a690e748ebc681d3308a7d178987c523d74c63c2c280bac8
  languageName: node
  linkType: hard

"estree-walker@npm:^3.0.3":
  version: 3.0.3
  resolution: "estree-walker@npm:3.0.3"
  dependencies:
    "@types/estree": "npm:^1.0.0"
  checksum: 10/a65728d5727b71de172c5df323385755a16c0fdab8234dc756c3854cfee343261ddfbb72a809a5660fac8c75d960bb3e21aa898c2d7e9b19bb298482ca58a3af
  languageName: node
  linkType: hard

"expect-type@npm:^1.2.1":
  version: 1.4.0
  resolution: "expect-type@npm:1.4.0"
  checksum: 10/bad91f4b7eb807248695ee840a935d12818fe531ad523bc7ac7dcc540a4d86dc566a3ef829f4da6e8b5a458ac84092771739865114c91e7e8a9317302f401f09
  languageName: node
  linkType: hard

"exponential-backoff@npm:^3.1.1":
  version: 3.1.3
  resolution: "exponential-backoff@npm:3.1.3"
  checksum: 10/ca25962b4bbab943b7c4ed0b5228e263833a5063c65e1cdeac4be9afad350aae5466e8e619b5051f4f8d37b2144a2d6e8fcc771b6cc82934f7dade2f964f652c
  languageName: node
  linkType: hard

"fdir@npm:^6.5.0":
  version: 6.5.0
  resolution: "fdir@npm:6.5.0"
  peerDependencies:
    picomatch: ^3 || ^4
  peerDependenciesMeta:
    picomatch:
      optional: true
  checksum: 10/14ca1c9f0a0e8f4f2e9bf4e8551065a164a09545dae548c12a18d238b72e51e5a7b39bd8e5494b56463a0877672d0a6c1ef62c6fa0677db1b0c847773be939b1
  languageName: node
  linkType: hard

"fsevents@npm:~2.3.2, fsevents@npm:~2.3.3":
  version: 2.3.3
  resolution: "fsevents@npm:2.3.3"
  dependencies:
    node-gyp: "npm:latest"
  checksum: 10/4c1ade961ded57cdbfbb5cac5106ec17bc8bccd62e16343c569a0ceeca83b9dfef87550b4dc5cbb89642da412b20c5071f304c8c464b80415446e8e155a038c0
  conditions: os=darwin
  languageName: node
  linkType: hard

"fsevents@patch:fsevents@npm%3A~2.3.2#optional!builtin<compat/fsevents>, fsevents@patch:fsevents@npm%3A~2.3.3#optional!builtin<compat/fsevents>":
  version: 2.3.3
  resolution: "fsevents@patch:fsevents@npm%3A2.3.3#optional!builtin<compat/fsevents>::version=2.3.3&hash=df0bf1"
  dependencies:
    node-gyp: "npm:latest"
  conditions: os=darwin
  languageName: node
  linkType: hard

"graceful-fs@npm:^4.2.6":
  version: 4.2.11
  resolution: "graceful-fs@npm:4.2.11"
  checksum: 10/bf152d0ed1dc159239db1ba1f74fdbc40cb02f626770dcd5815c427ce0688c2635a06ed69af364396da4636d0408fcf7d4afdf7881724c3307e46aff30ca49e2
  languageName: node
  linkType: hard

"isexe@npm:^4.0.0":
  version: 4.0.0
  resolution: "isexe@npm:4.0.0"
  checksum: 10/2ead327ef596042ef9c9ec5f236b316acfaedb87f4bb61b3c3d574fb2e9c8a04b67305e04733bde52c24d9622fdebd3270aadb632adfbf9cadef88fe30f479e5
  languageName: node
  linkType: hard

"js-tokens@npm:^9.0.1":
  version: 9.0.1
  resolution: "js-tokens@npm:9.0.1"
  checksum: 10/3288ba73bb2023adf59501979fb4890feb6669cc167b13771b226814fde96a1583de3989249880e3f4d674040d1815685db9a9880db9153307480d39dc760365
  languageName: node
  linkType: hard

"loupe@npm:^3.1.0, loupe@npm:^3.1.4":
  version: 3.2.1
  resolution: "loupe@npm:3.2.1"
  checksum: 10/a4d78ec758aaa04e0e35d5cd1c15e970beb9cdbfd3d0f34f98b9bcda489f896a7190b3b6cc40b7a6dcb8e97e82e96eafaae10096aaa469804acdba6f7c2bde5f
  languageName: node
  linkType: hard

"magic-string@npm:^0.30.17":
  version: 0.30.21
  resolution: "magic-string@npm:0.30.21"
  dependencies:
    "@jridgewell/sourcemap-codec": "npm:^1.5.5"
  checksum: 10/57d5691f41ed40d962d8bd300148114f53db67fadbff336207db10a99f2bdf4a1be9cac3a68ee85dba575912ee1d4402e4396408196ec2d3afd043b076156221
  languageName: node
  linkType: hard

"minipass@npm:^7.0.4, minipass@npm:^7.1.2":
  version: 7.1.3
  resolution: "minipass@npm:7.1.3"
  checksum: 10/175e4d5e20980c3cd316ae82d2c031c42f6c746467d8b1905b51060a0ba4461441a0c25bb67c025fd9617f9a3873e152c7b543c6b5ac83a1846be8ade80dffd6
  languageName: node
  linkType: hard

"minizlib@npm:^3.1.0":
  version: 3.1.0
  resolution: "minizlib@npm:3.1.0"
  dependencies:
    minipass: "npm:^7.1.2"
  checksum: 10/f47365cc2cb7f078cbe7e046eb52655e2e7e97f8c0a9a674f4da60d94fb0624edfcec9b5db32e8ba5a99a5f036f595680ae6fe02a262beaa73026e505cc52f99
  languageName: node
  linkType: hard

"ms@npm:^2.1.3":
  version: 2.1.3
  resolution: "ms@npm:2.1.3"
  checksum: 10/aa92de608021b242401676e35cfa5aa42dd70cbdc082b916da7fb925c542173e36bce97ea3e804923fe92c0ad991434e4a38327e15a1b5b5f945d66df615ae6d
  languageName: node
  linkType: hard

"nanoid@npm:^3.3.16":
  version: 3.3.16
  resolution: "nanoid@npm:3.3.16"
  bin:
    nanoid: bin/nanoid.cjs
  checksum: 10/8004af92b5541af1dbd23b69845b5026f777d5b7ef07163cea1837aae86e052ced8b383cecbf8a4f1b5e77ae207df96dc45e16b9e0fa3c4b761d085f1e42851b
  languageName: node
  linkType: hard

"node-gyp@npm:latest":
  version: 13.0.1
  resolution: "node-gyp@npm:13.0.1"
  dependencies:
    env-paths: "npm:^2.2.0"
    exponential-backoff: "npm:^3.1.1"
    graceful-fs: "npm:^4.2.6"
    nopt: "npm:^10.0.0"
    proc-log: "npm:^7.0.0"
    semver: "npm:^7.3.5"
    tar: "npm:^7.5.4"
    tinyglobby: "npm:^0.2.12"
    undici: "npm:^8.4.1"
    which: "npm:^7.0.0"
  bin:
    node-gyp: bin/node-gyp.js
  checksum: 10/227ad4aaa7cda1b5d3bc20a58e36d354e400db9b0682a6540ce8e9aa530a56feec963100d7c449ccfcd85efd850383c9988b62a1d95dadef246117be42c78316
  languageName: node
  linkType: hard

"nopt@npm:^10.0.0":
  version: 10.0.1
  resolution: "nopt@npm:10.0.1"
  dependencies:
    abbrev: "npm:^5.0.0"
  bin:
    nopt: bin/nopt.js
  checksum: 10/8021371365e78a2cbab015cac50d8449aa2cc411f0b8f2edb466c1336c3dfee4e61c5bf5bde22ee7dcea80d5f4510a7a8705ed3646c8d782f28b550c62bc4fdf
  languageName: node
  linkType: hard

"pathe@npm:^2.0.3":
  version: 2.0.3
  resolution: "pathe@npm:2.0.3"
  checksum: 10/01e9a69928f39087d96e1751ce7d6d50da8c39abf9a12e0ac2389c42c83bc76f78c45a475bd9026a02e6a6f79be63acc75667df855862fe567d99a00a540d23d
  languageName: node
  linkType: hard

"pathval@npm:^2.0.0":
  version: 2.0.1
  resolution: "pathval@npm:2.0.1"
  checksum: 10/f5e8b82f6b988a5bba197970af050268fd800780d0f9ee026e6f0b544ac4b17ab52bebeabccb790d63a794530a1641ae399ad07ecfc67ad337504c85dc9e5693
  languageName: node
  linkType: hard

"picocolors@npm:^1.1.1":
  version: 1.1.1
  resolution: "picocolors@npm:1.1.1"
  checksum: 10/e1cf46bf84886c79055fdfa9dcb3e4711ad259949e3565154b004b260cd356c5d54b31a1437ce9782624bf766272fe6b0154f5f0c744fb7af5d454d2b60db045
  languageName: node
  linkType: hard

"picomatch@npm:^4.0.2, picomatch@npm:^4.0.3, picomatch@npm:^4.0.4":
  version: 4.0.5
  resolution: "picomatch@npm:4.0.5"
  checksum: 10/8bad770af9dcdb7f94ad1a893adcbe08a97d75a18872f8fed37161d3124217471c402b3929f051532f795f4ff2e53dcebb1644df4c1a5f3a9c476fef3b9f8c51
  languageName: node
  linkType: hard

"postcss@npm:^8.5.6":
  version: 8.5.22
  resolution: "postcss@npm:8.5.22"
  dependencies:
    nanoid: "npm:^3.3.16"
    picocolors: "npm:^1.1.1"
    source-map-js: "npm:^1.2.1"
  checksum: 10/7944444f267f2d94c7caeed66f3da56d5b947bd4a7e57a166a5161af25c6006dd73f40e2a1a6822f3d7fccc2fa005778c03058368eb7efca1b5038aec55abd14
  languageName: node
  linkType: hard

"proc-log@npm:^7.0.0":
  version: 7.0.0
  resolution: "proc-log@npm:7.0.0"
  checksum: 10/97cd9f4a8a0d84e42ee91e106e5ba5edcb954521e8dbe26ee6ad31396e5c12cc2be5e5b6be7b53fa5a69959afbacd32719106e2d6f45802e34b31d9a3a01ec20
  languageName: node
  linkType: hard

"rollup@npm:^4.43.0":
  version: 4.62.2
  resolution: "rollup@npm:4.62.2"
  dependencies:
    "@rollup/rollup-android-arm-eabi": "npm:4.62.2"
    "@rollup/rollup-android-arm64": "npm:4.62.2"
    "@rollup/rollup-darwin-arm64": "npm:4.62.2"
    "@rollup/rollup-darwin-x64": "npm:4.62.2"
    "@rollup/rollup-freebsd-arm64": "npm:4.62.2"
    "@rollup/rollup-freebsd-x64": "npm:4.62.2"
    "@rollup/rollup-linux-arm-gnueabihf": "npm:4.62.2"
    "@rollup/rollup-linux-arm-musleabihf": "npm:4.62.2"
    "@rollup/rollup-linux-arm64-gnu": "npm:4.62.2"
    "@rollup/rollup-linux-arm64-musl": "npm:4.62.2"
    "@rollup/rollup-linux-loong64-gnu": "npm:4.62.2"
    "@rollup/rollup-linux-loong64-musl": "npm:4.62.2"
    "@rollup/rollup-linux-ppc64-gnu": "npm:4.62.2"
    "@rollup/rollup-linux-ppc64-musl": "npm:4.62.2"
    "@rollup/rollup-linux-riscv64-gnu": "npm:4.62.2"
    "@rollup/rollup-linux-riscv64-musl": "npm:4.62.2"
    "@rollup/rollup-linux-s390x-gnu": "npm:4.62.2"
    "@rollup/rollup-linux-x64-gnu": "npm:4.62.2"
    "@rollup/rollup-linux-x64-musl": "npm:4.62.2"
    "@rollup/rollup-openbsd-x64": "npm:4.62.2"
    "@rollup/rollup-openharmony-arm64": "npm:4.62.2"
    "@rollup/rollup-win32-arm64-msvc": "npm:4.62.2"
    "@rollup/rollup-win32-ia32-msvc": "npm:4.62.2"
    "@rollup/rollup-win32-x64-gnu": "npm:4.62.2"
    "@rollup/rollup-win32-x64-msvc": "npm:4.62.2"
    "@types/estree": "npm:1.0.9"
    fsevents: "npm:~2.3.2"
  dependenciesMeta:
    "@rollup/rollup-android-arm-eabi":
      optional: true
    "@rollup/rollup-android-arm64":
      optional: true
    "@rollup/rollup-darwin-arm64":
      optional: true
    "@rollup/rollup-darwin-x64":
      optional: true
    "@rollup/rollup-freebsd-arm64":
      optional: true
    "@rollup/rollup-freebsd-x64":
      optional: true
    "@rollup/rollup-linux-arm-gnueabihf":
      optional: true
    "@rollup/rollup-linux-arm-musleabihf":
      optional: true
    "@rollup/rollup-linux-arm64-gnu":
      optional: true
    "@rollup/rollup-linux-arm64-musl":
      optional: true
    "@rollup/rollup-linux-loong64-gnu":
      optional: true
    "@rollup/rollup-linux-loong64-musl":
      optional: true
    "@rollup/rollup-linux-ppc64-gnu":
      optional: true
    "@rollup/rollup-linux-ppc64-musl":
      optional: true
    "@rollup/rollup-linux-riscv64-gnu":
      optional: true
    "@rollup/rollup-linux-riscv64-musl":
      optional: true
    "@rollup/rollup-linux-s390x-gnu":
      optional: true
    "@rollup/rollup-linux-x64-gnu":
      optional: true
    "@rollup/rollup-linux-x64-musl":
      optional: true
    "@rollup/rollup-openbsd-x64":
      optional: true
    "@rollup/rollup-openharmony-arm64":
      optional: true
    "@rollup/rollup-win32-arm64-msvc":
      optional: true
    "@rollup/rollup-win32-ia32-msvc":
      optional: true
    "@rollup/rollup-win32-x64-gnu":
      optional: true
    "@rollup/rollup-win32-x64-msvc":
      optional: true
    fsevents:
      optional: true
  bin:
    rollup: dist/bin/rollup
  checksum: 10/40a8551c1b66c8c14ec073e8a8298d06b933cf333ade726eaf6daf210adb6fd8b03d7153d2b7226f6e24b10aff4e77e2b3c5bd2f66ee2bb11fcbcc5e6fb0a9b0
  languageName: node
  linkType: hard

"semver@npm:^7.3.5":
  version: 7.8.5
  resolution: "semver@npm:7.8.5"
  bin:
    semver: bin/semver.js
  checksum: 10/9b01d2ff11e6e4a4539b7ca3c5f280c8704cb397a28504469f2ed4f00ad2194748d756647362a9712fff30984d15772ab7f083108c2fb508e2096ae9e708f22c
  languageName: node
  linkType: hard

"siginfo@npm:^2.0.0":
  version: 2.0.0
  resolution: "siginfo@npm:2.0.0"
  checksum: 10/e93ff66c6531a079af8fb217240df01f980155b5dc408d2d7bebc398dd284e383eb318153bf8acd4db3c4fe799aa5b9a641e38b0ba3b1975700b1c89547ea4e7
  languageName: node
  linkType: hard

"source-map-js@npm:^1.2.1":
  version: 1.2.1
  resolution: "source-map-js@npm:1.2.1"
  checksum: 10/ff9d8c8bf096d534a5b7707e0382ef827b4dd360a577d3f34d2b9f48e12c9d230b5747974ee7c607f0df65113732711bb701fe9ece3c7edbd43cb2294d707df3
  languageName: node
  linkType: hard

"stackback@npm:0.0.2":
  version: 0.0.2
  resolution: "stackback@npm:0.0.2"
  checksum: 10/2d4dc4e64e2db796de4a3c856d5943daccdfa3dd092e452a1ce059c81e9a9c29e0b9badba91b43ef0d5ff5c04ee62feb3bcc559a804e16faf447bac2d883aa99
  languageName: node
  linkType: hard

"std-env@npm:^3.9.0":
  version: 3.10.0
  resolution: "std-env@npm:3.10.0"
  checksum: 10/19c9cda4f370b1ffae2b8b08c72167d8c3e5cfa972aaf5c6873f85d0ed2faa729407f5abb194dc33380708c00315002febb6f1e1b484736bfcf9361ad366013a
  languageName: node
  linkType: hard

"strip-literal@npm:^3.0.0":
  version: 3.1.0
  resolution: "strip-literal@npm:3.1.0"
  dependencies:
    js-tokens: "npm:^9.0.1"
  checksum: 10/6eb00906a1c343a1050579d1d6023e067a2d72152edb92e64cad49535115beb2e77905ace24aa459f29b66e75edba75ef9d8eca90575b0322640d64a5d37e131
  languageName: node
  linkType: hard

"tar@npm:^7.5.4":
  version: 7.5.21
  resolution: "tar@npm:7.5.21"
  dependencies:
    "@isaacs/fs-minipass": "npm:^4.0.0"
    chownr: "npm:^3.0.0"
    minipass: "npm:^7.1.2"
    minizlib: "npm:^3.1.0"
    yallist: "npm:^5.0.0"
  checksum: 10/a1b7dcee15e4f7dbef7f07c3cf0fe946248efabd1cb029b54c698d817dfc2876c75bcaa164a12dd21191e385759ce3e37fea562cf4aabaa00984ef9ed3c48d17
  languageName: node
  linkType: hard

"tinybench@npm:^2.9.0":
  version: 2.9.0
  resolution: "tinybench@npm:2.9.0"
  checksum: 10/cfa1e1418e91289219501703c4693c70708c91ffb7f040fd318d24aef419fb5a43e0c0160df9471499191968b2451d8da7f8087b08c3133c251c40d24aced06c
  languageName: node
  linkType: hard

"tinyexec@npm:^0.3.2":
  version: 0.3.2
  resolution: "tinyexec@npm:0.3.2"
  checksum: 10/b9d5fed3166fb1acd1e7f9a89afcd97ccbe18b9c1af0278e429455f6976d69271ba2d21797e7c36d57d6b05025e525d2882d88c2ab435b60d1ddf2fea361de57
  languageName: node
  linkType: hard

"tinyglobby@npm:^0.2.12, tinyglobby@npm:^0.2.14, tinyglobby@npm:^0.2.15":
  version: 0.2.17
  resolution: "tinyglobby@npm:0.2.17"
  dependencies:
    fdir: "npm:^6.5.0"
    picomatch: "npm:^4.0.4"
  checksum: 10/f85e8a217d675c3f78d5f0ad25ea4557e7e023ed13ddc2b014da10bd0312eea53a34cd52356af07ccdff777f1243012547656282a4ca70936f68bf5065fbaa71
  languageName: node
  linkType: hard

"tinypool@npm:^1.1.1":
  version: 1.1.1
  resolution: "tinypool@npm:1.1.1"
  checksum: 10/0d54139e9dbc6ef33349768fa78890a4d708d16a7ab68e4e4ef3bb740609ddf0f9fd13292c2f413fbba756166c97051a657181c8f7ae92ade690604f183cc01d
  languageName: node
  linkType: hard

"tinyrainbow@npm:^2.0.0":
  version: 2.0.0
  resolution: "tinyrainbow@npm:2.0.0"
  checksum: 10/94d4e16246972614a5601eeb169ba94f1d49752426312d3cf8cc4f2cc663a2e354ffc653aa4de4eebccbf9eeebdd0caef52d1150271fdfde65d7ae7f3dcb9eb5
  languageName: node
  linkType: hard

"tinyspy@npm:^4.0.3":
  version: 4.0.4
  resolution: "tinyspy@npm:4.0.4"
  checksum: 10/858a99e3ded2fba8fe7c243099d9e58e926d6525af03d19cdf86c1a9a30398161fb830b4f77890d266bcc1c69df08fa6f4baf29d089385e4cdaa98d7b6296e7c
  languageName: node
  linkType: hard

"undici@npm:^8.4.1":
  version: 8.8.0
  resolution: "undici@npm:8.8.0"
  checksum: 10/38817588326d78646f068466a95d8355874cb8846cbecf320edd06bc344370ac308cfb3d8a207af846dd9d8ed8eb9341a31794cc8cbb213957871d54220629ce
  languageName: node
  linkType: hard

"vite-node@npm:3.2.4":
  version: 3.2.4
  resolution: "vite-node@npm:3.2.4"
  dependencies:
    cac: "npm:^6.7.14"
    debug: "npm:^4.4.1"
    es-module-lexer: "npm:^1.7.0"
    pathe: "npm:^2.0.3"
    vite: "npm:^5.0.0 || ^6.0.0 || ^7.0.0-0"
  bin:
    vite-node: vite-node.mjs
  checksum: 10/343244ecabbab3b6e1a3065dabaeefa269965a7a7c54652d4b7a7207ee82185e887af97268c61755dcb2dd6a6ce5d9e114400cbd694229f38523e935703cc62f
  languageName: node
  linkType: hard

"vite@npm:^5.0.0 || ^6.0.0 || ^7.0.0-0":
  version: 7.3.6
  resolution: "vite@npm:7.3.6"
  dependencies:
    esbuild: "npm:^0.27.0 || ^0.28.0"
    fdir: "npm:^6.5.0"
    fsevents: "npm:~2.3.3"
    picomatch: "npm:^4.0.3"
    postcss: "npm:^8.5.6"
    rollup: "npm:^4.43.0"
    tinyglobby: "npm:^0.2.15"
  peerDependencies:
    "@types/node": ^20.19.0 || >=22.12.0
    jiti: ">=1.21.0"
    less: ^4.0.0
    lightningcss: ^1.21.0
    sass: ^1.70.0
    sass-embedded: ^1.70.0
    stylus: ">=0.54.8"
    sugarss: ^5.0.0
    terser: ^5.16.0
    tsx: ^4.8.1
    yaml: ^2.4.2
  dependenciesMeta:
    fsevents:
      optional: true
  peerDependenciesMeta:
    "@types/node":
      optional: true
    jiti:
      optional: true
    less:
      optional: true
    lightningcss:
      optional: true
    sass:
      optional: true
    sass-embedded:
      optional: true
    stylus:
      optional: true
    sugarss:
      optional: true
    terser:
      optional: true
    tsx:
      optional: true
    yaml:
      optional: true
  bin:
    vite: bin/vite.js
  checksum: 10/6fcbadb1a409990e1bbd4ff0ff41e763c87049228cdc407984bdca40b96ab32de0f1f70fa62fb1f3ca001a5b90accbbe22ddfad5cc436855058357b3f2141d3b
  languageName: node
  linkType: hard

"vitest@npm:^3.2.6":
  version: 3.2.7
  resolution: "vitest@npm:3.2.7"
  dependencies:
    "@types/chai": "npm:^5.2.2"
    "@vitest/expect": "npm:3.2.7"
    "@vitest/mocker": "npm:3.2.7"
    "@vitest/pretty-format": "npm:^3.2.7"
    "@vitest/runner": "npm:3.2.7"
    "@vitest/snapshot": "npm:3.2.7"
    "@vitest/spy": "npm:3.2.7"
    "@vitest/utils": "npm:3.2.7"
    chai: "npm:^5.2.0"
    debug: "npm:^4.4.1"
    expect-type: "npm:^1.2.1"
    magic-string: "npm:^0.30.17"
    pathe: "npm:^2.0.3"
    picomatch: "npm:^4.0.2"
    std-env: "npm:^3.9.0"
    tinybench: "npm:^2.9.0"
    tinyexec: "npm:^0.3.2"
    tinyglobby: "npm:^0.2.14"
    tinypool: "npm:^1.1.1"
    tinyrainbow: "npm:^2.0.0"
    vite: "npm:^5.0.0 || ^6.0.0 || ^7.0.0-0"
    vite-node: "npm:3.2.4"
    why-is-node-running: "npm:^2.3.0"
  peerDependencies:
    "@edge-runtime/vm": "*"
    "@types/debug": ^4.1.12
    "@types/node": ^18.0.0 || ^20.0.0 || >=22.0.0
    "@vitest/browser": 3.2.7
    "@vitest/ui": 3.2.7
    happy-dom: "*"
    jsdom: "*"
  peerDependenciesMeta:
    "@edge-runtime/vm":
      optional: true
    "@types/debug":
      optional: true
    "@types/node":
      optional: true
    "@vitest/browser":
      optional: true
    "@vitest/ui":
      optional: true
    happy-dom:
      optional: true
    jsdom:
      optional: true
  bin:
    vitest: ./vitest.mjs
  checksum: 10/b54cba8bbb78450dcc78f84df08417ee6daf86450836cd3e5770e7f375596f7b2f756f587b712ebdf28b41c7768747ae3854407372cd95fe6dbaa8410647b273
  languageName: node
  linkType: hard

"which@npm:^7.0.0":
  version: 7.0.0
  resolution: "which@npm:7.0.0"
  dependencies:
    isexe: "npm:^4.0.0"
  bin:
    node-which: bin/which.js
  checksum: 10/913a43ac10df37602ba9795a004dd7ab12ba7dd592aca1f08ec333be1fdd6a49bbf119a88c3f8d0ea70eeb6251726e77069251424d73000299a0a840ed000732
  languageName: node
  linkType: hard

"why-is-node-running@npm:^2.3.0":
  version: 2.3.0
  resolution: "why-is-node-running@npm:2.3.0"
  dependencies:
    siginfo: "npm:^2.0.0"
    stackback: "npm:0.0.2"
  bin:
    why-is-node-running: cli.js
  checksum: 10/0de6e6cd8f2f94a8b5ca44e84cf1751eadcac3ebedcdc6e5fbbe6c8011904afcbc1a2777c53496ec02ced7b81f2e7eda61e76bf8262a8bc3ceaa1f6040508051
  languageName: node
  linkType: hard

"yallist@npm:^5.0.0":
  version: 5.0.0
  resolution: "yallist@npm:5.0.0"
  checksum: 10/1884d272d485845ad04759a255c71775db0fac56308764b4c77ea56a20d56679fad340213054c8c9c9c26fcfd4c4b2a90df993b7e0aaf3cdb73c618d1d1a802a
  languageName: node
  linkType: hard
