# THIS IS AN AUTOGENERATED FILE. DO NOT EDIT THIS FILE DIRECTLY.
# yarn lockfile v1


"@babel/runtime@^7.1.2":
  version "7.9.2"
  resolved "https://registry.yarnpkg.com/@babel/runtime/-/runtime-7.9.2.tgz#d90df0583a3a252f09aaa619665367bae518db06"
  integrity sha512-NE2DtOdufG7R5vnfQUTehdTfNycfUANEtCa9PssN9O/xmTzP4E08UI797ixaei6hBEVL9BI/PsdJS5x7mWoB9Q==
  dependencies:
    regenerator-runtime "^0.13.4"

"@semantic-ui-react/event-stack@^3.1.0":
  version "3.1.1"
  resolved "https://registry.yarnpkg.com/@semantic-ui-react/event-stack/-/event-stack-3.1.1.tgz#3263d17511db81a743167fe45281a24b3eb6b3c8"
  integrity sha512-SA7VOu/tY3OkooR++mm9voeQrJpYXjJaMHO1aFCcSouS2xhqMR9Gnz0LEGLOR0h9ueWPBKaQzKIrx3FTTJZmUQ==
  dependencies:
    exenv "^1.2.2"
    prop-types "^15.6.2"

"@stardust-ui/react-component-event-listener@~0.38.0":
  version "0.38.0"
  resolved "https://registry.yarnpkg.com/@stardust-ui/react-component-event-listener/-/react-component-event-listener-0.38.0.tgz#1787faded94b40ad41226e6289baf13e701c6e7f"
  integrity sha512-sIP/e0dyOrrlb8K7KWumfMxj/gAifswTBC4o68Aa+C/GA73ccRp/6W1VlHvF/dlOR4KLsA+5SKnhjH36xzPsWg==
  dependencies:
    "@babel/runtime" "^7.1.2"
    prop-types "^15.7.2"

"@stardust-ui/react-component-ref@~0.38.0":
  version "0.38.0"
  resolved "https://registry.yarnpkg.com/@stardust-ui/react-component-ref/-/react-component-ref-0.38.0.tgz#52d555f2d5edd213c923c93a106f7de940e427ef"
  integrity sha512-xjs6WnvJVueSIXMWw0C3oWIgAPpcD03qw43oGOjUXqFktvpNkB73JoKIhS4sCrtQxBdct75qqr4ZL6JiyPcESw==
  dependencies:
    "@babel/runtime" "^7.1.2"
    prop-types "^15.7.2"
    react-is "^16.6.3"

after@0.8.2:
  version "0.8.2"
  resolved "https://registry.yarnpkg.com/after/-/after-0.8.2.tgz#fedb394f9f0e02aa9768e702bda23b505fae7e1f"
  integrity sha1-/ts5T58OAqqXaOcCvaI7UF+ufh8=

arraybuffer.slice@~0.0.7:
  version "0.0.7"
  resolved "https://registry.yarnpkg.com/arraybuffer.slice/-/arraybuffer.slice-0.0.7.tgz#3bbc4275dd584cc1b10809b89d4e8b63a69e7675"
  integrity sha512-wGUIVQXuehL5TCqQun8OW81jGzAWycqzFF8lFp+GOM5BXLYj3bKNsYC4daB7n6XjCqxQA/qgTJ+8ANR3acjrog==

async-limiter@~1.0.0:
  version "1.0.1"
  resolved "https://registry.yarnpkg.com/async-limiter/-/async-limiter-1.0.1.tgz#dd379e94f0db8310b08291f9d64c3209766617fd"
  integrity sha512-csOlWGAcRFJaI6m+F2WKdnMKr4HhdhFVBk0H/QbJFMCr+uO2kwohwXQPxw/9OCxp05r5ghVBFSyioixx3gfkNQ==

backo2@1.0.2:
  version "1.0.2"
  resolved "https://registry.yarnpkg.com/backo2/-/backo2-1.0.2.tgz#31ab1ac8b129363463e35b3ebb69f4dfcfba7947"
  integrity sha1-MasayLEpNjRj41s+u2n038+6eUc=

base64-arraybuffer@0.1.5:
  version "0.1.5"
  resolved "https://registry.yarnpkg.com/base64-arraybuffer/-/base64-arraybuffer-0.1.5.tgz#73926771923b5a19747ad666aa5cd4bf9c6e9ce8"
  integrity sha1-c5JncZI7Whl0etZmqlzUv5xunOg=

better-assert@~1.0.0:
  version "1.0.2"
  resolved "https://registry.yarnpkg.com/better-assert/-/better-assert-1.0.2.tgz#40866b9e1b9e0b55b481894311e68faffaebc522"
  integrity sha1-QIZrnhueC1W0gYlDEeaPr/rrxSI=
  dependencies:
    callsite "1.0.0"

blob@0.0.5:
  version "0.0.5"
  resolved "https://registry.yarnpkg.com/blob/-/blob-0.0.5.tgz#d680eeef25f8cd91ad533f5b01eed48e64caf683"
  integrity sha512-gaqbzQPqOoamawKg0LGVd7SzLgXS+JH61oWprSLH+P+abTczqJbhTR8CmJ2u9/bUYNmHTGJx/UEmn6doAvvuig==

callsite@1.0.0:
  version "1.0.0"
  resolved "https://registry.yarnpkg.com/callsite/-/callsite-1.0.0.tgz#280398e5d664bd74038b6f0905153e6e8af1bc20"
  integrity sha1-KAOY5dZkvXQDi28JBRU+borxvCA=

classnames@^2.2.6:
  version "2.2.6"
  resolved "https://registry.yarnpkg.com/classnames/-/classnames-2.2.6.tgz#43935bffdd291f326dad0a205309b38d00f650ce"
  integrity sha512-JR/iSQOSt+LQIWwrwEzJ9uk0xfN3mTVYMwt1Ir5mUcSN6pU+V4zQFFaJsclJbPuAUQH+yfWef6tm7l1quW3C8Q==

component-bind@1.0.0:
  version "1.0.0"
  resolved "https://registry.yarnpkg.com/component-bind/-/component-bind-1.0.0.tgz#00c608ab7dcd93897c0009651b1d3a8e1e73bbd1"
  integrity sha1-AMYIq33Nk4l8AAllGx06jh5zu9E=

component-emitter@1.2.1:
  version "1.2.1"
  resolved "https://registry.yarnpkg.com/component-emitter/-/component-emitter-1.2.1.tgz#137918d6d78283f7df7a6b7c5a63e140e69425e6"
  integrity sha1-E3kY1teCg/ffemt8WmPhQOaUJeY=

component-inherit@0.0.3:
  version "0.0.3"
  resolved "https://registry.yarnpkg.com/component-inherit/-/component-inherit-0.0.3.tgz#645fc4adf58b72b649d5cae65135619db26ff143"
  integrity sha1-ZF/ErfWLcrZJ1crmUTVhnbJv8UM=

create-react-context@^0.3.0:
  version "0.3.0"
  resolved "https://registry.yarnpkg.com/create-react-context/-/create-react-context-0.3.0.tgz#546dede9dc422def0d3fc2fe03afe0bc0f4f7d8c"
  integrity sha512-dNldIoSuNSvlTJ7slIKC/ZFGKexBMBrrcc+TTe1NdmROnaASuLPvqpwj9v4XS4uXZ8+YPu0sNmShX2rXI5LNsw==
  dependencies:
    gud "^1.0.0"
    warning "^4.0.3"

debug@~3.1.0:
  version "3.1.0"
  resolved "https://registry.yarnpkg.com/debug/-/debug-3.1.0.tgz#5bb5a0672628b64149566ba16819e61518c67261"
  integrity sha512-OX8XqP7/1a9cqkxYw2yXss15f26NKWBpDXQd0/uK/KPqdQhxbPa994hnzjcE2VqQpDslf55723cKPUOGSmMY3g==
  dependencies:
    ms "2.0.0"

debug@~4.1.0:
  version "4.1.1"
  resolved "https://registry.yarnpkg.com/debug/-/debug-4.1.1.tgz#3b72260255109c6b589cee050f1d516139664791"
  integrity sha512-pYAIzeRo8J6KPEaJ0VWOh5Pzkbw/RetuzehGM7QRRX5he4fPHx2rdKMB256ehJCkX+XRQm16eZLqLNS8RSZXZw==
  dependencies:
    ms "^2.1.1"

deep-equal@^1.1.1:
  version "1.1.1"
  resolved "https://registry.yarnpkg.com/deep-equal/-/deep-equal-1.1.1.tgz#b5c98c942ceffaf7cb051e24e1434a25a2e6076a"
  integrity sha512-yd9c5AdiqVcR+JjcwUQb9DkhJc8ngNr0MahEBGvDiJw8puWab2yZlh+nkasOnZP+EGTAP6rRp2JzJhJZzvNF8g==
  dependencies:
    is-arguments "^1.0.4"
    is-date-object "^1.0.1"
    is-regex "^1.0.4"
    object-is "^1.0.1"
    object-keys "^1.1.1"
    regexp.prototype.flags "^1.2.0"

define-properties@^1.1.2, define-properties@^1.1.3:
  version "1.1.3"
  resolved "https://registry.yarnpkg.com/define-properties/-/define-properties-1.1.3.tgz#cf88da6cbee26fe6db7094f61d870cbd84cee9f1"
  integrity sha512-3MqfYKj2lLzdMSf8ZIZE/V+Zuy+BgD6f164e8K2w7dgnpKArBDerGYpM46IYYcjnkdPNMjPk9A6VFB8+3SKlXQ==
  dependencies:
    object-keys "^1.0.12"

engine.io-client@~3.4.0:
  version "3.4.1"
  resolved "https://registry.yarnpkg.com/engine.io-client/-/engine.io-client-3.4.1.tgz#922ddb47eecdcb541136a93aeead24718fd05461"
  integrity sha512-RJNmA+A9Js+8Aoq815xpGAsgWH1VoSYM//2VgIiu9lNOaHFfLpTjH4tOzktBpjIs5lvOfiNY1dwf+NuU6D38Mw==
  dependencies:
    component-emitter "1.2.1"
    component-inherit "0.0.3"
    debug "~4.1.0"
    engine.io-parser "~2.2.0"
    has-cors "1.1.0"
    indexof "0.0.1"
    parseqs "0.0.5"
    parseuri "0.0.5"
    ws "~6.1.0"
    xmlhttprequest-ssl "~1.5.4"
    yeast "0.1.2"

engine.io-parser@~2.2.0:
  version "2.2.0"
  resolved "https://registry.yarnpkg.com/engine.io-parser/-/engine.io-parser-2.2.0.tgz#312c4894f57d52a02b420868da7b5c1c84af80ed"
  integrity sha512-6I3qD9iUxotsC5HEMuuGsKA0cXerGz+4uGcXQEkfBidgKf0amsjrrtwcbwK/nzpZBxclXlV7gGl9dgWvu4LF6w==
  dependencies:
    after "0.8.2"
    arraybuffer.slice "~0.0.7"
    base64-arraybuffer "0.1.5"
    blob "0.0.5"
    has-binary2 "~1.0.2"

es-abstract@^1.17.0-next.1, es-abstract@^1.17.5:
  version "1.17.5"
  resolved "https://registry.yarnpkg.com/es-abstract/-/es-abstract-1.17.5.tgz#d8c9d1d66c8981fb9200e2251d799eee92774ae9"
  integrity sha512-BR9auzDbySxOcfog0tLECW8l28eRGpDpU3Dm3Hp4q/N+VtLTmyj4EUN088XZWQDW/hzj6sYRDXeOFsaAODKvpg==
  dependencies:
    es-to-primitive "^1.2.1"
    function-bind "^1.1.1"
    has "^1.0.3"
    has-symbols "^1.0.1"
    is-callable "^1.1.5"
    is-regex "^1.0.5"
    object-inspect "^1.7.0"
    object-keys "^1.1.1"
    object.assign "^4.1.0"
    string.prototype.trimleft "^2.1.1"
    string.prototype.trimright "^2.1.1"

es-to-primitive@^1.2.1:
  version "1.2.1"
  resolved "https://registry.yarnpkg.com/es-to-primitive/-/es-to-primitive-1.2.1.tgz#e55cd4c9cdc188bcefb03b366c736323fc5c898a"
  integrity sha512-QCOllgZJtaUo9miYBcLChTUaHNjJF3PYs1VidD7AwiEj1kYxKeQTctLAezAOH5ZKRH0g2IgPn6KwB4IT8iRpvA==
  dependencies:
    is-callable "^1.1.4"
    is-date-object "^1.0.1"
    is-symbol "^1.0.2"

exenv@^1.2.2:
  version "1.2.2"
  resolved "https://registry.yarnpkg.com/exenv/-/exenv-1.2.2.tgz#2ae78e85d9894158670b03d47bec1f03bd91bb9d"
  integrity sha1-KueOhdmJQVhnCwPUe+wfA72Ru50=

fomantic-ui-less@^2.8.4:
  version "2.8.4"
  resolved "https://registry.yarnpkg.com/fomantic-ui-less/-/fomantic-ui-less-2.8.4.tgz#0907bba84725fe1d520b44faa789305731277e2b"
  integrity sha512-4azOHfX6cLaqTf3G7+Evt9FR8LnqCHvHzU2rCn5rEK7xJY0n3JeiOpm1Tl6D64id8OnHR84Tjjl33g0j9k0FxQ==
  dependencies:
    jquery "^3.4.0"

function-bind@^1.1.1:
  version "1.1.1"
  resolved "https://registry.yarnpkg.com/function-bind/-/function-bind-1.1.1.tgz#a56899d3ea3c9bab874bb9773b7c5ede92f4895d"
  integrity sha512-yIovAzMX49sF8Yl58fSCWJ5svSLuaibPxXQJFLmBObTuCr0Mf1KiPopGM9NiFjiYBCbfaa2Fh6breQ6ANVTI0A==

gud@^1.0.0:
  version "1.0.0"
  resolved "https://registry.yarnpkg.com/gud/-/gud-1.0.0.tgz#a489581b17e6a70beca9abe3ae57de7a499852c0"
  integrity sha512-zGEOVKFM5sVPPrYs7J5/hYEw2Pof8KCyOwyhG8sAF26mCAeUFAcYPu1mwB7hhpIP29zOIBaDqwuHdLp0jvZXjw==

has-binary2@~1.0.2:
  version "1.0.3"
  resolved "https://registry.yarnpkg.com/has-binary2/-/has-binary2-1.0.3.tgz#7776ac627f3ea77250cfc332dab7ddf5e4f5d11d"
  integrity sha512-G1LWKhDSvhGeAQ8mPVQlqNcOB2sJdwATtZKl2pDKKHfpf/rYj24lkinxf69blJbnsvtqqNU+L3SL50vzZhXOnw==
  dependencies:
    isarray "2.0.1"

has-cors@1.1.0:
  version "1.1.0"
  resolved "https://registry.yarnpkg.com/has-cors/-/has-cors-1.1.0.tgz#5e474793f7ea9843d1bb99c23eef49ff126fff39"
  integrity sha1-XkdHk/fqmEPRu5nCPu9J/xJv/zk=

has-symbols@^1.0.0, has-symbols@^1.0.1:
  version "1.0.1"
  resolved "https://registry.yarnpkg.com/has-symbols/-/has-symbols-1.0.1.tgz#9f5214758a44196c406d9bd76cebf81ec2dd31e8"
  integrity sha512-PLcsoqu++dmEIZB+6totNFKq/7Do+Z0u4oT0zKOJNl3lYK6vGwwu2hjHs+68OEZbTjiUE9bgOABXbP/GvrS0Kg==

has@^1.0.3:
  version "1.0.3"
  resolved "https://registry.yarnpkg.com/has/-/has-1.0.3.tgz#722d7cbfc1f6aa8241f16dd814e011e1f41e8796"
  integrity sha512-f2dvO0VU6Oej7RkWJGrehjbzMAjFp5/VKPp5tTpWIV4JHHZK1/BxbFRtf/siA2SWTe09caDmVtYYzWEIbBS4zw==
  dependencies:
    function-bind "^1.1.1"

indexof@0.0.1:
  version "0.0.1"
  resolved "https://registry.yarnpkg.com/indexof/-/indexof-0.0.1.tgz#82dc336d232b9062179d05ab3293a66059fd435d"
  integrity sha1-gtwzbSMrkGIXnQWrMpOmYFn9Q10=

is-arguments@^1.0.4:
  version "1.0.4"
  resolved "https://registry.yarnpkg.com/is-arguments/-/is-arguments-1.0.4.tgz#3faf966c7cba0ff437fb31f6250082fcf0448cf3"
  integrity sha512-xPh0Rmt8NE65sNzvyUmWgI1tz3mKq74lGA0mL8LYZcoIzKOzDh6HmrYm3d18k60nHerC8A9Km8kYu87zfSFnLA==

is-callable@^1.1.4, is-callable@^1.1.5:
  version "1.1.5"
  resolved "https://registry.yarnpkg.com/is-callable/-/is-callable-1.1.5.tgz#f7e46b596890456db74e7f6e976cb3273d06faab"
  integrity sha512-ESKv5sMCJB2jnHTWZ3O5itG+O128Hsus4K4Qh1h2/cgn2vbgnLSVqfV46AeJA9D5EeeLa9w81KUXMtn34zhX+Q==

is-date-object@^1.0.1:
  version "1.0.2"
  resolved "https://registry.yarnpkg.com/is-date-object/-/is-date-object-1.0.2.tgz#bda736f2cd8fd06d32844e7743bfa7494c3bfd7e"
  integrity sha512-USlDT524woQ08aoZFzh3/Z6ch9Y/EWXEHQ/AaRN0SkKq4t2Jw2R2339tSXmwuVoY7LLlBCbOIlx2myP/L5zk0g==

is-regex@^1.0.4, is-regex@^1.0.5:
  version "1.0.5"
  resolved "https://registry.yarnpkg.com/is-regex/-/is-regex-1.0.5.tgz#39d589a358bf18967f726967120b8fc1aed74eae"
  integrity sha512-vlKW17SNq44owv5AQR3Cq0bQPEb8+kF3UKZ2fiZNOWtztYE5i0CzCZxFDwO58qAOWtxdBRVO/V5Qin1wjCqFYQ==
  dependencies:
    has "^1.0.3"

is-symbol@^1.0.2:
  version "1.0.3"
  resolved "https://registry.yarnpkg.com/is-symbol/-/is-symbol-1.0.3.tgz#38e1014b9e6329be0de9d24a414fd7441ec61937"
  integrity sha512-OwijhaRSgqvhm/0ZdAcXNZt9lYdKFpcRDT5ULUuYXPoT794UNOdU+gpT6Rzo7b4V2HUl/op6GqY894AZwv9faQ==
  dependencies:
    has-symbols "^1.0.1"

isarray@2.0.1:
  version "2.0.1"
  resolved "https://registry.yarnpkg.com/isarray/-/isarray-2.0.1.tgz#a37d94ed9cda2d59865c9f76fe596ee1f338741e"
  integrity sha1-o32U7ZzaLVmGXJ92/llu4fM4dB4=

jquery@^3.4.0:
  version "3.5.0"
  resolved "https://registry.yarnpkg.com/jquery/-/jquery-3.5.0.tgz#9980b97d9e4194611c36530e7dc46a58d7340fc9"
  integrity sha512-Xb7SVYMvygPxbFMpTFQiHh1J7HClEaThguL15N/Gg37Lri/qKyhRGZYzHRyLH8Stq3Aow0LsHO2O2ci86fCrNQ==

"js-tokens@^3.0.0 || ^4.0.0":
  version "4.0.0"
  resolved "https://registry.yarnpkg.com/js-tokens/-/js-tokens-4.0.0.tgz#19203fb59991df98e3a287050d4647cdeaf32499"
  integrity sha512-RdJUflcE3cUzKiMqQgsCu06FPu9UdIJO0beYbPhHN4k6apgJtifcoCtT9bcxOpYBtpD2kCM6Sbzg4CausW/PKQ==

keyboard-key@^1.0.4:
  version "1.1.0"
  resolved "https://registry.yarnpkg.com/keyboard-key/-/keyboard-key-1.1.0.tgz#6f2e8e37fa11475bb1f1d65d5174f1b35653f5b7"
  integrity sha512-qkBzPTi3rlAKvX7k0/ub44sqOfXeLc/jcnGGmj5c7BJpU8eDrEVPyhCvNYAaoubbsLm9uGWwQJO1ytQK1a9/dQ==

lodash@^4.17.15:
  version "4.17.15"
  resolved "https://registry.yarnpkg.com/lodash/-/lodash-4.17.15.tgz#b447f6670a0455bbfeedd11392eff330ea097548"
  integrity sha512-8xOcRHvCjnocdS5cpwXQXVzmmh5e5+saE2QGoeQmbKmRS6J3VQppPOIt0MnmE+4xlZoumy0GPG0D0MVIQbNA1A==

loose-envify@^1.0.0, loose-envify@^1.1.0, loose-envify@^1.4.0:
  version "1.4.0"
  resolved "https://registry.yarnpkg.com/loose-envify/-/loose-envify-1.4.0.tgz#71ee51fa7be4caec1a63839f7e682d8132d30caf"
  integrity sha512-lyuxPGr/Wfhrlem2CL/UcnUc1zcqKAImBDzukY7Y5F/yQiNdko6+fRLevlw1HgMySw7f611UIY408EtxRSoK3Q==
  dependencies:
    js-tokens "^3.0.0 || ^4.0.0"

ms@2.0.0:
  version "2.0.0"
  resolved "https://registry.yarnpkg.com/ms/-/ms-2.0.0.tgz#5608aeadfc00be6c2901df5f9861788de0d597c8"
  integrity sha1-VgiurfwAvmwpAd9fmGF4jeDVl8g=

ms@^2.1.1:
  version "2.1.2"
  resolved "https://registry.yarnpkg.com/ms/-/ms-2.1.2.tgz#d09d1f357b443f493382a8eb3ccd183872ae6009"
  integrity sha512-sGkPx+VjMtmA6MX27oA4FBFELFCZZ4S4XqeGOXCv68tT+jb3vk/RyaKWP0PTKyWtmLSM0b+adUTEvbs1PEaH2w==

object-assign@^4.1.1:
  version "4.1.1"
  resolved "https://registry.yarnpkg.com/object-assign/-/object-assign-4.1.1.tgz#2109adc7965887cfc05cbbd442cac8bfbb360863"
  integrity sha1-IQmtx5ZYh8/AXLvUQsrIv7s2CGM=

object-component@0.0.3:
  version "0.0.3"
  resolved "https://registry.yarnpkg.com/object-component/-/object-component-0.0.3.tgz#f0c69aa50efc95b866c186f400a33769cb2f1291"
  integrity sha1-8MaapQ78lbhmwYb0AKM3acsvEpE=

object-inspect@^1.7.0:
  version "1.7.0"
  resolved "https://registry.yarnpkg.com/object-inspect/-/object-inspect-1.7.0.tgz#f4f6bd181ad77f006b5ece60bd0b6f398ff74a67"
  integrity sha512-a7pEHdh1xKIAgTySUGgLMx/xwDZskN1Ud6egYYN3EdRW4ZMPNEDUTF+hwy2LUC+Bl+SyLXANnwz/jyh/qutKUw==

object-is@^1.0.1:
  version "1.1.2"
  resolved "https://registry.yarnpkg.com/object-is/-/object-is-1.1.2.tgz#c5d2e87ff9e119f78b7a088441519e2eec1573b6"
  integrity sha512-5lHCz+0uufF6wZ7CRFWJN3hp8Jqblpgve06U5CMQ3f//6iDjPr2PEo9MWCjEssDsa+UZEL4PkFpr+BMop6aKzQ==
  dependencies:
    define-properties "^1.1.3"
    es-abstract "^1.17.5"

object-keys@^1.0.11, object-keys@^1.0.12, object-keys@^1.1.1:
  version "1.1.1"
  resolved "https://registry.yarnpkg.com/object-keys/-/object-keys-1.1.1.tgz#1c47f272df277f3b1daf061677d9c82e2322c60e"
  integrity sha512-NuAESUOUMrlIXOfHKzD6bpPu3tYt3xvjNdRIQ+FeT0lNb4K8WR70CaDxhuNguS2XG+GjkyMwOzsN5ZktImfhLA==

object.assign@^4.1.0:
  version "4.1.0"
  resolved "https://registry.yarnpkg.com/object.assign/-/object.assign-4.1.0.tgz#968bf1100d7956bb3ca086f006f846b3bc4008da"
  integrity sha512-exHJeq6kBKj58mqGyTQ9DFvrZC/eR6OwxzoM9YRoGBqrXYonaFyGiFMuc9VZrXf7DarreEwMpurG3dd+CNyW5w==
  dependencies:
    define-properties "^1.1.2"
    function-bind "^1.1.1"
    has-symbols "^1.0.0"
    object-keys "^1.0.11"

parseqs@0.0.5:
  version "0.0.5"
  resolved "https://registry.yarnpkg.com/parseqs/-/parseqs-0.0.5.tgz#d5208a3738e46766e291ba2ea173684921a8b89d"
  integrity sha1-1SCKNzjkZ2bikbouoXNoSSGouJ0=
  dependencies:
    better-assert "~1.0.0"

parseuri@0.0.5:
  version "0.0.5"
  resolved "https://registry.yarnpkg.com/parseuri/-/parseuri-0.0.5.tgz#80204a50d4dbb779bfdc6ebe2778d90e4bce320a"
  integrity sha1-gCBKUNTbt3m/3G6+J3jZDkvOMgo=
  dependencies:
    better-assert "~1.0.0"

popper.js@^1.14.4:
  version "1.16.1"
  resolved "https://registry.yarnpkg.com/popper.js/-/popper.js-1.16.1.tgz#2a223cb3dc7b6213d740e40372be40de43e65b1b"
  integrity sha512-Wb4p1J4zyFTbM+u6WuO4XstYx4Ky9Cewe4DWrel7B0w6VVICvPwdOpotjzcf6eD8TsckVnIMNONQyPIUFOUbCQ==

prettier@^2.0.5:
  version "2.0.5"
  resolved "https://registry.yarnpkg.com/prettier/-/prettier-2.0.5.tgz#d6d56282455243f2f92cc1716692c08aa31522d4"
  integrity sha512-7PtVymN48hGcO4fGjybyBSIWDsLU4H4XlvOHfq91pz9kkGlonzwTfYkaIEwiRg/dAJF9YlbsduBAgtYLi+8cFg==

prop-types@^15.6.1, prop-types@^15.6.2, prop-types@^15.7.2:
  version "15.7.2"
  resolved "https://registry.yarnpkg.com/prop-types/-/prop-types-15.7.2.tgz#52c41e75b8c87e72b9d9360e0206b99dcbffa6c5"
  integrity sha512-8QQikdH7//R2vurIJSutZ1smHYTcLpRWEOlHnzcWHmBYrOGUysKwSsrC89BCiFj3CbrfJ/nXFdJepOVrY1GCHQ==
  dependencies:
    loose-envify "^1.4.0"
    object-assign "^4.1.1"
    react-is "^16.8.1"

react-dom@^16.13.1:
  version "16.13.1"
  resolved "https://registry.yarnpkg.com/react-dom/-/react-dom-16.13.1.tgz#c1bd37331a0486c078ee54c4740720993b2e0e7f"
  integrity sha512-81PIMmVLnCNLO/fFOQxdQkvEq/+Hfpv24XNJfpyZhTRfO0QcmQIF/PgCa1zCOj2w1hrn12MFLyaJ/G0+Mxtfag==
  dependencies:
    loose-envify "^1.1.0"
    object-assign "^4.1.1"
    prop-types "^15.6.2"
    scheduler "^0.19.1"

react-is@^16.6.3, react-is@^16.8.1, react-is@^16.8.6:
  version "16.13.1"
  resolved "https://registry.yarnpkg.com/react-is/-/react-is-16.13.1.tgz#789729a4dc36de2999dc156dd6c1d9c18cea56a4"
  integrity sha512-24e6ynE2H+OKt4kqsOvNd8kBpV65zoxbA4BVsEOB3ARVWQki/DHzaUoC5KuON/BiccDaCCTZBuOcfZs70kR8bQ==

react-popper@^1.3.4:
  version "1.3.7"
  resolved "https://registry.yarnpkg.com/react-popper/-/react-popper-1.3.7.tgz#f6a3471362ef1f0d10a4963673789de1baca2324"
  integrity sha512-nmqYTx7QVjCm3WUZLeuOomna138R1luC4EqkW3hxJUrAe+3eNz3oFCLYdnPwILfn0mX1Ew2c3wctrjlUMYYUww==
  dependencies:
    "@babel/runtime" "^7.1.2"
    create-react-context "^0.3.0"
    deep-equal "^1.1.1"
    popper.js "^1.14.4"
    prop-types "^15.6.1"
    typed-styles "^0.0.7"
    warning "^4.0.2"

react@^16.13.1:
  version "16.13.1"
  resolved "https://registry.yarnpkg.com/react/-/react-16.13.1.tgz#2e818822f1a9743122c063d6410d85c1e3afe48e"
  integrity sha512-YMZQQq32xHLX0bz5Mnibv1/LHb3Sqzngu7xstSM+vrkE5Kzr9xE0yMByK5kMoTK30YVJE61WfbxIFFvfeDKT1w==
  dependencies:
    loose-envify "^1.1.0"
    object-assign "^4.1.1"
    prop-types "^15.6.2"

regenerator-runtime@^0.13.4:
  version "0.13.5"
  resolved "https://registry.yarnpkg.com/regenerator-runtime/-/regenerator-runtime-0.13.5.tgz#d878a1d094b4306d10b9096484b33ebd55e26697"
  integrity sha512-ZS5w8CpKFinUzOwW3c83oPeVXoNsrLsaCoLtJvAClH135j/R77RuymhiSErhm2lKcwSCIpmvIWSbDkIfAqKQlA==

regexp.prototype.flags@^1.2.0:
  version "1.3.0"
  resolved "https://registry.yarnpkg.com/regexp.prototype.flags/-/regexp.prototype.flags-1.3.0.tgz#7aba89b3c13a64509dabcf3ca8d9fbb9bdf5cb75"
  integrity sha512-2+Q0C5g951OlYlJz6yu5/M33IcsESLlLfsyIaLJaG4FA2r4yP8MvVMJUUP/fVBkSpbbbZlS5gynbEWLipiiXiQ==
  dependencies:
    define-properties "^1.1.3"
    es-abstract "^1.17.0-next.1"

scheduler@^0.19.1:
  version "0.19.1"
  resolved "https://registry.yarnpkg.com/scheduler/-/scheduler-0.19.1.tgz#4f3e2ed2c1a7d65681f4c854fa8c5a1ccb40f196"
  integrity sha512-n/zwRWRYSUj0/3g/otKDRPMh6qv2SYMWNq85IEa8iZyAv8od9zDYpGSnpBEjNgcMNq6Scbu5KfIPxNF72R/2EA==
  dependencies:
    loose-envify "^1.1.0"
    object-assign "^4.1.1"

semantic-ui-react@^0.88.2:
  version "0.88.2"
  resolved "https://registry.yarnpkg.com/semantic-ui-react/-/semantic-ui-react-0.88.2.tgz#3d4b54f8b799769b412435c8531475fd34aa4149"
  integrity sha512-+02kN2z8PuA/cMdvDUsHhbJmBzxxgOXVHMFr9XK7zGb0wkW9A6OPQMFokWz7ozlVtKjN6r7zsb+Qvjk/qq1OWw==
  dependencies:
    "@babel/runtime" "^7.1.2"
    "@semantic-ui-react/event-stack" "^3.1.0"
    "@stardust-ui/react-component-event-listener" "~0.38.0"
    "@stardust-ui/react-component-ref" "~0.38.0"
    classnames "^2.2.6"
    keyboard-key "^1.0.4"
    lodash "^4.17.15"
    prop-types "^15.7.2"
    react-is "^16.8.6"
    react-popper "^1.3.4"
    shallowequal "^1.1.0"

shallowequal@^1.1.0:
  version "1.1.0"
  resolved "https://registry.yarnpkg.com/shallowequal/-/shallowequal-1.1.0.tgz#188d521de95b9087404fd4dcb68b13df0ae4e7f8"
  integrity sha512-y0m1JoUZSlPAjXVtPPW70aZWfIL/dSP7AFkRnniLCrK/8MDKog3TySTBmckD+RObVxH0v4Tox67+F14PdED2oQ==

socket.io-client@^2.3.0:
  version "2.3.0"
  resolved "https://registry.yarnpkg.com/socket.io-client/-/socket.io-client-2.3.0.tgz#14d5ba2e00b9bcd145ae443ab96b3f86cbcc1bb4"
  integrity sha512-cEQQf24gET3rfhxZ2jJ5xzAOo/xhZwK+mOqtGRg5IowZsMgwvHwnf/mCRapAAkadhM26y+iydgwsXGObBB5ZdA==
  dependencies:
    backo2 "1.0.2"
    base64-arraybuffer "0.1.5"
    component-bind "1.0.0"
    component-emitter "1.2.1"
    debug "~4.1.0"
    engine.io-client "~3.4.0"
    has-binary2 "~1.0.2"
    has-cors "1.1.0"
    indexof "0.0.1"
    object-component "0.0.3"
    parseqs "0.0.5"
    parseuri "0.0.5"
    socket.io-parser "~3.3.0"
    to-array "0.1.4"

socket.io-parser@~3.3.0:
  version "3.3.0"
  resolved "https://registry.yarnpkg.com/socket.io-parser/-/socket.io-parser-3.3.0.tgz#2b52a96a509fdf31440ba40fed6094c7d4f1262f"
  integrity sha512-hczmV6bDgdaEbVqhAeVMM/jfUfzuEZHsQg6eOmLgJht6G3mPKMxYm75w2+qhAQZ+4X+1+ATZ+QFKeOZD5riHng==
  dependencies:
    component-emitter "1.2.1"
    debug "~3.1.0"
    isarray "2.0.1"

string.prototype.trimend@^1.0.0:
  version "1.0.1"
  resolved "https://registry.yarnpkg.com/string.prototype.trimend/-/string.prototype.trimend-1.0.1.tgz#85812a6b847ac002270f5808146064c995fb6913"
  integrity sha512-LRPxFUaTtpqYsTeNKaFOw3R4bxIzWOnbQ837QfBylo8jIxtcbK/A/sMV7Q+OAV/vWo+7s25pOE10KYSjaSO06g==
  dependencies:
    define-properties "^1.1.3"
    es-abstract "^1.17.5"

string.prototype.trimleft@^2.1.1:
  version "2.1.2"
  resolved "https://registry.yarnpkg.com/string.prototype.trimleft/-/string.prototype.trimleft-2.1.2.tgz#4408aa2e5d6ddd0c9a80739b087fbc067c03b3cc"
  integrity sha512-gCA0tza1JBvqr3bfAIFJGqfdRTyPae82+KTnm3coDXkZN9wnuW3HjGgN386D7hfv5CHQYCI022/rJPVlqXyHSw==
  dependencies:
    define-properties "^1.1.3"
    es-abstract "^1.17.5"
    string.prototype.trimstart "^1.0.0"

string.prototype.trimright@^2.1.1:
  version "2.1.2"
  resolved "https://registry.yarnpkg.com/string.prototype.trimright/-/string.prototype.trimright-2.1.2.tgz#c76f1cef30f21bbad8afeb8db1511496cfb0f2a3"
  integrity sha512-ZNRQ7sY3KroTaYjRS6EbNiiHrOkjihL9aQE/8gfQ4DtAC/aEBRHFJa44OmoWxGGqXuJlfKkZW4WcXErGr+9ZFg==
  dependencies:
    define-properties "^1.1.3"
    es-abstract "^1.17.5"
    string.prototype.trimend "^1.0.0"

string.prototype.trimstart@^1.0.0:
  version "1.0.1"
  resolved "https://registry.yarnpkg.com/string.prototype.trimstart/-/string.prototype.trimstart-1.0.1.tgz#14af6d9f34b053f7cfc89b72f8f2ee14b9039a54"
  integrity sha512-XxZn+QpvrBI1FOcg6dIpxUPgWCPuNXvMD72aaRaUQv1eD4e/Qy8i/hFTe0BUmD60p/QA6bh1avmuPTfNjqVWRw==
  dependencies:
    define-properties "^1.1.3"
    es-abstract "^1.17.5"

to-array@0.1.4:
  version "0.1.4"
  resolved "https://registry.yarnpkg.com/to-array/-/to-array-0.1.4.tgz#17e6c11f73dd4f3d74cda7a4ff3238e9ad9bf890"
  integrity sha1-F+bBH3PdTz10zaek/zI46a2b+JA=

typed-styles@^0.0.7:
  version "0.0.7"
  resolved "https://registry.yarnpkg.com/typed-styles/-/typed-styles-0.0.7.tgz#93392a008794c4595119ff62dde6809dbc40a3d9"
  integrity sha512-pzP0PWoZUhsECYjABgCGQlRGL1n7tOHsgwYv3oIiEpJwGhFTuty/YNeduxQYzXXa3Ge5BdT6sHYIQYpl4uJ+5Q==

warning@^4.0.2, warning@^4.0.3:
  version "4.0.3"
  resolved "https://registry.yarnpkg.com/warning/-/warning-4.0.3.tgz#16e9e077eb8a86d6af7d64aa1e05fd85b4678ca3"
  integrity sha512-rpJyN222KWIvHJ/F53XSZv0Zl/accqHR8et1kpaMTD/fLCRxtV8iX8czMzY7sVZupTI3zcUTg8eycS2kNF9l6w==
  dependencies:
    loose-envify "^1.0.0"

ws@~6.1.0:
  version "6.1.4"
  resolved "https://registry.yarnpkg.com/ws/-/ws-6.1.4.tgz#5b5c8800afab925e94ccb29d153c8d02c1776ef9"
  integrity sha512-eqZfL+NE/YQc1/ZynhojeV8q+H050oR8AZ2uIev7RU10svA9ZnJUddHcOUZTJLinZ9yEfdA2kSATS2qZK5fhJA==
  dependencies:
    async-limiter "~1.0.0"

xmlhttprequest-ssl@~1.5.4:
  version "1.5.5"
  resolved "https://registry.yarnpkg.com/xmlhttprequest-ssl/-/xmlhttprequest-ssl-1.5.5.tgz#c2876b06168aadc40e57d97e81191ac8f4398b3e"
  integrity sha1-wodrBhaKrcQOV9l+gRkayPQ5iz4=

yeast@0.1.2:
  version "0.1.2"
  resolved "https://registry.yarnpkg.com/yeast/-/yeast-0.1.2.tgz#008e06d8094320c372dbc2f8ed76a0ca6c8ac419"
  integrity sha1-AI4G2AlDIMNy28L47XagymyKxBk=
